
Microsoft Visual Studio Solution File, Format Version 12.00
# Visual Studio 2012
Project("{FAE04EC0-301F-11D3-BF4B-00C04F79EFBC}") = "Smartrac.SmartCosmos.Profiles.PlatformAvailability", "..\..\Libraries\Smartrac.SmartCosmos.Profiles.PlatformAvailability\Smartrac.SmartCosmos.Profiles.PlatformAvailability.csproj", "{5617DFBD-0CCB-4FE8-9871-40C680EAAE26}"
EndProject
Project("{FAE04EC0-301F-11D3-BF4B-00C04F79EFBC}") = "Smartrac.SmartCosmos.Profiles.TagMetadata", "..\..\Libraries\Smartrac.SmartCosmos.Profiles.TagMetadata\Smartrac.SmartCosmos.Profiles.TagMetadata.csproj", "{EF7A70AC-3269-430F-9966-F00C08263AEB}"
EndProject
Project("{FAE04EC0-301F-11D3-BF4B-00C04F79EFBC}") = "Smartrac.SmartCosmos.ClientEndpoint.Base", "..\..\Libraries\Smartrac.SmartCosmos.ClientEndpoint.Base\Smartrac.SmartCosmos.ClientEndpoint.Base.csproj", "{F0E26F53-5847-42D0-B16F-2DBD1952E452}"
EndProject
Project("{FAE04EC0-301F-11D3-BF4B-00C04F79EFBC}") = "Smartrac.SmartCosmos.ClientEndpoint.BaseObject", "..\..\Libraries\Smartrac.SmartCosmos.ClientEndpoint.BaseObject\Smartrac.SmartCosmos.ClientEndpoint.BaseObject.csproj", "{28E0FA25-18DA-4C11-83CD-92A36DDD060B}"
EndProject
Project("{FAE04EC0-301F-11D3-BF4B-00C04F79EFBC}") = "Smartrac.SmartCosmos.Profiles.DataImport", "..\..\Libraries\Smartrac.SmartCosmos.Profiles.DataImport\Smartrac.SmartCosmos.Profiles.DataImport.csproj", "{0A933DFB-C8E8-403C-9A6D-D152871E366C}"
EndProject
Project("{FAE04EC0-301F-11D3-BF4B-00C04F79EFBC}") = "Smartrac.SmartCosmos.Profiles.TagVerification", "..\..\Libraries\Smartrac.SmartCosmos.Profiles.TagVerification\Smartrac.SmartCosmos.Profiles.TagVerification.csproj", "{83E86795-1EB5-4135-BF50-6573B1780542}"
EndProject
Project("{FAE04EC0-301F-11D3-BF4B-00C04F79EFBC}") = "Smartrac.Logging.File", "..\..\Libraries\Smartrac.Logging.File\Smartrac.Logging.File.csproj", "{C342D48D-A37D-486C-9B63-6333600445B2}"
EndProject
Project("{FAE04EC0-301F-11D3-BF4B-00C04F79EFBC}") = "Smartrac.Logging", "..\..\Libraries\Smartrac.Logging\Smartrac.Logging.csproj", "{73BA0972-769B-4B84-9A21-9CF545A14A03}"
EndProject
Project("{FAE04EC0-301F-11D3-BF4B-00C04F79EFBC}") = "Smartrac.Logging.Console", "..\..\Libraries\Smartrac.Logging.Console\Smartrac.Logging.Console.csproj", "{F50C4ADC-6A33-4644-B608-2B2584BF15CE}"
EndProject
Project("{FAE04EC0-301F-11D3-BF4B-00C04F79EFBC}") = "Smartrac.Base", "..\..\Libraries\Smartrac.Base\Smartrac.Base.csproj", "{FC09830C-0F35-4FC3-85BF-0B43FCB91F06}"
EndProject
Project("{FAE04EC0-301F-11D3-BF4B-00C04F79EFBC}") = "Smartrac.SmartCosmos.Profiles.Base", "..\..\Libraries\Smartrac.SmartCosmos.Profiles.Base\Smartrac.SmartCosmos.Profiles.Base.csproj", "{90B0FB18-9350-4F44-A7C2-84CDFB1361BE}"
EndProject
Project("{FAE04EC0-301F-11D3-BF4B-00C04F79EFBC}") = "Smartrac.SmartCosmos.Profiles.DataContext", "..\..\Libraries\Smartrac.SmartCosmos.Profiles.DataContext\Smartrac.SmartCosmos.Profiles.DataContext.csproj", "{D3A5DB54-FD8F-4C15-8E1D-E0A10C55465C}"
EndProject
Global
	GlobalSection(SolutionConfigurationPlatforms) = preSolution
		Debug|Any CPU = Debug|Any CPU
		Debug|x64 = Debug|x64
		Debug|x86 = Debug|x86
		Release|Any CPU = Release|Any CPU
		Release|x64 = Release|x64
		Release|x86 = Release|x86
	EndGlobalSection
	GlobalSection(ProjectConfigurationPlatforms) = postSolution
		{5617DFBD-0CCB-4FE8-9871-40C680EAAE26}.Debug|Any CPU.ActiveCfg = Debug|Any CPU
		{5617DFBD-0CCB-4FE8-9871-40C680EAAE26}.Debug|Any CPU.Build.0 = Debug|Any CPU
		{5617DFBD-0CCB-4FE8-9871-40C680EAAE26}.Debug|x64.ActiveCfg = Debug|x64
		{5617DFBD-0CCB-4FE8-9871-40C680EAAE26}.Debug|x64.Build.0 = Debug|x64
		{5617DFBD-0CCB-4FE8-9871-40C680EAAE26}.Debug|x86.ActiveCfg = Debug|x86
		{5617DFBD-0CCB-4FE8-9871-40C680EAAE26}.Debug|x86.Build.0 = Debug|x86
		{5617DFBD-0CCB-4FE8-9871-40C680EAAE26}.Release|Any CPU.ActiveCfg = Release|Any CPU
		{5617DFBD-0CCB-4FE8-9871-40C680EAAE26}.Release|Any CPU.Build.0 = Release|Any CPU
		{5617DFBD-0CCB-4FE8-9871-40C680EAAE26}.Release|x64.ActiveCfg = Release|x64
		{5617DFBD-0CCB-4FE8-9871-40C680EAAE26}.Release|x64.Build.0 = Release|x64
		{5617DFBD-0CCB-4FE8-9871-40C680EAAE26}.Release|x86.ActiveCfg = Release|x86
		{5617DFBD-0CCB-4FE8-9871-40C680EAAE26}.Release|x86.Build.0 = Release|x86
		{EF7A70AC-3269-430F-9966-F00C08263AEB}.Debug|Any CPU.ActiveCfg = Debug|Any CPU
		{EF7A70AC-3269-430F-9966-F00C08263AEB}.Debug|Any CPU.Build.0 = Debug|Any CPU
		{EF7A70AC-3269-430F-9966-F00C08263AEB}.Debug|x64.ActiveCfg = Debug|x64
		{EF7A70AC-3269-430F-9966-F00C08263AEB}.Debug|x64.Build.0 = Debug|x64
		{EF7A70AC-3269-430F-9966-F00C08263AEB}.Debug|x86.ActiveCfg = Debug|x86
		{EF7A70AC-3269-430F-9966-F00C08263AEB}.Debug|x86.Build.0 = Debug|x86
		{EF7A70AC-3269-430F-9966-F00C08263AEB}.Release|Any CPU.ActiveCfg = Release|Any CPU
		{EF7A70AC-3269-430F-9966-F00C08263AEB}.Release|Any CPU.Build.0 = Release|Any CPU
		{EF7A70AC-3269-430F-9966-F00C08263AEB}.Release|x64.ActiveCfg = Release|x64
		{EF7A70AC-3269-430F-9966-F00C08263AEB}.Release|x64.Build.0 = Release|x64
		{EF7A70AC-3269-430F-9966-F00C08263AEB}.Release|x86.ActiveCfg = Release|x86
		{EF7A70AC-3269-430F-9966-F00C08263AEB}.Release|x86.Build.0 = Release|x86
		{F0E26F53-5847-42D0-B16F-2DBD1952E452}.Debug|Any CPU.ActiveCfg = Debug|Any CPU
		{F0E26F53-5847-42D0-B16F-2DBD1952E452}.Debug|Any CPU.Build.0 = Debug|Any CPU
		{F0E26F53-5847-42D0-B16F-2DBD1952E452}.Debug|x64.ActiveCfg = Debug|x64
		{F0E26F53-5847-42D0-B16F-2DBD1952E452}.Debug|x64.Build.0 = Debug|x64
		{F0E26F53-5847-42D0-B16F-2DBD1952E452}.Debug|x86.ActiveCfg = Debug|x86
		{F0E26F53-5847-42D0-B16F-2DBD1952E452}.Debug|x86.Build.0 = Debug|x86
		{F0E26F53-5847-42D0-B16F-2DBD1952E452}.Release|Any CPU.ActiveCfg = Release|Any CPU
		{F0E26F53-5847-42D0-B16F-2DBD1952E452}.Release|Any CPU.Build.0 = Release|Any CPU
		{F0E26F53-5847-42D0-B16F-2DBD1952E452}.Release|x64.ActiveCfg = Release|x64
		{F0E26F53-5847-42D0-B16F-2DBD1952E452}.Release|x64.Build.0 = Release|x64
		{F0E26F53-5847-42D0-B16F-2DBD1952E452}.Release|x86.ActiveCfg = Release|x86
		{F0E26F53-5847-42D0-B16F-2DBD1952E452}.Release|x86.Build.0 = Release|x86
		{28E0FA25-18DA-4C11-83CD-92A36DDD060B}.Debug|Any CPU.ActiveCfg = Debug|Any CPU
		{28E0FA25-18DA-4C11-83CD-92A36DDD060B}.Debug|Any CPU.Build.0 = Debug|Any CPU
		{28E0FA25-18DA-4C11-83CD-92A36DDD060B}.Debug|x64.ActiveCfg = Debug|x64
		{28E0FA25-18DA-4C11-83CD-92A36DDD060B}.Debug|x64.Build.0 = Debug|x64
		{28E0FA25-18DA-4C11-83CD-92A36DDD060B}.Debug|x86.ActiveCfg = Debug|x86
		{28E0FA25-18DA-4C11-83CD-92A36DDD060B}.Debug|x86.Build.0 = Debug|x86
		{28E0FA25-18DA-4C11-83CD-92A36DDD060B}.Release|Any CPU.ActiveCfg = Release|Any CPU
		{28E0FA25-18DA-4C11-83CD-92A36DDD060B}.Release|Any CPU.Build.0 = Release|Any CPU
		{28E0FA25-18DA-4C11-83CD-92A36DDD060B}.Release|x64.ActiveCfg = Release|x64
		{28E0FA25-18DA-4C11-83CD-92A36DDD060B}.Release|x64.Build.0 = Release|x64
		{28E0FA25-18DA-4C11-83CD-92A36DDD060B}.Release|x86.ActiveCfg = Release|x86
		{28E0FA25-18DA-4C11-83CD-92A36DDD060B}.Release|x86.Build.0 = Release|x86
		{0A933DFB-C8E8-403C-9A6D-D152871E366C}.Debug|Any CPU.ActiveCfg = Debug|Any CPU
		{0A933DFB-C8E8-403C-9A6D-D152871E366C}.Debug|Any CPU.Build.0 = Debug|Any CPU
		{0A933DFB-C8E8-403C-9A6D-D152871E366C}.Debug|x64.ActiveCfg = Debug|x64
		{0A933DFB-C8E8-403C-9A6D-D152871E366C}.Debug|x64.Build.0 = Debug|x64
		{0A933DFB-C8E8-403C-9A6D-D152871E366C}.Debug|x86.ActiveCfg = Debug|x86
		{0A933DFB-C8E8-403C-9A6D-D152871E366C}.Debug|x86.Build.0 = Debug|x86
		{0A933DFB-C8E8-403C-9A6D-D152871E366C}.Release|Any CPU.ActiveCfg = Release|Any CPU
		{0A933DFB-C8E8-403C-9A6D-D152871E366C}.Release|Any CPU.Build.0 = Release|Any CPU
		{0A933DFB-C8E8-403C-9A6D-D152871E366C}.Release|x64.ActiveCfg = Release|x64
		{0A933DFB-C8E8-403C-9A6D-D152871E366C}.Release|x64.Build.0 = Release|x64
		{0A933DFB-C8E8-403C-9A6D-D152871E366C}.Release|x86.ActiveCfg = Release|x86
		{0A933DFB-C8E8-403C-9A6D-D152871E366C}.Release|x86.Build.0 = Release|x86
		{83E86795-1EB5-4135-BF50-6573B1780542}.Debug|Any CPU.ActiveCfg = Debug|Any CPU
		{83E86795-1EB5-4135-BF50-6573B1780542}.Debug|Any CPU.Build.0 = Debug|Any CPU
		{83E86795-1EB5-4135-BF50-6573B1780542}.Debug|x64.ActiveCfg = Debug|x64
		{83E86795-1EB5-4135-BF50-6573B1780542}.Debug|x64.Build.0 = Debug|x64
		{83E86795-1EB5-4135-BF50-6573B1780542}.Debug|x86.ActiveCfg = Debug|x86
		{83E86795-1EB5-4135-BF50-6573B1780542}.Debug|x86.Build.0 = Debug|x86
		{83E86795-1EB5-4135-BF50-6573B1780542}.Release|Any CPU.ActiveCfg = Release|Any CPU
		{83E86795-1EB5-4135-BF50-6573B1780542}.Release|Any CPU.Build.0 = Release|Any CPU
		{83E86795-1EB5-4135-BF50-6573B1780542}.Release|x64.ActiveCfg = Release|x64
		{83E86795-1EB5-4135-BF50-6573B1780542}.Release|x64.Build.0 = Release|x64
		{83E86795-1EB5-4135-BF50-6573B1780542}.Release|x86.ActiveCfg = Release|x86
		{83E86795-1EB5-4135-BF50-6573B1780542}.Release|x86.Build.0 = Release|x86
		{C342D48D-A37D-486C-9B63-6333600445B2}.Debug|Any CPU.ActiveCfg = Debug|Any CPU
		{C342D48D-A37D-486C-9B63-6333600445B2}.Debug|Any CPU.Build.0 = Debug|Any CPU
		{C342D48D-A37D-486C-9B63-6333600445B2}.Debug|x64.ActiveCfg = Debug|x64
		{C342D48D-A37D-486C-9B63-6333600445B2}.Debug|x64.Build.0 = Debug|x64
		{C342D48D-A37D-486C-9B63-6333600445B2}.Debug|x86.ActiveCfg = Debug|x86
		{C342D48D-A37D-486C-9B63-6333600445B2}.Debug|x86.Build.0 = Debug|x86
		{C342D48D-A37D-486C-9B63-6333600445B2}.Release|Any CPU.ActiveCfg = Release|Any CPU
		{C342D48D-A37D-486C-9B63-6333600445B2}.Release|Any CPU.Build.0 = Release|Any CPU
		{C342D48D-A37D-486C-9B63-6333600445B2}.Release|x64.ActiveCfg = Release|x64
		{C342D48D-A37D-486C-9B63-6333600445B2}.Release|x64.Build.0 = Release|x64
		{C342D48D-A37D-486C-9B63-6333600445B2}.Release|x86.ActiveCfg = Release|x86
		{C342D48D-A37D-486C-9B63-6333600445B2}.Release|x86.Build.0 = Release|x86
		{73BA0972-769B-4B84-9A21-9CF545A14A03}.Debug|Any CPU.ActiveCfg = Debug|Any CPU
		{73BA0972-769B-4B84-9A21-9CF545A14A03}.Debug|Any CPU.Build.0 = Debug|Any CPU
		{73BA0972-769B-4B84-9A21-9CF545A14A03}.Debug|x64.ActiveCfg = Debug|x64
		{73BA0972-769B-4B84-9A21-9CF545A14A03}.Debug|x64.Build.0 = Debug|x64
		{73BA0972-769B-4B84-9A21-9CF545A14A03}.Debug|x86.ActiveCfg = Debug|x86
		{73BA0972-769B-4B84-9A21-9CF545A14A03}.Debug|x86.Build.0 = Debug|x86
		{73BA0972-769B-4B84-9A21-9CF545A14A03}.Release|Any CPU.ActiveCfg = Release|Any CPU
		{73BA0972-769B-4B84-9A21-9CF545A14A03}.Release|Any CPU.Build.0 = Release|Any CPU
		{73BA0972-769B-4B84-9A21-9CF545A14A03}.Release|x64.ActiveCfg = Release|x64
		{73BA0972-769B-4B84-9A21-9CF545A14A03}.Release|x64.Build.0 = Release|x64
		{73BA0972-769B-4B84-9A21-9CF545A14A03}.Release|x86.ActiveCfg = Release|x86
		{73BA0972-769B-4B84-9A21-9CF545A14A03}.Release|x86.Build.0 = Release|x86
		{F50C4ADC-6A33-4644-B608-2B2584BF15CE}.Debug|Any CPU.ActiveCfg = Debug|Any CPU
		{F50C4ADC-6A33-4644-B608-2B2584BF15CE}.Debug|Any CPU.Build.0 = Debug|Any CPU
		{F50C4ADC-6A33-4644-B608-2B2584BF15CE}.Debug|x64.ActiveCfg = Debug|x64
		{F50C4ADC-6A33-4644-B608-2B2584BF15CE}.Debug|x64.Build.0 = Debug|x64
		{F50C4ADC-6A33-4644-B608-2B2584BF15CE}.Debug|x86.ActiveCfg = Debug|x86
		{F50C4ADC-6A33-4644-B608-2B2584BF15CE}.Debug|x86.Build.0 = Debug|x86
		{F50C4ADC-6A33-4644-B608-2B2584BF15CE}.Release|Any CPU.ActiveCfg = Release|Any CPU
		{F50C4ADC-6A33-4644-B608-2B2584BF15CE}.Release|Any CPU.Build.0 = Release|Any CPU
		{F50C4ADC-6A33-4644-B608-2B2584BF15CE}.Release|x64.ActiveCfg = Release|x64
		{F50C4ADC-6A33-4644-B608-2B2584BF15CE}.Release|x64.Build.0 = Release|x64
		{F50C4ADC-6A33-4644-B608-2B2584BF15CE}.Release|x86.ActiveCfg = Release|x86
		{F50C4ADC-6A33-4644-B608-2B2584BF15CE}.Release|x86.Build.0 = Release|x86
		{FC09830C-0F35-4FC3-85BF-0B43FCB91F06}.Debug|Any CPU.ActiveCfg = Debug|Any CPU
		{FC09830C-0F35-4FC3-85BF-0B43FCB91F06}.Debug|Any CPU.Build.0 = Debug|Any CPU
		{FC09830C-0F35-4FC3-85BF-0B43FCB91F06}.Debug|x64.ActiveCfg = Debug|x64
		{FC09830C-0F35-4FC3-85BF-0B43FCB91F06}.Debug|x64.Build.0 = Debug|x64
		{FC09830C-0F35-4FC3-85BF-0B43FCB91F06}.Debug|x86.ActiveCfg = Debug|x86
		{FC09830C-0F35-4FC3-85BF-0B43FCB91F06}.Debug|x86.Build.0 = Debug|x86
		{FC09830C-0F35-4FC3-85BF-0B43FCB91F06}.Release|Any CPU.ActiveCfg = Release|Any CPU
		{FC09830C-0F35-4FC3-85BF-0B43FCB91F06}.Release|Any CPU.Build.0 = Release|Any CPU
		{FC09830C-0F35-4FC3-85BF-0B43FCB91F06}.Release|x64.ActiveCfg = Release|x64
		{FC09830C-0F35-4FC3-85BF-0B43FCB91F06}.Release|x64.Build.0 = Release|x64
		{FC09830C-0F35-4FC3-85BF-0B43FCB91F06}.Release|x86.ActiveCfg = Release|x86
		{FC09830C-0F35-4FC3-85BF-0B43FCB91F06}.Release|x86.Build.0 = Release|x86
		{90B0FB18-9350-4F44-A7C2-84CDFB1361BE}.Debug|Any CPU.ActiveCfg = Debug|Any CPU
		{90B0FB18-9350-4F44-A7C2-84CDFB1361BE}.Debug|Any CPU.Build.0 = Debug|Any CPU
		{90B0FB18-9350-4F44-A7C2-84CDFB1361BE}.Debug|x64.ActiveCfg = Debug|x64
		{90B0FB18-9350-4F44-A7C2-84CDFB1361BE}.Debug|x64.Build.0 = Debug|x64
		{90B0FB18-9350-4F44-A7C2-84CDFB1361BE}.Debug|x86.ActiveCfg = Debug|x86
		{90B0FB18-9350-4F44-A7C2-84CDFB1361BE}.Debug|x86.Build.0 = Debug|x86
		{90B0FB18-9350-4F44-A7C2-84CDFB1361BE}.Release|Any CPU.ActiveCfg = Release|Any CPU
		{90B0FB18-9350-4F44-A7C2-84CDFB1361BE}.Release|Any CPU.Build.0 = Release|Any CPU
		{90B0FB18-9350-4F44-A7C2-84CDFB1361BE}.Release|x64.ActiveCfg = Release|x64
		{90B0FB18-9350-4F44-A7C2-84CDFB1361BE}.Release|x64.Build.0 = Release|x64
		{90B0FB18-9350-4F44-A7C2-84CDFB1361BE}.Release|x86.ActiveCfg = Release|x86
		{90B0FB18-9350-4F44-A7C2-84CDFB1361BE}.Release|x86.Build.0 = Release|x86
		{D3A5DB54-FD8F-4C15-8E1D-E0A10C55465C}.Debug|Any CPU.ActiveCfg = Debug|Any CPU
		{D3A5DB54-FD8F-4C15-8E1D-E0A10C55465C}.Debug|Any CPU.Build.0 = Debug|Any CPU
		{D3A5DB54-FD8F-4C15-8E1D-E0A10C55465C}.Debug|x64.ActiveCfg = Debug|x64
		{D3A5DB54-FD8F-4C15-8E1D-E0A10C55465C}.Debug|x64.Build.0 = Debug|x64
		{D3A5DB54-FD8F-4C15-8E1D-E0A10C55465C}.Debug|x86.ActiveCfg = Debug|x86
		{D3A5DB54-FD8F-4C15-8E1D-E0A10C55465C}.Debug|x86.Build.0 = Debug|x86
		{D3A5DB54-FD8F-4C15-8E1D-E0A10C55465C}.Release|Any CPU.ActiveCfg = Release|Any CPU
		{D3A5DB54-FD8F-4C15-8E1D-E0A10C55465C}.Release|Any CPU.Build.0 = Release|Any CPU
		{D3A5DB54-FD8F-4C15-8E1D-E0A10C55465C}.Release|x64.ActiveCfg = Release|x64
		{D3A5DB54-FD8F-4C15-8E1D-E0A10C55465C}.Release|x64.Build.0 = Release|x64
		{D3A5DB54-FD8F-4C15-8E1D-E0A10C55465C}.Release|x86.ActiveCfg = Release|x86
		{D3A5DB54-FD8F-4C15-8E1D-E0A10C55465C}.Release|x86.Build.0 = Release|x86
	EndGlobalSection
	GlobalSection(SolutionProperties) = preSolution
		HideSolutionNode = FALSE
	EndGlobalSection
EndGlobal
