
Microsoft Visual Studio Solution File, Format Version 12.00
# Visual Studio 2012
Project("{FAE04EC0-301F-11D3-BF4B-00C04F79EFBC}") = "Smartrac.SmartCosmos.ClientEndpoint.TagMetadata", "Smartrac.SmartCosmos.ClientEndpoint.TagMetadata.csproj", "{EF7A70AC-3269-430F-9966-F00C08263AEB}"
EndProject
Global
	GlobalSection(SolutionConfigurationPlatforms) = preSolution
		Debug|Any CPU = Debug|Any CPU
		Debug|x64 = Debug|x64
		Debug|x86 = Debug|x86
		DebugLocal|Any CPU = DebugLocal|Any CPU
		DebugLocal|x64 = DebugLocal|x64
		DebugLocal|x86 = DebugLocal|x86
		Release|Any CPU = Release|Any CPU
		Release|x64 = Release|x64
		Release|x86 = Release|x86
		ReleaseLocal|Any CPU = ReleaseLocal|Any CPU
		ReleaseLocal|x64 = ReleaseLocal|x64
		ReleaseLocal|x86 = ReleaseLocal|x86
	EndGlobalSection
	GlobalSection(ProjectConfigurationPlatforms) = postSolution
		{EF7A70AC-3269-430F-9966-F00C08263AEB}.Debug|Any CPU.ActiveCfg = Debug|Any CPU
		{EF7A70AC-3269-430F-9966-F00C08263AEB}.Debug|Any CPU.Build.0 = Debug|Any CPU
		{EF7A70AC-3269-430F-9966-F00C08263AEB}.Debug|x64.ActiveCfg = Debug|x64
		{EF7A70AC-3269-430F-9966-F00C08263AEB}.Debug|x64.Build.0 = Debug|x64
		{EF7A70AC-3269-430F-9966-F00C08263AEB}.Debug|x86.ActiveCfg = Debug|x86
		{EF7A70AC-3269-430F-9966-F00C08263AEB}.Debug|x86.Build.0 = Debug|x86
		{EF7A70AC-3269-430F-9966-F00C08263AEB}.DebugLocal|Any CPU.ActiveCfg = DebugLocal|Any CPU
		{EF7A70AC-3269-430F-9966-F00C08263AEB}.DebugLocal|Any CPU.Build.0 = DebugLocal|Any CPU
		{EF7A70AC-3269-430F-9966-F00C08263AEB}.DebugLocal|x64.ActiveCfg = DebugLocal|x64
		{EF7A70AC-3269-430F-9966-F00C08263AEB}.DebugLocal|x64.Build.0 = DebugLocal|x64
		{EF7A70AC-3269-430F-9966-F00C08263AEB}.DebugLocal|x86.ActiveCfg = DebugLocal|x86
		{EF7A70AC-3269-430F-9966-F00C08263AEB}.DebugLocal|x86.Build.0 = DebugLocal|x86
		{EF7A70AC-3269-430F-9966-F00C08263AEB}.Release|Any CPU.ActiveCfg = Release|Any CPU
		{EF7A70AC-3269-430F-9966-F00C08263AEB}.Release|Any CPU.Build.0 = Release|Any CPU
		{EF7A70AC-3269-430F-9966-F00C08263AEB}.Release|x64.ActiveCfg = Release|x64
		{EF7A70AC-3269-430F-9966-F00C08263AEB}.Release|x64.Build.0 = Release|x64
		{EF7A70AC-3269-430F-9966-F00C08263AEB}.Release|x86.ActiveCfg = Release|x86
		{EF7A70AC-3269-430F-9966-F00C08263AEB}.Release|x86.Build.0 = Release|x86
		{EF7A70AC-3269-430F-9966-F00C08263AEB}.ReleaseLocal|Any CPU.ActiveCfg = ReleaseLocal|Any CPU
		{EF7A70AC-3269-430F-9966-F00C08263AEB}.ReleaseLocal|Any CPU.Build.0 = ReleaseLocal|Any CPU
		{EF7A70AC-3269-430F-9966-F00C08263AEB}.ReleaseLocal|x64.ActiveCfg = ReleaseLocal|x64
		{EF7A70AC-3269-430F-9966-F00C08263AEB}.ReleaseLocal|x64.Build.0 = ReleaseLocal|x64
		{EF7A70AC-3269-430F-9966-F00C08263AEB}.ReleaseLocal|x86.ActiveCfg = ReleaseLocal|x86
		{EF7A70AC-3269-430F-9966-F00C08263AEB}.ReleaseLocal|x86.Build.0 = ReleaseLocal|x86
	EndGlobalSection
	GlobalSection(SolutionProperties) = preSolution
		HideSolutionNode = FALSE
	EndGlobalSection
EndGlobal
