
Microsoft Visual Studio Solution File, Format Version 12.00
# Visual Studio 2012
Project("{FAE04EC0-301F-11D3-BF4B-00C04F79EFBC}") = "Smartrac.SmartCosmos.ClientEndpoint.Base", "Smartrac.SmartCosmos.ClientEndpoint.Base.csproj", "{F0E26F53-5847-42D0-B16F-2DBD1952E452}"
EndProject
Project("{FAE04EC0-301F-11D3-BF4B-00C04F79EFBC}") = "Smartrac.Logging", "..\Smartrac.Logging\Smartrac.Logging.csproj", "{73BA0972-769B-4B84-9A21-9CF545A14A03}"
EndProject
Project("{FAE04EC0-301F-11D3-BF4B-00C04F79EFBC}") = "Smartrac.SmartCosmos.ClientEndpoint.BaseObject", "..\Smartrac.SmartCosmos.ClientEndpoint.BaseObject\Smartrac.SmartCosmos.ClientEndpoint.BaseObject.csproj", "{28E0FA25-18DA-4C11-83CD-92A36DDD060B}"
EndProject
Global
	GlobalSection(SolutionConfigurationPlatforms) = preSolution
		Debug|Any CPU = Debug|Any CPU
		Debug|x64 = Debug|x64
		Debug|x86 = Debug|x86
		DebugLocal|Any CPU = DebugLocal|Any CPU
		DebugLocal|x64 = DebugLocal|x64
		DebugLocal|x86 = DebugLocal|x86
		Release|Any CPU = Release|Any CPU
		Release|x64 = Release|x64
		Release|x86 = Release|x86
		ReleaseLocal|Any CPU = ReleaseLocal|Any CPU
		ReleaseLocal|x64 = ReleaseLocal|x64
		ReleaseLocal|x86 = ReleaseLocal|x86
	EndGlobalSection
	GlobalSection(ProjectConfigurationPlatforms) = postSolution
		{F0E26F53-5847-42D0-B16F-2DBD1952E452}.Debug|Any CPU.ActiveCfg = Debug|Any CPU
		{F0E26F53-5847-42D0-B16F-2DBD1952E452}.Debug|Any CPU.Build.0 = Debug|Any CPU
		{F0E26F53-5847-42D0-B16F-2DBD1952E452}.Debug|x64.ActiveCfg = Debug|x64
		{F0E26F53-5847-42D0-B16F-2DBD1952E452}.Debug|x64.Build.0 = Debug|x64
		{F0E26F53-5847-42D0-B16F-2DBD1952E452}.Debug|x86.ActiveCfg = Debug|x86
		{F0E26F53-5847-42D0-B16F-2DBD1952E452}.Debug|x86.Build.0 = Debug|x86
		{F0E26F53-5847-42D0-B16F-2DBD1952E452}.DebugLocal|Any CPU.ActiveCfg = DebugLocal|x86
		{F0E26F53-5847-42D0-B16F-2DBD1952E452}.DebugLocal|Any CPU.Build.0 = DebugLocal|x86
		{F0E26F53-5847-42D0-B16F-2DBD1952E452}.DebugLocal|x64.ActiveCfg = DebugLocal|x64
		{F0E26F53-5847-42D0-B16F-2DBD1952E452}.DebugLocal|x64.Build.0 = DebugLocal|x64
		{F0E26F53-5847-42D0-B16F-2DBD1952E452}.DebugLocal|x86.ActiveCfg = DebugLocal|x86
		{F0E26F53-5847-42D0-B16F-2DBD1952E452}.DebugLocal|x86.Build.0 = DebugLocal|x86
		{F0E26F53-5847-42D0-B16F-2DBD1952E452}.Release|Any CPU.ActiveCfg = Release|Any CPU
		{F0E26F53-5847-42D0-B16F-2DBD1952E452}.Release|Any CPU.Build.0 = Release|Any CPU
		{F0E26F53-5847-42D0-B16F-2DBD1952E452}.Release|x64.ActiveCfg = Release|x64
		{F0E26F53-5847-42D0-B16F-2DBD1952E452}.Release|x64.Build.0 = Release|x64
		{F0E26F53-5847-42D0-B16F-2DBD1952E452}.Release|x86.ActiveCfg = Release|x86
		{F0E26F53-5847-42D0-B16F-2DBD1952E452}.Release|x86.Build.0 = Release|x86
		{F0E26F53-5847-42D0-B16F-2DBD1952E452}.ReleaseLocal|Any CPU.ActiveCfg = ReleaseLocal|x86
		{F0E26F53-5847-42D0-B16F-2DBD1952E452}.ReleaseLocal|Any CPU.Build.0 = ReleaseLocal|x86
		{F0E26F53-5847-42D0-B16F-2DBD1952E452}.ReleaseLocal|x64.ActiveCfg = ReleaseLocal|x64
		{F0E26F53-5847-42D0-B16F-2DBD1952E452}.ReleaseLocal|x64.Build.0 = ReleaseLocal|x64
		{F0E26F53-5847-42D0-B16F-2DBD1952E452}.ReleaseLocal|x86.ActiveCfg = ReleaseLocal|x86
		{F0E26F53-5847-42D0-B16F-2DBD1952E452}.ReleaseLocal|x86.Build.0 = ReleaseLocal|x86
		{73BA0972-769B-4B84-9A21-9CF545A14A03}.Debug|Any CPU.ActiveCfg = Debug|Any CPU
		{73BA0972-769B-4B84-9A21-9CF545A14A03}.Debug|Any CPU.Build.0 = Debug|Any CPU
		{73BA0972-769B-4B84-9A21-9CF545A14A03}.Debug|x64.ActiveCfg = Debug|x64
		{73BA0972-769B-4B84-9A21-9CF545A14A03}.Debug|x64.Build.0 = Debug|x64
		{73BA0972-769B-4B84-9A21-9CF545A14A03}.Debug|x86.ActiveCfg = Debug|x86
		{73BA0972-769B-4B84-9A21-9CF545A14A03}.Debug|x86.Build.0 = Debug|x86
		{73BA0972-769B-4B84-9A21-9CF545A14A03}.DebugLocal|Any CPU.ActiveCfg = Debug|Any CPU
		{73BA0972-769B-4B84-9A21-9CF545A14A03}.DebugLocal|Any CPU.Build.0 = Debug|Any CPU
		{73BA0972-769B-4B84-9A21-9CF545A14A03}.DebugLocal|x64.ActiveCfg = Debug|x64
		{73BA0972-769B-4B84-9A21-9CF545A14A03}.DebugLocal|x64.Build.0 = Debug|x64
		{73BA0972-769B-4B84-9A21-9CF545A14A03}.DebugLocal|x86.ActiveCfg = Debug|x86
		{73BA0972-769B-4B84-9A21-9CF545A14A03}.DebugLocal|x86.Build.0 = Debug|x86
		{73BA0972-769B-4B84-9A21-9CF545A14A03}.Release|Any CPU.ActiveCfg = Release|Any CPU
		{73BA0972-769B-4B84-9A21-9CF545A14A03}.Release|Any CPU.Build.0 = Release|Any CPU
		{73BA0972-769B-4B84-9A21-9CF545A14A03}.Release|x64.ActiveCfg = Release|x64
		{73BA0972-769B-4B84-9A21-9CF545A14A03}.Release|x64.Build.0 = Release|x64
		{73BA0972-769B-4B84-9A21-9CF545A14A03}.Release|x86.ActiveCfg = Release|x86
		{73BA0972-769B-4B84-9A21-9CF545A14A03}.Release|x86.Build.0 = Release|x86
		{73BA0972-769B-4B84-9A21-9CF545A14A03}.ReleaseLocal|Any CPU.ActiveCfg = ReleaseLocal|Any CPU
		{73BA0972-769B-4B84-9A21-9CF545A14A03}.ReleaseLocal|Any CPU.Build.0 = ReleaseLocal|Any CPU
		{73BA0972-769B-4B84-9A21-9CF545A14A03}.ReleaseLocal|x64.ActiveCfg = ReleaseLocal|x64
		{73BA0972-769B-4B84-9A21-9CF545A14A03}.ReleaseLocal|x64.Build.0 = ReleaseLocal|x64
		{73BA0972-769B-4B84-9A21-9CF545A14A03}.ReleaseLocal|x86.ActiveCfg = ReleaseLocal|x86
		{73BA0972-769B-4B84-9A21-9CF545A14A03}.ReleaseLocal|x86.Build.0 = ReleaseLocal|x86
		{28E0FA25-18DA-4C11-83CD-92A36DDD060B}.Debug|Any CPU.ActiveCfg = Debug|Any CPU
		{28E0FA25-18DA-4C11-83CD-92A36DDD060B}.Debug|Any CPU.Build.0 = Debug|Any CPU
		{28E0FA25-18DA-4C11-83CD-92A36DDD060B}.Debug|x64.ActiveCfg = Debug|x64
		{28E0FA25-18DA-4C11-83CD-92A36DDD060B}.Debug|x64.Build.0 = Debug|x64
		{28E0FA25-18DA-4C11-83CD-92A36DDD060B}.Debug|x86.ActiveCfg = Debug|x86
		{28E0FA25-18DA-4C11-83CD-92A36DDD060B}.Debug|x86.Build.0 = Debug|x86
		{28E0FA25-18DA-4C11-83CD-92A36DDD060B}.DebugLocal|Any CPU.ActiveCfg = DebugLocal|Any CPU
		{28E0FA25-18DA-4C11-83CD-92A36DDD060B}.DebugLocal|Any CPU.Build.0 = DebugLocal|Any CPU
		{28E0FA25-18DA-4C11-83CD-92A36DDD060B}.DebugLocal|x64.ActiveCfg = DebugLocal|x64
		{28E0FA25-18DA-4C11-83CD-92A36DDD060B}.DebugLocal|x64.Build.0 = DebugLocal|x64
		{28E0FA25-18DA-4C11-83CD-92A36DDD060B}.DebugLocal|x86.ActiveCfg = DebugLocal|x86
		{28E0FA25-18DA-4C11-83CD-92A36DDD060B}.DebugLocal|x86.Build.0 = DebugLocal|x86
		{28E0FA25-18DA-4C11-83CD-92A36DDD060B}.Release|Any CPU.ActiveCfg = Release|Any CPU
		{28E0FA25-18DA-4C11-83CD-92A36DDD060B}.Release|Any CPU.Build.0 = Release|Any CPU
		{28E0FA25-18DA-4C11-83CD-92A36DDD060B}.Release|x64.ActiveCfg = Release|x64
		{28E0FA25-18DA-4C11-83CD-92A36DDD060B}.Release|x64.Build.0 = Release|x64
		{28E0FA25-18DA-4C11-83CD-92A36DDD060B}.Release|x86.ActiveCfg = Release|x86
		{28E0FA25-18DA-4C11-83CD-92A36DDD060B}.Release|x86.Build.0 = Release|x86
		{28E0FA25-18DA-4C11-83CD-92A36DDD060B}.ReleaseLocal|Any CPU.ActiveCfg = ReleaseLocal|Any CPU
		{28E0FA25-18DA-4C11-83CD-92A36DDD060B}.ReleaseLocal|Any CPU.Build.0 = ReleaseLocal|Any CPU
		{28E0FA25-18DA-4C11-83CD-92A36DDD060B}.ReleaseLocal|x64.ActiveCfg = ReleaseLocal|x64
		{28E0FA25-18DA-4C11-83CD-92A36DDD060B}.ReleaseLocal|x64.Build.0 = ReleaseLocal|x64
		{28E0FA25-18DA-4C11-83CD-92A36DDD060B}.ReleaseLocal|x86.ActiveCfg = ReleaseLocal|x86
		{28E0FA25-18DA-4C11-83CD-92A36DDD060B}.ReleaseLocal|x86.Build.0 = ReleaseLocal|x86
	EndGlobalSection
	GlobalSection(SolutionProperties) = preSolution
		HideSolutionNode = FALSE
	EndGlobalSection
EndGlobal
