
Microsoft Visual Studio Solution File, Format Version 12.00
# Visual Studio 2013
VisualStudioVersion = 12.0.31101.0
MinimumVisualStudioVersion = 10.0.40219.1
Project("{FAE04EC0-301F-11D3-BF4B-00C04F79EFBC}") = "Smartrac.SmartCosmos.SampleClient.Console", "Smartrac.SmartCosmos.SampleClient.Console.csproj", "{D9FE3842-E69A-426A-94BF-52DF66364FF4}"
	ProjectSection(ProjectDependencies) = postProject
		{5BCCF20E-9442-42E6-A4F2-D5DC156190DA} = {5BCCF20E-9442-42E6-A4F2-D5DC156190DA}
		{B937E916-B168-4BF2-92D3-C3F7C19DCCC9} = {B937E916-B168-4BF2-92D3-C3F7C19DCCC9}
		{DB986518-EA5E-49DD-B42F-E447D6405050} = {DB986518-EA5E-49DD-B42F-E447D6405050}
		{3F715F22-7D75-4645-9CE6-E8A20CCDACC8} = {3F715F22-7D75-4645-9CE6-E8A20CCDACC8}
		{F273DE29-FCFB-4A29-8E56-AF65107D4D84} = {F273DE29-FCFB-4A29-8E56-AF65107D4D84}
		{7FF4702D-5854-4F59-BEE5-BC6F2F3E3EA9} = {7FF4702D-5854-4F59-BEE5-BC6F2F3E3EA9}
		{308A0D3B-64B2-42B8-B3E0-6308DC07E945} = {308A0D3B-64B2-42B8-B3E0-6308DC07E945}
		{401EA240-52ED-4A3F-B475-C7EDBDA211FE} = {401EA240-52ED-4A3F-B475-C7EDBDA211FE}
		{865CAA42-CEB1-417B-AE5B-880EEEC2916C} = {865CAA42-CEB1-417B-AE5B-880EEEC2916C}
		{DD3D9E44-DF7E-4B4C-91DC-6DB3A530877B} = {DD3D9E44-DF7E-4B4C-91DC-6DB3A530877B}
		{B25FF844-52D4-4DA4-A34D-FE8E101BD7D7} = {B25FF844-52D4-4DA4-A34D-FE8E101BD7D7}
		{5267FC45-AB6D-4B26-A333-6F5095D3C71B} = {5267FC45-AB6D-4B26-A333-6F5095D3C71B}
		{C0345647-E3B3-42F2-8136-F8AC8A03CB08} = {C0345647-E3B3-42F2-8136-F8AC8A03CB08}
		{7AA95048-8346-4DAB-94F5-90F898B41824} = {7AA95048-8346-4DAB-94F5-90F898B41824}
		{D26B9D4D-B45E-4C3E-BFFA-ADAA22F3E609} = {D26B9D4D-B45E-4C3E-BFFA-ADAA22F3E609}
		{B9C9514E-D1E0-445A-9963-41FF041895EB} = {B9C9514E-D1E0-445A-9963-41FF041895EB}
		{F0E26F53-5847-42D0-B16F-2DBD1952E452} = {F0E26F53-5847-42D0-B16F-2DBD1952E452}
		{D3A5DB54-FD8F-4C15-8E1D-E0A10C55465C} = {D3A5DB54-FD8F-4C15-8E1D-E0A10C55465C}
		{CE76C35F-F25C-419D-BA66-48A22D5A021F} = {CE76C35F-F25C-419D-BA66-48A22D5A021F}
		{5D8B2364-F6CF-41E7-89AF-5387CD6D9A5E} = {5D8B2364-F6CF-41E7-89AF-5387CD6D9A5E}
		{B1665E74-A99D-4565-BAE1-756A9A760749} = {B1665E74-A99D-4565-BAE1-756A9A760749}
		{EE3C497C-AD7C-414A-A899-E7CCC817746C} = {EE3C497C-AD7C-414A-A899-E7CCC817746C}
		{1AFB8C80-0177-485B-88FB-D324EE5FAA35} = {1AFB8C80-0177-485B-88FB-D324EE5FAA35}
		{C1548E80-CBFB-40BF-971E-11036E870F4B} = {C1548E80-CBFB-40BF-971E-11036E870F4B}
		{83E86795-1EB5-4135-BF50-6573B1780542} = {83E86795-1EB5-4135-BF50-6573B1780542}
		{2C79FC96-B023-465D-9374-77235DF068F4} = {2C79FC96-B023-465D-9374-77235DF068F4}
		{159499A3-FADA-4744-AE3D-8C52FCCFD86B} = {159499A3-FADA-4744-AE3D-8C52FCCFD86B}
		{11D76EA4-92A7-4BC3-ADB5-55DD580892AF} = {11D76EA4-92A7-4BC3-ADB5-55DD580892AF}
		{3C575CA5-4CAB-4CEB-B563-89EAFCF677A6} = {3C575CA5-4CAB-4CEB-B563-89EAFCF677A6}
		{9B5244A9-A358-4AEE-B92A-FA7B2A2A6694} = {9B5244A9-A358-4AEE-B92A-FA7B2A2A6694}
		{EF7A70AC-3269-430F-9966-F00C08263AEB} = {EF7A70AC-3269-430F-9966-F00C08263AEB}
		{E1C1B7B7-5437-4D43-A598-5C4B00FAE58D} = {E1C1B7B7-5437-4D43-A598-5C4B00FAE58D}
		{5617DFBD-0CCB-4FE8-9871-40C680EAAE26} = {5617DFBD-0CCB-4FE8-9871-40C680EAAE26}
		{82D593BE-6B21-48EE-A469-E5354E6F1879} = {82D593BE-6B21-48EE-A469-E5354E6F1879}
		{35CC0AD8-A753-4780-B471-C90275C75FAD} = {35CC0AD8-A753-4780-B471-C90275C75FAD}
		{640A11D8-C1B8-4C15-9D04-07B5ED990233} = {640A11D8-C1B8-4C15-9D04-07B5ED990233}
		{955046D9-AA9A-462C-9057-8046C61ED701} = {955046D9-AA9A-462C-9057-8046C61ED701}
		{96F35CDC-1FE4-4D39-AFAD-907466426A72} = {96F35CDC-1FE4-4D39-AFAD-907466426A72}
		{ED080DDE-A813-4D6F-B66E-E554E9B69D35} = {ED080DDE-A813-4D6F-B66E-E554E9B69D35}
		{18F013DF-EC55-45F0-95A5-6DAFDE206CAD} = {18F013DF-EC55-45F0-95A5-6DAFDE206CAD}
		{740B2CE7-1547-48F4-A30F-8D9A3B81EFB9} = {740B2CE7-1547-48F4-A30F-8D9A3B81EFB9}
		{E7C0B1ED-7957-4D97-BF2C-65381A436E7C} = {E7C0B1ED-7957-4D97-BF2C-65381A436E7C}
		{8A127CF7-403A-4E56-A20B-CD9E12305533} = {8A127CF7-403A-4E56-A20B-CD9E12305533}
		{0A933DFB-C8E8-403C-9A6D-D152871E366C} = {0A933DFB-C8E8-403C-9A6D-D152871E366C}
	EndProjectSection
EndProject
Project("{FAE04EC0-301F-11D3-BF4B-00C04F79EFBC}") = "Smartrac.SmartCosmos.ClientEndpoint.Base", "..\..\Libraries\Smartrac.SmartCosmos.ClientEndpoint.Base\Smartrac.SmartCosmos.ClientEndpoint.Base.csproj", "{F0E26F53-5847-42D0-B16F-2DBD1952E452}"
EndProject
Project("{FAE04EC0-301F-11D3-BF4B-00C04F79EFBC}") = "Smartrac.SmartCosmos.Logging.Console", "..\..\Libraries\Smartrac.SmartCosmos.Logging.Console\Smartrac.SmartCosmos.Logging.Console.csproj", "{F50C4ADC-6A33-4644-B608-2B2584BF15CE}"
EndProject
Project("{FAE04EC0-301F-11D3-BF4B-00C04F79EFBC}") = "Smartrac.SmartCosmos.Logging.File", "..\..\Libraries\Smartrac.SmartCosmos.Logging.File\Smartrac.SmartCosmos.Logging.File.csproj", "{C342D48D-A37D-486C-9B63-6333600445B2}"
EndProject
Project("{FAE04EC0-301F-11D3-BF4B-00C04F79EFBC}") = "Smartrac.SmartCosmos.Logging", "..\..\Libraries\Smartrac.SmartCosmos.Logging\Smartrac.SmartCosmos.Logging.csproj", "{73BA0972-769B-4B84-9A21-9CF545A14A03}"
EndProject
Project("{FAE04EC0-301F-11D3-BF4B-00C04F79EFBC}") = "Smartrac.SmartCosmos.Base", "..\..\Libraries\Smartrac.SmartCosmos.Base\Smartrac.SmartCosmos.Base.csproj", "{FC09830C-0F35-4FC3-85BF-0B43FCB91F06}"
EndProject
Project("{FAE04EC0-301F-11D3-BF4B-00C04F79EFBC}") = "Smartrac.SmartCosmos.ClientEndpoint.Factory", "..\..\Libraries\Smartrac.SmartCosmos.ClientEndpoint.Factory\Smartrac.SmartCosmos.ClientEndpoint.Factory.csproj", "{692630BD-502B-4A8A-BB36-84B322D0276F}"
	ProjectSection(ProjectDependencies) = postProject
		{1AFB8C80-0177-485B-88FB-D324EE5FAA35} = {1AFB8C80-0177-485B-88FB-D324EE5FAA35}
		{18F013DF-EC55-45F0-95A5-6DAFDE206CAD} = {18F013DF-EC55-45F0-95A5-6DAFDE206CAD}
	EndProjectSection
EndProject
Project("{FAE04EC0-301F-11D3-BF4B-00C04F79EFBC}") = "Smartrac.SmartCosmos.Profiles.Base", "..\..\Libraries\Smartrac.SmartCosmos.Profiles.Base\Smartrac.SmartCosmos.Profiles.Base.csproj", "{E7C0B1ED-7957-4D97-BF2C-65381A436E7C}"
EndProject
Project("{FAE04EC0-301F-11D3-BF4B-00C04F79EFBC}") = "Smartrac.SmartCosmos.Profiles.DataImport", "..\..\Libraries\Smartrac.SmartCosmos.Profiles.DataImport\Smartrac.SmartCosmos.Profiles.DataImport.csproj", "{0A933DFB-C8E8-403C-9A6D-D152871E366C}"
EndProject
Project("{FAE04EC0-301F-11D3-BF4B-00C04F79EFBC}") = "Smartrac.SmartCosmos.Profiles.PlatformAvailability", "..\..\Libraries\Smartrac.SmartCosmos.Profiles.PlatformAvailability\Smartrac.SmartCosmos.Profiles.PlatformAvailability.csproj", "{5617DFBD-0CCB-4FE8-9871-40C680EAAE26}"
EndProject
Project("{FAE04EC0-301F-11D3-BF4B-00C04F79EFBC}") = "Smartrac.SmartCosmos.Profiles.TagMetadata", "..\..\Libraries\Smartrac.SmartCosmos.Profiles.TagMetadata\Smartrac.SmartCosmos.Profiles.TagMetadata.csproj", "{EF7A70AC-3269-430F-9966-F00C08263AEB}"
EndProject
Project("{FAE04EC0-301F-11D3-BF4B-00C04F79EFBC}") = "Smartrac.SmartCosmos.Profiles.TagVerification", "..\..\Libraries\Smartrac.SmartCosmos.Profiles.TagVerification\Smartrac.SmartCosmos.Profiles.TagVerification.csproj", "{83E86795-1EB5-4135-BF50-6573B1780542}"
EndProject
Project("{FAE04EC0-301F-11D3-BF4B-00C04F79EFBC}") = "Smartrac.SmartCosmos.Objects.File", "..\..\Libraries\Smartrac.SmartCosmos.Objects.File\Smartrac.SmartCosmos.Objects.File.csproj", "{7AA95048-8346-4DAB-94F5-90F898B41824}"
EndProject
Project("{FAE04EC0-301F-11D3-BF4B-00C04F79EFBC}") = "Smartrac.SmartCosmos.Objects.Base", "..\..\Libraries\Smartrac.SmartCosmos.Objects.Base\Smartrac.SmartCosmos.Objects.Base.csproj", "{96F35CDC-1FE4-4D39-AFAD-907466426A72}"
EndProject
Project("{FAE04EC0-301F-11D3-BF4B-00C04F79EFBC}") = "Smartrac.SmartCosmos.Profiles.DataContext.Sample", "..\..\Libraries\Smartrac.SmartCosmos.Profiles.DataContext.Sample\Smartrac.SmartCosmos.Profiles.DataContext.Sample.csproj", "{7FF4702D-5854-4F59-BEE5-BC6F2F3E3EA9}"
EndProject
Project("{FAE04EC0-301F-11D3-BF4B-00C04F79EFBC}") = "Smartrac.SmartCosmos.Profiles.DataContext", "..\..\Libraries\Smartrac.SmartCosmos.Profiles.DataContext\Smartrac.SmartCosmos.Profiles.DataContext.csproj", "{D3A5DB54-FD8F-4C15-8E1D-E0A10C55465C}"
EndProject
Project("{FAE04EC0-301F-11D3-BF4B-00C04F79EFBC}") = "Smartrac.SmartCosmos.Objects.DataContext", "..\..\Libraries\Smartrac.SmartCosmos.Objects.DataContext\Smartrac.SmartCosmos.Objects.DataContext.csproj", "{955046D9-AA9A-462C-9057-8046C61ED701}"
EndProject
Project("{FAE04EC0-301F-11D3-BF4B-00C04F79EFBC}") = "Smartrac.SmartCosmos.Objects.DataContext.Sample", "..\..\Libraries\Smartrac.SmartCosmos.Objects.DataContext.Sample\Smartrac.SmartCosmos.Objects.DataContext.Sample.csproj", "{5BCCF20E-9442-42E6-A4F2-D5DC156190DA}"
EndProject
Project("{FAE04EC0-301F-11D3-BF4B-00C04F79EFBC}") = "Smartrac.SmartCosmos.Objects.Registration", "..\..\Libraries\Smartrac.SmartCosmos.Objects.Registration\Smartrac.SmartCosmos.Objects.Registration.csproj", "{C0345647-E3B3-42F2-8136-F8AC8A03CB08}"
EndProject
Project("{FAE04EC0-301F-11D3-BF4B-00C04F79EFBC}") = "Smartrac.SmartCosmos.Objects.AccountManagement", "..\..\Libraries\Smartrac.SmartCosmos.Objects.AccountManagement\Smartrac.SmartCosmos.Objects.AccountManagement.csproj", "{2C79FC96-B023-465D-9374-77235DF068F4}"
EndProject
Project("{FAE04EC0-301F-11D3-BF4B-00C04F79EFBC}") = "Smartrac.SmartCosmos.Objects.UserManagement", "..\..\Libraries\Smartrac.SmartCosmos.Objects.UserManagement\Smartrac.SmartCosmos.Objects.UserManagement.csproj", "{401EA240-52ED-4A3F-B475-C7EDBDA211FE}"
EndProject
Project("{FAE04EC0-301F-11D3-BF4B-00C04F79EFBC}") = "Smartrac.SmartCosmos.Objects.ObjectManagement", "..\..\Libraries\Smartrac.SmartCosmos.Objects.ObjectManagement\Smartrac.SmartCosmos.Objects.ObjectManagement.csproj", "{E1C1B7B7-5437-4D43-A598-5C4B00FAE58D}"
EndProject
Project("{FAE04EC0-301F-11D3-BF4B-00C04F79EFBC}") = "Smartrac.SmartCosmos.Objects.ObjectInteraction", "..\..\Libraries\Smartrac.SmartCosmos.Objects.ObjectInteraction\Smartrac.SmartCosmos.Objects.ObjectInteraction.csproj", "{308A0D3B-64B2-42B8-B3E0-6308DC07E945}"
EndProject
Project("{FAE04EC0-301F-11D3-BF4B-00C04F79EFBC}") = "Smartrac.SmartCosmos.Objects.RelationshipManagement", "..\..\Libraries\Smartrac.SmartCosmos.Objects.RelationshipManagement\Smartrac.SmartCosmos.Objects.RelationshipManagement.csproj", "{F273DE29-FCFB-4A29-8E56-AF65107D4D84}"
EndProject
Project("{FAE04EC0-301F-11D3-BF4B-00C04F79EFBC}") = "Smartrac.SmartCosmos.DataContextFactory", "..\..\Libraries\Smartrac.SmartCosmos.DataContextFactory\Smartrac.SmartCosmos.DataContextFactory.csproj", "{3CC1BFCA-F7AC-4FF2-B8BF-FEA215F32529}"
EndProject
Project("{FAE04EC0-301F-11D3-BF4B-00C04F79EFBC}") = "Smartrac.SmartCosmos.DataContextFactory.Sample", "..\..\Libraries\Smartrac.SmartCosmos.DataContextFactory.Sample\Smartrac.SmartCosmos.DataContextFactory.Sample.csproj", "{B223794A-8654-4F79-AD3A-EE557A8C6BED}"
EndProject
Project("{FAE04EC0-301F-11D3-BF4B-00C04F79EFBC}") = "Smartrac.SmartCosmos.Objects.GeospatialManagement", "..\..\Libraries\Smartrac.SmartCosmos.Objects.GeospatialManagement\Smartrac.SmartCosmos.Objects.GeospatialManagement.csproj", "{9B5244A9-A358-4AEE-B92A-FA7B2A2A6694}"
EndProject
Project("{FAE04EC0-301F-11D3-BF4B-00C04F79EFBC}") = "Smartrac.SmartCosmos.TestCase.Base", "..\..\Libraries\Smartrac.SmartCosmos.TestCase.Base\Smartrac.SmartCosmos.TestCase.Base.csproj", "{27FD25E4-0E9E-45A1-A568-FBA5F0F8742F}"
EndProject
Project("{FAE04EC0-301F-11D3-BF4B-00C04F79EFBC}") = "Smartrac.SmartCosmos.TestCase.Runner", "..\..\Libraries\Smartrac.SmartCosmos.TestCase.Runner\Smartrac.SmartCosmos.TestCase.Runner.csproj", "{C4693A6F-9B1F-4AA1-944D-18429695555D}"
EndProject
Project("{FAE04EC0-301F-11D3-BF4B-00C04F79EFBC}") = "Smartrac.SmartCosmos.Objects.HashTag", "..\..\Libraries\Smartrac.SmartCosmos.Objects.HashTag\Smartrac.SmartCosmos.Objects.HashTag.csproj", "{CE76C35F-F25C-419D-BA66-48A22D5A021F}"
EndProject
Project("{FAE04EC0-301F-11D3-BF4B-00C04F79EFBC}") = "Smartrac.SmartCosmos.Objects.ObjectInteractionSession", "..\..\Libraries\Smartrac.SmartCosmos.Objects.ObjectInteractionSession\Smartrac.SmartCosmos.Objects.ObjectInteractionSession.csproj", "{ED080DDE-A813-4D6F-B66E-E554E9B69D35}"
EndProject
Project("{FAE04EC0-301F-11D3-BF4B-00C04F79EFBC}") = "Smartrac.SmartCosmos.Objects.Metadata", "..\..\Libraries\Smartrac.SmartCosmos.Objects.Metadata\Smartrac.SmartCosmos.Objects.Metadata.csproj", "{3F715F22-7D75-4645-9CE6-E8A20CCDACC8}"
EndProject
Project("{FAE04EC0-301F-11D3-BF4B-00C04F79EFBC}") = "Smartrac.SmartCosmos.Objects.TestCase", "..\..\Libraries\Smartrac.SmartCosmos.Objects.TestCase\Smartrac.SmartCosmos.Objects.TestCase.csproj", "{B25FF844-52D4-4DA4-A34D-FE8E101BD7D7}"
EndProject
Project("{FAE04EC0-301F-11D3-BF4B-00C04F79EFBC}") = "Smartrac.SmartCosmos.Profiles.TestCase", "..\..\Libraries\Smartrac.SmartCosmos.Profiles.TestCase\Smartrac.SmartCosmos.Profiles.TestCase.csproj", "{5D8B2364-F6CF-41E7-89AF-5387CD6D9A5E}"
EndProject
Project("{FAE04EC0-301F-11D3-BF4B-00C04F79EFBC}") = "Smartrac.SmartCosmos.DataContextFactory.XML", "..\..\Libraries\Smartrac.SmartCosmos.DataContextFactory.XML\Smartrac.SmartCosmos.DataContextFactory.XML.csproj", "{FBF5A2A7-419E-4EAE-B8E3-82516EBAD4D9}"
EndProject
Project("{FAE04EC0-301F-11D3-BF4B-00C04F79EFBC}") = "Smartrac.SmartCosmos.Profiles.TestCase.Sample", "..\..\Libraries\Smartrac.SmartCosmos.Profiles.TestCase.Sample\Smartrac.SmartCosmos.Profiles.TestCase.Sample.csproj", "{DB986518-EA5E-49DD-B42F-E447D6405050}"
EndProject
Project("{FAE04EC0-301F-11D3-BF4B-00C04F79EFBC}") = "Smartrac.SmartCosmos.Objects.TestCase.Sample", "..\..\Libraries\Smartrac.SmartCosmos.Objects.TestCase.Sample\Smartrac.SmartCosmos.Objects.TestCase.Sample.csproj", "{5267FC45-AB6D-4B26-A333-6F5095D3C71B}"
EndProject
Project("{FAE04EC0-301F-11D3-BF4B-00C04F79EFBC}") = "Smartrac.SmartCosmos.Objects.DataContext.XML", "..\..\Libraries\Smartrac.SmartCosmos.Objects.DataContext.XML\Smartrac.SmartCosmos.Objects.DataContext.XML.csproj", "{82D593BE-6B21-48EE-A469-E5354E6F1879}"
EndProject
Project("{FAE04EC0-301F-11D3-BF4B-00C04F79EFBC}") = "Smartrac.SmartCosmos.Profiles.DataContext.XML", "..\..\Libraries\Smartrac.SmartCosmos.Profiles.DataContext.XML\Smartrac.SmartCosmos.Profiles.DataContext.XML.csproj", "{740B2CE7-1547-48F4-A30F-8D9A3B81EFB9}"
EndProject
Project("{FAE04EC0-301F-11D3-BF4B-00C04F79EFBC}") = "Smartrac.SmartCosmos.Flows.AccountManagement", "..\..\Libraries\Smartrac.SmartCosmos.Flows.AccountManagement\Smartrac.SmartCosmos.Flows.AccountManagement.csproj", "{D26B9D4D-B45E-4C3E-BFFA-ADAA22F3E609}"
EndProject
Project("{FAE04EC0-301F-11D3-BF4B-00C04F79EFBC}") = "Smartrac.SmartCosmos.Flows.BusinessRule", "..\..\Libraries\Smartrac.SmartCosmos.Flows.BusinessRule\Smartrac.SmartCosmos.Flows.BusinessRule.csproj", "{640A11D8-C1B8-4C15-9D04-07B5ED990233}"
EndProject
Project("{FAE04EC0-301F-11D3-BF4B-00C04F79EFBC}") = "Smartrac.SmartCosmos.Flows.Base", "..\..\Libraries\Smartrac.SmartCosmos.Flows.Base\Smartrac.SmartCosmos.Flows.Base.csproj", "{B9C9514E-D1E0-445A-9963-41FF041895EB}"
EndProject
Project("{FAE04EC0-301F-11D3-BF4B-00C04F79EFBC}") = "Smartrac.SmartCosmos.Flows.DataContext", "..\..\Libraries\Smartrac.SmartCosmos.Flows.DataContext\Smartrac.SmartCosmos.Flows.DataContext.csproj", "{B937E916-B168-4BF2-92D3-C3F7C19DCCC9}"
EndProject
Project("{FAE04EC0-301F-11D3-BF4B-00C04F79EFBC}") = "Smartrac.SmartCosmos.Flows.DataContext.Sample", "..\..\Libraries\Smartrac.SmartCosmos.Flows.DataContext.Sample\Smartrac.SmartCosmos.Flows.DataContext.Sample.csproj", "{EE3C497C-AD7C-414A-A899-E7CCC817746C}"
EndProject
Project("{FAE04EC0-301F-11D3-BF4B-00C04F79EFBC}") = "Smartrac.SmartCosmos.Flows.TestCase", "..\..\Libraries\Smartrac.SmartCosmos.Flows.TestCase\Smartrac.SmartCosmos.Flows.TestCase.csproj", "{35CC0AD8-A753-4780-B471-C90275C75FAD}"
EndProject
Project("{FAE04EC0-301F-11D3-BF4B-00C04F79EFBC}") = "Smartrac.SmartCosmos.Flows.TestCase.Sample", "..\..\Libraries\Smartrac.SmartCosmos.Flows.TestCase.Sample\Smartrac.SmartCosmos.Flows.TestCase.Sample.csproj", "{159499A3-FADA-4744-AE3D-8C52FCCFD86B}"
EndProject
Project("{FAE04EC0-301F-11D3-BF4B-00C04F79EFBC}") = "Smartrac.SmartCosmos.Objects.Notification", "..\..\Libraries\Smartrac.SmartCosmos.Objects.Notification\Smartrac.SmartCosmos.Objects.Notification.csproj", "{C1548E80-CBFB-40BF-971E-11036E870F4B}"
EndProject
Project("{FAE04EC0-301F-11D3-BF4B-00C04F79EFBC}") = "Smartrac.SmartCosmos.Objects.Device", "..\..\Libraries\Smartrac.SmartCosmos.Objects.Device\Smartrac.SmartCosmos.Objects.Device.csproj", "{3C575CA5-4CAB-4CEB-B563-89EAFCF677A6}"
EndProject
Project("{FAE04EC0-301F-11D3-BF4B-00C04F79EFBC}") = "Smartrac.SmartCosmos.AccountManager.Base", "..\..\Libraries\Smartrac.SmartCosmos.AccountManager.Base\Smartrac.SmartCosmos.AccountManager.Base.csproj", "{1AFB8C80-0177-485B-88FB-D324EE5FAA35}"
EndProject
Project("{FAE04EC0-301F-11D3-BF4B-00C04F79EFBC}") = "Smartrac.SmartCosmos.AccountManager.Role", "..\..\Libraries\Smartrac.SmartCosmos.AccountManager.Role\Smartrac.SmartCosmos.AccountManager.Role.csproj", "{18F013DF-EC55-45F0-95A5-6DAFDE206CAD}"
	ProjectSection(ProjectDependencies) = postProject
		{1AFB8C80-0177-485B-88FB-D324EE5FAA35} = {1AFB8C80-0177-485B-88FB-D324EE5FAA35}
	EndProjectSection
EndProject
Project("{FAE04EC0-301F-11D3-BF4B-00C04F79EFBC}") = "Smartrac.SmartCosmos.AccountManager.User", "..\..\Libraries\Smartrac.SmartCosmos.AccountManager.User\Smartrac.SmartCosmos.AccountManager.User.csproj", "{865CAA42-CEB1-417B-AE5B-880EEEC2916C}"
EndProject
Project("{FAE04EC0-301F-11D3-BF4B-00C04F79EFBC}") = "Smartrac.SmartCosmos.AccountManager.DataContext", "..\..\Libraries\Smartrac.SmartCosmos.AccountManager.DataContext\Smartrac.SmartCosmos.AccountManager.DataContext.csproj", "{11D76EA4-92A7-4BC3-ADB5-55DD580892AF}"
EndProject
Project("{FAE04EC0-301F-11D3-BF4B-00C04F79EFBC}") = "Smartrac.SmartCosmos.AccountManager.TestCase", "..\..\Libraries\Smartrac.SmartCosmos.AccountManager.TestCase\Smartrac.SmartCosmos.AccountManager.TestCase.csproj", "{DD3D9E44-DF7E-4B4C-91DC-6DB3A530877B}"
EndProject
Project("{FAE04EC0-301F-11D3-BF4B-00C04F79EFBC}") = "Smartrac.SmartCosmos.AccountManager.DataContext.Sample", "..\..\Libraries\Smartrac.SmartCosmos.AccountManager.DataContext.Sample\Smartrac.SmartCosmos.AccountManager.DataContext.Sample.csproj", "{8A127CF7-403A-4E56-A20B-CD9E12305533}"
EndProject
Project("{FAE04EC0-301F-11D3-BF4B-00C04F79EFBC}") = "Smartrac.SmartCosmos.AccountManager.TestCase.Sample", "..\..\Libraries\Smartrac.SmartCosmos.AccountManager.TestCase.Sample\Smartrac.SmartCosmos.AccountManager.TestCase.Sample.csproj", "{B1665E74-A99D-4565-BAE1-756A9A760749}"
EndProject
Project("{FAE04EC0-301F-11D3-BF4B-00C04F79EFBC}") = "Smartrac.SmartCosmos.CredentialStore", "..\..\Libraries\Smartrac.SmartCosmos.CredentialStore\Smartrac.SmartCosmos.CredentialStore.csproj", "{0BF9B316-2502-47B4-9DB4-CEB90F3D22CD}"
EndProject
Project("{FAE04EC0-301F-11D3-BF4B-00C04F79EFBC}") = "Smartrac.SmartCosmos.CredentialStore.XML", "..\..\Libraries\Smartrac.SmartCosmos.CredentialStore.XML\Smartrac.SmartCosmos.CredentialStore.XML.csproj", "{16018075-B94B-49F1-91D0-1C8C54446F7A}"
EndProject
Project("{FAE04EC0-301F-11D3-BF4B-00C04F79EFBC}") = "Smartrac.SmartCosmos.Objects.Transaction", "..\..\Libraries\Smartrac.SmartCosmos.Objects.Transaction\Smartrac.SmartCosmos.Objects.Transaction.csproj", "{5E0D3E88-3905-485F-B4D3-575BEE50ED01}"
EndProject
Global
	GlobalSection(SolutionConfigurationPlatforms) = preSolution
		Debug|Any CPU = Debug|Any CPU
		Debug|x64 = Debug|x64
		Debug|x86 = Debug|x86
		Release|Any CPU = Release|Any CPU
		Release|x64 = Release|x64
		Release|x86 = Release|x86
	EndGlobalSection
	GlobalSection(ProjectConfigurationPlatforms) = postSolution
		{D9FE3842-E69A-426A-94BF-52DF66364FF4}.Debug|Any CPU.ActiveCfg = Debug|Any CPU
		{D9FE3842-E69A-426A-94BF-52DF66364FF4}.Debug|Any CPU.Build.0 = Debug|Any CPU
		{D9FE3842-E69A-426A-94BF-52DF66364FF4}.Debug|x64.ActiveCfg = Debug|x64
		{D9FE3842-E69A-426A-94BF-52DF66364FF4}.Debug|x64.Build.0 = Debug|x64
		{D9FE3842-E69A-426A-94BF-52DF66364FF4}.Debug|x86.ActiveCfg = Debug|x86
		{D9FE3842-E69A-426A-94BF-52DF66364FF4}.Debug|x86.Build.0 = Debug|x86
		{D9FE3842-E69A-426A-94BF-52DF66364FF4}.Release|Any CPU.ActiveCfg = Release|Any CPU
		{D9FE3842-E69A-426A-94BF-52DF66364FF4}.Release|Any CPU.Build.0 = Release|Any CPU
		{D9FE3842-E69A-426A-94BF-52DF66364FF4}.Release|x64.ActiveCfg = Release|x64
		{D9FE3842-E69A-426A-94BF-52DF66364FF4}.Release|x64.Build.0 = Release|x64
		{D9FE3842-E69A-426A-94BF-52DF66364FF4}.Release|x86.ActiveCfg = Release|x86
		{D9FE3842-E69A-426A-94BF-52DF66364FF4}.Release|x86.Build.0 = Release|x86
		{F0E26F53-5847-42D0-B16F-2DBD1952E452}.Debug|Any CPU.ActiveCfg = Debug|Any CPU
		{F0E26F53-5847-42D0-B16F-2DBD1952E452}.Debug|Any CPU.Build.0 = Debug|Any CPU
		{F0E26F53-5847-42D0-B16F-2DBD1952E452}.Debug|x64.ActiveCfg = Debug|x64
		{F0E26F53-5847-42D0-B16F-2DBD1952E452}.Debug|x64.Build.0 = Debug|x64
		{F0E26F53-5847-42D0-B16F-2DBD1952E452}.Debug|x86.ActiveCfg = Debug|x86
		{F0E26F53-5847-42D0-B16F-2DBD1952E452}.Debug|x86.Build.0 = Debug|x86
		{F0E26F53-5847-42D0-B16F-2DBD1952E452}.Release|Any CPU.ActiveCfg = Release|Any CPU
		{F0E26F53-5847-42D0-B16F-2DBD1952E452}.Release|Any CPU.Build.0 = Release|Any CPU
		{F0E26F53-5847-42D0-B16F-2DBD1952E452}.Release|x64.ActiveCfg = Release|x64
		{F0E26F53-5847-42D0-B16F-2DBD1952E452}.Release|x64.Build.0 = Release|x64
		{F0E26F53-5847-42D0-B16F-2DBD1952E452}.Release|x86.ActiveCfg = Release|x86
		{F0E26F53-5847-42D0-B16F-2DBD1952E452}.Release|x86.Build.0 = Release|x86
		{F50C4ADC-6A33-4644-B608-2B2584BF15CE}.Debug|Any CPU.ActiveCfg = Debug|Any CPU
		{F50C4ADC-6A33-4644-B608-2B2584BF15CE}.Debug|Any CPU.Build.0 = Debug|Any CPU
		{F50C4ADC-6A33-4644-B608-2B2584BF15CE}.Debug|x64.ActiveCfg = Debug|x64
		{F50C4ADC-6A33-4644-B608-2B2584BF15CE}.Debug|x64.Build.0 = Debug|x64
		{F50C4ADC-6A33-4644-B608-2B2584BF15CE}.Debug|x86.ActiveCfg = Debug|x86
		{F50C4ADC-6A33-4644-B608-2B2584BF15CE}.Debug|x86.Build.0 = Debug|x86
		{F50C4ADC-6A33-4644-B608-2B2584BF15CE}.Release|Any CPU.ActiveCfg = Release|Any CPU
		{F50C4ADC-6A33-4644-B608-2B2584BF15CE}.Release|Any CPU.Build.0 = Release|Any CPU
		{F50C4ADC-6A33-4644-B608-2B2584BF15CE}.Release|x64.ActiveCfg = Release|x64
		{F50C4ADC-6A33-4644-B608-2B2584BF15CE}.Release|x64.Build.0 = Release|x64
		{F50C4ADC-6A33-4644-B608-2B2584BF15CE}.Release|x86.ActiveCfg = Release|x86
		{F50C4ADC-6A33-4644-B608-2B2584BF15CE}.Release|x86.Build.0 = Release|x86
		{C342D48D-A37D-486C-9B63-6333600445B2}.Debug|Any CPU.ActiveCfg = Debug|Any CPU
		{C342D48D-A37D-486C-9B63-6333600445B2}.Debug|Any CPU.Build.0 = Debug|Any CPU
		{C342D48D-A37D-486C-9B63-6333600445B2}.Debug|x64.ActiveCfg = Debug|x64
		{C342D48D-A37D-486C-9B63-6333600445B2}.Debug|x64.Build.0 = Debug|x64
		{C342D48D-A37D-486C-9B63-6333600445B2}.Debug|x86.ActiveCfg = Debug|x86
		{C342D48D-A37D-486C-9B63-6333600445B2}.Debug|x86.Build.0 = Debug|x86
		{C342D48D-A37D-486C-9B63-6333600445B2}.Release|Any CPU.ActiveCfg = Release|Any CPU
		{C342D48D-A37D-486C-9B63-6333600445B2}.Release|Any CPU.Build.0 = Release|Any CPU
		{C342D48D-A37D-486C-9B63-6333600445B2}.Release|x64.ActiveCfg = Release|x64
		{C342D48D-A37D-486C-9B63-6333600445B2}.Release|x64.Build.0 = Release|x64
		{C342D48D-A37D-486C-9B63-6333600445B2}.Release|x86.ActiveCfg = Release|x86
		{C342D48D-A37D-486C-9B63-6333600445B2}.Release|x86.Build.0 = Release|x86
		{73BA0972-769B-4B84-9A21-9CF545A14A03}.Debug|Any CPU.ActiveCfg = Debug|Any CPU
		{73BA0972-769B-4B84-9A21-9CF545A14A03}.Debug|Any CPU.Build.0 = Debug|Any CPU
		{73BA0972-769B-4B84-9A21-9CF545A14A03}.Debug|x64.ActiveCfg = Debug|x64
		{73BA0972-769B-4B84-9A21-9CF545A14A03}.Debug|x64.Build.0 = Debug|x64
		{73BA0972-769B-4B84-9A21-9CF545A14A03}.Debug|x86.ActiveCfg = Debug|x86
		{73BA0972-769B-4B84-9A21-9CF545A14A03}.Debug|x86.Build.0 = Debug|x86
		{73BA0972-769B-4B84-9A21-9CF545A14A03}.Release|Any CPU.ActiveCfg = Release|Any CPU
		{73BA0972-769B-4B84-9A21-9CF545A14A03}.Release|Any CPU.Build.0 = Release|Any CPU
		{73BA0972-769B-4B84-9A21-9CF545A14A03}.Release|x64.ActiveCfg = Release|x64
		{73BA0972-769B-4B84-9A21-9CF545A14A03}.Release|x64.Build.0 = Release|x64
		{73BA0972-769B-4B84-9A21-9CF545A14A03}.Release|x86.ActiveCfg = Release|x86
		{73BA0972-769B-4B84-9A21-9CF545A14A03}.Release|x86.Build.0 = Release|x86
		{FC09830C-0F35-4FC3-85BF-0B43FCB91F06}.Debug|Any CPU.ActiveCfg = Debug|Any CPU
		{FC09830C-0F35-4FC3-85BF-0B43FCB91F06}.Debug|Any CPU.Build.0 = Debug|Any CPU
		{FC09830C-0F35-4FC3-85BF-0B43FCB91F06}.Debug|x64.ActiveCfg = Debug|x64
		{FC09830C-0F35-4FC3-85BF-0B43FCB91F06}.Debug|x64.Build.0 = Debug|x64
		{FC09830C-0F35-4FC3-85BF-0B43FCB91F06}.Debug|x86.ActiveCfg = Debug|x86
		{FC09830C-0F35-4FC3-85BF-0B43FCB91F06}.Debug|x86.Build.0 = Debug|x86
		{FC09830C-0F35-4FC3-85BF-0B43FCB91F06}.Release|Any CPU.ActiveCfg = Release|Any CPU
		{FC09830C-0F35-4FC3-85BF-0B43FCB91F06}.Release|Any CPU.Build.0 = Release|Any CPU
		{FC09830C-0F35-4FC3-85BF-0B43FCB91F06}.Release|x64.ActiveCfg = Release|x64
		{FC09830C-0F35-4FC3-85BF-0B43FCB91F06}.Release|x64.Build.0 = Release|x64
		{FC09830C-0F35-4FC3-85BF-0B43FCB91F06}.Release|x86.ActiveCfg = Release|x86
		{FC09830C-0F35-4FC3-85BF-0B43FCB91F06}.Release|x86.Build.0 = Release|x86
		{692630BD-502B-4A8A-BB36-84B322D0276F}.Debug|Any CPU.ActiveCfg = Debug|Any CPU
		{692630BD-502B-4A8A-BB36-84B322D0276F}.Debug|Any CPU.Build.0 = Debug|Any CPU
		{692630BD-502B-4A8A-BB36-84B322D0276F}.Debug|x64.ActiveCfg = Debug|x64
		{692630BD-502B-4A8A-BB36-84B322D0276F}.Debug|x64.Build.0 = Debug|x64
		{692630BD-502B-4A8A-BB36-84B322D0276F}.Debug|x86.ActiveCfg = Debug|x86
		{692630BD-502B-4A8A-BB36-84B322D0276F}.Debug|x86.Build.0 = Debug|x86
		{692630BD-502B-4A8A-BB36-84B322D0276F}.Release|Any CPU.ActiveCfg = Release|Any CPU
		{692630BD-502B-4A8A-BB36-84B322D0276F}.Release|Any CPU.Build.0 = Release|Any CPU
		{692630BD-502B-4A8A-BB36-84B322D0276F}.Release|x64.ActiveCfg = Release|x64
		{692630BD-502B-4A8A-BB36-84B322D0276F}.Release|x64.Build.0 = Release|x64
		{692630BD-502B-4A8A-BB36-84B322D0276F}.Release|x86.ActiveCfg = Release|x86
		{692630BD-502B-4A8A-BB36-84B322D0276F}.Release|x86.Build.0 = Release|x86
		{E7C0B1ED-7957-4D97-BF2C-65381A436E7C}.Debug|Any CPU.ActiveCfg = Debug|Any CPU
		{E7C0B1ED-7957-4D97-BF2C-65381A436E7C}.Debug|Any CPU.Build.0 = Debug|Any CPU
		{E7C0B1ED-7957-4D97-BF2C-65381A436E7C}.Debug|x64.ActiveCfg = Debug|x64
		{E7C0B1ED-7957-4D97-BF2C-65381A436E7C}.Debug|x64.Build.0 = Debug|x64
		{E7C0B1ED-7957-4D97-BF2C-65381A436E7C}.Debug|x86.ActiveCfg = Debug|x86
		{E7C0B1ED-7957-4D97-BF2C-65381A436E7C}.Debug|x86.Build.0 = Debug|x86
		{E7C0B1ED-7957-4D97-BF2C-65381A436E7C}.Release|Any CPU.ActiveCfg = Release|Any CPU
		{E7C0B1ED-7957-4D97-BF2C-65381A436E7C}.Release|Any CPU.Build.0 = Release|Any CPU
		{E7C0B1ED-7957-4D97-BF2C-65381A436E7C}.Release|x64.ActiveCfg = Release|x64
		{E7C0B1ED-7957-4D97-BF2C-65381A436E7C}.Release|x64.Build.0 = Release|x64
		{E7C0B1ED-7957-4D97-BF2C-65381A436E7C}.Release|x86.ActiveCfg = Release|x86
		{E7C0B1ED-7957-4D97-BF2C-65381A436E7C}.Release|x86.Build.0 = Release|x86
		{0A933DFB-C8E8-403C-9A6D-D152871E366C}.Debug|Any CPU.ActiveCfg = Debug|Any CPU
		{0A933DFB-C8E8-403C-9A6D-D152871E366C}.Debug|Any CPU.Build.0 = Debug|Any CPU
		{0A933DFB-C8E8-403C-9A6D-D152871E366C}.Debug|x64.ActiveCfg = Debug|x64
		{0A933DFB-C8E8-403C-9A6D-D152871E366C}.Debug|x64.Build.0 = Debug|x64
		{0A933DFB-C8E8-403C-9A6D-D152871E366C}.Debug|x86.ActiveCfg = Debug|x86
		{0A933DFB-C8E8-403C-9A6D-D152871E366C}.Debug|x86.Build.0 = Debug|x86
		{0A933DFB-C8E8-403C-9A6D-D152871E366C}.Release|Any CPU.ActiveCfg = Release|Any CPU
		{0A933DFB-C8E8-403C-9A6D-D152871E366C}.Release|Any CPU.Build.0 = Release|Any CPU
		{0A933DFB-C8E8-403C-9A6D-D152871E366C}.Release|x64.ActiveCfg = Release|x64
		{0A933DFB-C8E8-403C-9A6D-D152871E366C}.Release|x64.Build.0 = Release|x64
		{0A933DFB-C8E8-403C-9A6D-D152871E366C}.Release|x86.ActiveCfg = Release|x86
		{0A933DFB-C8E8-403C-9A6D-D152871E366C}.Release|x86.Build.0 = Release|x86
		{5617DFBD-0CCB-4FE8-9871-40C680EAAE26}.Debug|Any CPU.ActiveCfg = Debug|Any CPU
		{5617DFBD-0CCB-4FE8-9871-40C680EAAE26}.Debug|Any CPU.Build.0 = Debug|Any CPU
		{5617DFBD-0CCB-4FE8-9871-40C680EAAE26}.Debug|x64.ActiveCfg = Debug|x64
		{5617DFBD-0CCB-4FE8-9871-40C680EAAE26}.Debug|x64.Build.0 = Debug|x64
		{5617DFBD-0CCB-4FE8-9871-40C680EAAE26}.Debug|x86.ActiveCfg = Debug|x86
		{5617DFBD-0CCB-4FE8-9871-40C680EAAE26}.Debug|x86.Build.0 = Debug|x86
		{5617DFBD-0CCB-4FE8-9871-40C680EAAE26}.Release|Any CPU.ActiveCfg = Release|Any CPU
		{5617DFBD-0CCB-4FE8-9871-40C680EAAE26}.Release|Any CPU.Build.0 = Release|Any CPU
		{5617DFBD-0CCB-4FE8-9871-40C680EAAE26}.Release|x64.ActiveCfg = Release|x64
		{5617DFBD-0CCB-4FE8-9871-40C680EAAE26}.Release|x64.Build.0 = Release|x64
		{5617DFBD-0CCB-4FE8-9871-40C680EAAE26}.Release|x86.ActiveCfg = Release|x86
		{5617DFBD-0CCB-4FE8-9871-40C680EAAE26}.Release|x86.Build.0 = Release|x86
		{EF7A70AC-3269-430F-9966-F00C08263AEB}.Debug|Any CPU.ActiveCfg = Debug|Any CPU
		{EF7A70AC-3269-430F-9966-F00C08263AEB}.Debug|Any CPU.Build.0 = Debug|Any CPU
		{EF7A70AC-3269-430F-9966-F00C08263AEB}.Debug|x64.ActiveCfg = Debug|x64
		{EF7A70AC-3269-430F-9966-F00C08263AEB}.Debug|x64.Build.0 = Debug|x64
		{EF7A70AC-3269-430F-9966-F00C08263AEB}.Debug|x86.ActiveCfg = Debug|x86
		{EF7A70AC-3269-430F-9966-F00C08263AEB}.Debug|x86.Build.0 = Debug|x86
		{EF7A70AC-3269-430F-9966-F00C08263AEB}.Release|Any CPU.ActiveCfg = Release|Any CPU
		{EF7A70AC-3269-430F-9966-F00C08263AEB}.Release|Any CPU.Build.0 = Release|Any CPU
		{EF7A70AC-3269-430F-9966-F00C08263AEB}.Release|x64.ActiveCfg = Release|x64
		{EF7A70AC-3269-430F-9966-F00C08263AEB}.Release|x64.Build.0 = Release|x64
		{EF7A70AC-3269-430F-9966-F00C08263AEB}.Release|x86.ActiveCfg = Release|x86
		{EF7A70AC-3269-430F-9966-F00C08263AEB}.Release|x86.Build.0 = Release|x86
		{83E86795-1EB5-4135-BF50-6573B1780542}.Debug|Any CPU.ActiveCfg = Debug|Any CPU
		{83E86795-1EB5-4135-BF50-6573B1780542}.Debug|Any CPU.Build.0 = Debug|Any CPU
		{83E86795-1EB5-4135-BF50-6573B1780542}.Debug|x64.ActiveCfg = Debug|x64
		{83E86795-1EB5-4135-BF50-6573B1780542}.Debug|x64.Build.0 = Debug|x64
		{83E86795-1EB5-4135-BF50-6573B1780542}.Debug|x86.ActiveCfg = Debug|x86
		{83E86795-1EB5-4135-BF50-6573B1780542}.Debug|x86.Build.0 = Debug|x86
		{83E86795-1EB5-4135-BF50-6573B1780542}.Release|Any CPU.ActiveCfg = Release|Any CPU
		{83E86795-1EB5-4135-BF50-6573B1780542}.Release|Any CPU.Build.0 = Release|Any CPU
		{83E86795-1EB5-4135-BF50-6573B1780542}.Release|x64.ActiveCfg = Release|x64
		{83E86795-1EB5-4135-BF50-6573B1780542}.Release|x64.Build.0 = Release|x64
		{83E86795-1EB5-4135-BF50-6573B1780542}.Release|x86.ActiveCfg = Release|x86
		{83E86795-1EB5-4135-BF50-6573B1780542}.Release|x86.Build.0 = Release|x86
		{7AA95048-8346-4DAB-94F5-90F898B41824}.Debug|Any CPU.ActiveCfg = Debug|Any CPU
		{7AA95048-8346-4DAB-94F5-90F898B41824}.Debug|Any CPU.Build.0 = Debug|Any CPU
		{7AA95048-8346-4DAB-94F5-90F898B41824}.Debug|x64.ActiveCfg = Debug|x64
		{7AA95048-8346-4DAB-94F5-90F898B41824}.Debug|x64.Build.0 = Debug|x64
		{7AA95048-8346-4DAB-94F5-90F898B41824}.Debug|x86.ActiveCfg = Debug|x86
		{7AA95048-8346-4DAB-94F5-90F898B41824}.Debug|x86.Build.0 = Debug|x86
		{7AA95048-8346-4DAB-94F5-90F898B41824}.Release|Any CPU.ActiveCfg = Release|Any CPU
		{7AA95048-8346-4DAB-94F5-90F898B41824}.Release|Any CPU.Build.0 = Release|Any CPU
		{7AA95048-8346-4DAB-94F5-90F898B41824}.Release|x64.ActiveCfg = Release|x64
		{7AA95048-8346-4DAB-94F5-90F898B41824}.Release|x64.Build.0 = Release|x64
		{7AA95048-8346-4DAB-94F5-90F898B41824}.Release|x86.ActiveCfg = Release|x86
		{7AA95048-8346-4DAB-94F5-90F898B41824}.Release|x86.Build.0 = Release|x86
		{96F35CDC-1FE4-4D39-AFAD-907466426A72}.Debug|Any CPU.ActiveCfg = Debug|Any CPU
		{96F35CDC-1FE4-4D39-AFAD-907466426A72}.Debug|Any CPU.Build.0 = Debug|Any CPU
		{96F35CDC-1FE4-4D39-AFAD-907466426A72}.Debug|x64.ActiveCfg = Debug|x64
		{96F35CDC-1FE4-4D39-AFAD-907466426A72}.Debug|x64.Build.0 = Debug|x64
		{96F35CDC-1FE4-4D39-AFAD-907466426A72}.Debug|x86.ActiveCfg = Debug|x86
		{96F35CDC-1FE4-4D39-AFAD-907466426A72}.Debug|x86.Build.0 = Debug|x86
		{96F35CDC-1FE4-4D39-AFAD-907466426A72}.Release|Any CPU.ActiveCfg = Release|Any CPU
		{96F35CDC-1FE4-4D39-AFAD-907466426A72}.Release|Any CPU.Build.0 = Release|Any CPU
		{96F35CDC-1FE4-4D39-AFAD-907466426A72}.Release|x64.ActiveCfg = Release|x64
		{96F35CDC-1FE4-4D39-AFAD-907466426A72}.Release|x64.Build.0 = Release|x64
		{96F35CDC-1FE4-4D39-AFAD-907466426A72}.Release|x86.ActiveCfg = Release|x86
		{96F35CDC-1FE4-4D39-AFAD-907466426A72}.Release|x86.Build.0 = Release|x86
		{7FF4702D-5854-4F59-BEE5-BC6F2F3E3EA9}.Debug|Any CPU.ActiveCfg = Debug|Any CPU
		{7FF4702D-5854-4F59-BEE5-BC6F2F3E3EA9}.Debug|Any CPU.Build.0 = Debug|Any CPU
		{7FF4702D-5854-4F59-BEE5-BC6F2F3E3EA9}.Debug|x64.ActiveCfg = Debug|x64
		{7FF4702D-5854-4F59-BEE5-BC6F2F3E3EA9}.Debug|x64.Build.0 = Debug|x64
		{7FF4702D-5854-4F59-BEE5-BC6F2F3E3EA9}.Debug|x86.ActiveCfg = Debug|x86
		{7FF4702D-5854-4F59-BEE5-BC6F2F3E3EA9}.Debug|x86.Build.0 = Debug|x86
		{7FF4702D-5854-4F59-BEE5-BC6F2F3E3EA9}.Release|Any CPU.ActiveCfg = Release|Any CPU
		{7FF4702D-5854-4F59-BEE5-BC6F2F3E3EA9}.Release|Any CPU.Build.0 = Release|Any CPU
		{7FF4702D-5854-4F59-BEE5-BC6F2F3E3EA9}.Release|x64.ActiveCfg = Release|x64
		{7FF4702D-5854-4F59-BEE5-BC6F2F3E3EA9}.Release|x64.Build.0 = Release|x64
		{7FF4702D-5854-4F59-BEE5-BC6F2F3E3EA9}.Release|x86.ActiveCfg = Release|x86
		{7FF4702D-5854-4F59-BEE5-BC6F2F3E3EA9}.Release|x86.Build.0 = Release|x86
		{D3A5DB54-FD8F-4C15-8E1D-E0A10C55465C}.Debug|Any CPU.ActiveCfg = Debug|Any CPU
		{D3A5DB54-FD8F-4C15-8E1D-E0A10C55465C}.Debug|Any CPU.Build.0 = Debug|Any CPU
		{D3A5DB54-FD8F-4C15-8E1D-E0A10C55465C}.Debug|x64.ActiveCfg = Debug|x64
		{D3A5DB54-FD8F-4C15-8E1D-E0A10C55465C}.Debug|x64.Build.0 = Debug|x64
		{D3A5DB54-FD8F-4C15-8E1D-E0A10C55465C}.Debug|x86.ActiveCfg = Debug|x86
		{D3A5DB54-FD8F-4C15-8E1D-E0A10C55465C}.Debug|x86.Build.0 = Debug|x86
		{D3A5DB54-FD8F-4C15-8E1D-E0A10C55465C}.Release|Any CPU.ActiveCfg = Release|Any CPU
		{D3A5DB54-FD8F-4C15-8E1D-E0A10C55465C}.Release|Any CPU.Build.0 = Release|Any CPU
		{D3A5DB54-FD8F-4C15-8E1D-E0A10C55465C}.Release|x64.ActiveCfg = Release|x64
		{D3A5DB54-FD8F-4C15-8E1D-E0A10C55465C}.Release|x64.Build.0 = Release|x64
		{D3A5DB54-FD8F-4C15-8E1D-E0A10C55465C}.Release|x86.ActiveCfg = Release|x86
		{D3A5DB54-FD8F-4C15-8E1D-E0A10C55465C}.Release|x86.Build.0 = Release|x86
		{955046D9-AA9A-462C-9057-8046C61ED701}.Debug|Any CPU.ActiveCfg = Debug|Any CPU
		{955046D9-AA9A-462C-9057-8046C61ED701}.Debug|Any CPU.Build.0 = Debug|Any CPU
		{955046D9-AA9A-462C-9057-8046C61ED701}.Debug|x64.ActiveCfg = Debug|x64
		{955046D9-AA9A-462C-9057-8046C61ED701}.Debug|x64.Build.0 = Debug|x64
		{955046D9-AA9A-462C-9057-8046C61ED701}.Debug|x86.ActiveCfg = Debug|x86
		{955046D9-AA9A-462C-9057-8046C61ED701}.Debug|x86.Build.0 = Debug|x86
		{955046D9-AA9A-462C-9057-8046C61ED701}.Release|Any CPU.ActiveCfg = Release|Any CPU
		{955046D9-AA9A-462C-9057-8046C61ED701}.Release|Any CPU.Build.0 = Release|Any CPU
		{955046D9-AA9A-462C-9057-8046C61ED701}.Release|x64.ActiveCfg = Release|x64
		{955046D9-AA9A-462C-9057-8046C61ED701}.Release|x64.Build.0 = Release|x64
		{955046D9-AA9A-462C-9057-8046C61ED701}.Release|x86.ActiveCfg = Release|x86
		{955046D9-AA9A-462C-9057-8046C61ED701}.Release|x86.Build.0 = Release|x86
		{5BCCF20E-9442-42E6-A4F2-D5DC156190DA}.Debug|Any CPU.ActiveCfg = Debug|Any CPU
		{5BCCF20E-9442-42E6-A4F2-D5DC156190DA}.Debug|Any CPU.Build.0 = Debug|Any CPU
		{5BCCF20E-9442-42E6-A4F2-D5DC156190DA}.Debug|x64.ActiveCfg = Debug|x64
		{5BCCF20E-9442-42E6-A4F2-D5DC156190DA}.Debug|x64.Build.0 = Debug|x64
		{5BCCF20E-9442-42E6-A4F2-D5DC156190DA}.Debug|x86.ActiveCfg = Debug|x86
		{5BCCF20E-9442-42E6-A4F2-D5DC156190DA}.Debug|x86.Build.0 = Debug|x86
		{5BCCF20E-9442-42E6-A4F2-D5DC156190DA}.Release|Any CPU.ActiveCfg = Release|Any CPU
		{5BCCF20E-9442-42E6-A4F2-D5DC156190DA}.Release|Any CPU.Build.0 = Release|Any CPU
		{5BCCF20E-9442-42E6-A4F2-D5DC156190DA}.Release|x64.ActiveCfg = Release|x64
		{5BCCF20E-9442-42E6-A4F2-D5DC156190DA}.Release|x64.Build.0 = Release|x64
		{5BCCF20E-9442-42E6-A4F2-D5DC156190DA}.Release|x86.ActiveCfg = Release|x86
		{5BCCF20E-9442-42E6-A4F2-D5DC156190DA}.Release|x86.Build.0 = Release|x86
		{C0345647-E3B3-42F2-8136-F8AC8A03CB08}.Debug|Any CPU.ActiveCfg = Debug|Any CPU
		{C0345647-E3B3-42F2-8136-F8AC8A03CB08}.Debug|Any CPU.Build.0 = Debug|Any CPU
		{C0345647-E3B3-42F2-8136-F8AC8A03CB08}.Debug|x64.ActiveCfg = Debug|x64
		{C0345647-E3B3-42F2-8136-F8AC8A03CB08}.Debug|x64.Build.0 = Debug|x64
		{C0345647-E3B3-42F2-8136-F8AC8A03CB08}.Debug|x86.ActiveCfg = Debug|x86
		{C0345647-E3B3-42F2-8136-F8AC8A03CB08}.Debug|x86.Build.0 = Debug|x86
		{C0345647-E3B3-42F2-8136-F8AC8A03CB08}.Release|Any CPU.ActiveCfg = Release|Any CPU
		{C0345647-E3B3-42F2-8136-F8AC8A03CB08}.Release|Any CPU.Build.0 = Release|Any CPU
		{C0345647-E3B3-42F2-8136-F8AC8A03CB08}.Release|x64.ActiveCfg = Release|x64
		{C0345647-E3B3-42F2-8136-F8AC8A03CB08}.Release|x64.Build.0 = Release|x64
		{C0345647-E3B3-42F2-8136-F8AC8A03CB08}.Release|x86.ActiveCfg = Release|x86
		{C0345647-E3B3-42F2-8136-F8AC8A03CB08}.Release|x86.Build.0 = Release|x86
		{2C79FC96-B023-465D-9374-77235DF068F4}.Debug|Any CPU.ActiveCfg = Debug|Any CPU
		{2C79FC96-B023-465D-9374-77235DF068F4}.Debug|Any CPU.Build.0 = Debug|Any CPU
		{2C79FC96-B023-465D-9374-77235DF068F4}.Debug|x64.ActiveCfg = Debug|x64
		{2C79FC96-B023-465D-9374-77235DF068F4}.Debug|x64.Build.0 = Debug|x64
		{2C79FC96-B023-465D-9374-77235DF068F4}.Debug|x86.ActiveCfg = Debug|x86
		{2C79FC96-B023-465D-9374-77235DF068F4}.Debug|x86.Build.0 = Debug|x86
		{2C79FC96-B023-465D-9374-77235DF068F4}.Release|Any CPU.ActiveCfg = Release|Any CPU
		{2C79FC96-B023-465D-9374-77235DF068F4}.Release|Any CPU.Build.0 = Release|Any CPU
		{2C79FC96-B023-465D-9374-77235DF068F4}.Release|x64.ActiveCfg = Release|x64
		{2C79FC96-B023-465D-9374-77235DF068F4}.Release|x64.Build.0 = Release|x64
		{2C79FC96-B023-465D-9374-77235DF068F4}.Release|x86.ActiveCfg = Release|x86
		{2C79FC96-B023-465D-9374-77235DF068F4}.Release|x86.Build.0 = Release|x86
		{401EA240-52ED-4A3F-B475-C7EDBDA211FE}.Debug|Any CPU.ActiveCfg = Debug|Any CPU
		{401EA240-52ED-4A3F-B475-C7EDBDA211FE}.Debug|Any CPU.Build.0 = Debug|Any CPU
		{401EA240-52ED-4A3F-B475-C7EDBDA211FE}.Debug|x64.ActiveCfg = Debug|x64
		{401EA240-52ED-4A3F-B475-C7EDBDA211FE}.Debug|x64.Build.0 = Debug|x64
		{401EA240-52ED-4A3F-B475-C7EDBDA211FE}.Debug|x86.ActiveCfg = Debug|x86
		{401EA240-52ED-4A3F-B475-C7EDBDA211FE}.Debug|x86.Build.0 = Debug|x86
		{401EA240-52ED-4A3F-B475-C7EDBDA211FE}.Release|Any CPU.ActiveCfg = Release|Any CPU
		{401EA240-52ED-4A3F-B475-C7EDBDA211FE}.Release|Any CPU.Build.0 = Release|Any CPU
		{401EA240-52ED-4A3F-B475-C7EDBDA211FE}.Release|x64.ActiveCfg = Release|x64
		{401EA240-52ED-4A3F-B475-C7EDBDA211FE}.Release|x64.Build.0 = Release|x64
		{401EA240-52ED-4A3F-B475-C7EDBDA211FE}.Release|x86.ActiveCfg = Release|x86
		{401EA240-52ED-4A3F-B475-C7EDBDA211FE}.Release|x86.Build.0 = Release|x86
		{E1C1B7B7-5437-4D43-A598-5C4B00FAE58D}.Debug|Any CPU.ActiveCfg = Debug|Any CPU
		{E1C1B7B7-5437-4D43-A598-5C4B00FAE58D}.Debug|Any CPU.Build.0 = Debug|Any CPU
		{E1C1B7B7-5437-4D43-A598-5C4B00FAE58D}.Debug|x64.ActiveCfg = Debug|x64
		{E1C1B7B7-5437-4D43-A598-5C4B00FAE58D}.Debug|x64.Build.0 = Debug|x64
		{E1C1B7B7-5437-4D43-A598-5C4B00FAE58D}.Debug|x86.ActiveCfg = Debug|x86
		{E1C1B7B7-5437-4D43-A598-5C4B00FAE58D}.Debug|x86.Build.0 = Debug|x86
		{E1C1B7B7-5437-4D43-A598-5C4B00FAE58D}.Release|Any CPU.ActiveCfg = Release|Any CPU
		{E1C1B7B7-5437-4D43-A598-5C4B00FAE58D}.Release|Any CPU.Build.0 = Release|Any CPU
		{E1C1B7B7-5437-4D43-A598-5C4B00FAE58D}.Release|x64.ActiveCfg = Release|x64
		{E1C1B7B7-5437-4D43-A598-5C4B00FAE58D}.Release|x64.Build.0 = Release|x64
		{E1C1B7B7-5437-4D43-A598-5C4B00FAE58D}.Release|x86.ActiveCfg = Release|x86
		{E1C1B7B7-5437-4D43-A598-5C4B00FAE58D}.Release|x86.Build.0 = Release|x86
		{308A0D3B-64B2-42B8-B3E0-6308DC07E945}.Debug|Any CPU.ActiveCfg = Debug|Any CPU
		{308A0D3B-64B2-42B8-B3E0-6308DC07E945}.Debug|Any CPU.Build.0 = Debug|Any CPU
		{308A0D3B-64B2-42B8-B3E0-6308DC07E945}.Debug|x64.ActiveCfg = Debug|x64
		{308A0D3B-64B2-42B8-B3E0-6308DC07E945}.Debug|x64.Build.0 = Debug|x64
		{308A0D3B-64B2-42B8-B3E0-6308DC07E945}.Debug|x86.ActiveCfg = Debug|x86
		{308A0D3B-64B2-42B8-B3E0-6308DC07E945}.Debug|x86.Build.0 = Debug|x86
		{308A0D3B-64B2-42B8-B3E0-6308DC07E945}.Release|Any CPU.ActiveCfg = Release|Any CPU
		{308A0D3B-64B2-42B8-B3E0-6308DC07E945}.Release|Any CPU.Build.0 = Release|Any CPU
		{308A0D3B-64B2-42B8-B3E0-6308DC07E945}.Release|x64.ActiveCfg = Release|x64
		{308A0D3B-64B2-42B8-B3E0-6308DC07E945}.Release|x64.Build.0 = Release|x64
		{308A0D3B-64B2-42B8-B3E0-6308DC07E945}.Release|x86.ActiveCfg = Release|x86
		{308A0D3B-64B2-42B8-B3E0-6308DC07E945}.Release|x86.Build.0 = Release|x86
		{F273DE29-FCFB-4A29-8E56-AF65107D4D84}.Debug|Any CPU.ActiveCfg = Debug|Any CPU
		{F273DE29-FCFB-4A29-8E56-AF65107D4D84}.Debug|Any CPU.Build.0 = Debug|Any CPU
		{F273DE29-FCFB-4A29-8E56-AF65107D4D84}.Debug|x64.ActiveCfg = Debug|x64
		{F273DE29-FCFB-4A29-8E56-AF65107D4D84}.Debug|x64.Build.0 = Debug|x64
		{F273DE29-FCFB-4A29-8E56-AF65107D4D84}.Debug|x86.ActiveCfg = Debug|x86
		{F273DE29-FCFB-4A29-8E56-AF65107D4D84}.Debug|x86.Build.0 = Debug|x86
		{F273DE29-FCFB-4A29-8E56-AF65107D4D84}.Release|Any CPU.ActiveCfg = Release|Any CPU
		{F273DE29-FCFB-4A29-8E56-AF65107D4D84}.Release|Any CPU.Build.0 = Release|Any CPU
		{F273DE29-FCFB-4A29-8E56-AF65107D4D84}.Release|x64.ActiveCfg = Release|x64
		{F273DE29-FCFB-4A29-8E56-AF65107D4D84}.Release|x64.Build.0 = Release|x64
		{F273DE29-FCFB-4A29-8E56-AF65107D4D84}.Release|x86.ActiveCfg = Release|x86
		{F273DE29-FCFB-4A29-8E56-AF65107D4D84}.Release|x86.Build.0 = Release|x86
		{3CC1BFCA-F7AC-4FF2-B8BF-FEA215F32529}.Debug|Any CPU.ActiveCfg = Debug|Any CPU
		{3CC1BFCA-F7AC-4FF2-B8BF-FEA215F32529}.Debug|Any CPU.Build.0 = Debug|Any CPU
		{3CC1BFCA-F7AC-4FF2-B8BF-FEA215F32529}.Debug|x64.ActiveCfg = Debug|x64
		{3CC1BFCA-F7AC-4FF2-B8BF-FEA215F32529}.Debug|x64.Build.0 = Debug|x64
		{3CC1BFCA-F7AC-4FF2-B8BF-FEA215F32529}.Debug|x86.ActiveCfg = Debug|x86
		{3CC1BFCA-F7AC-4FF2-B8BF-FEA215F32529}.Debug|x86.Build.0 = Debug|x86
		{3CC1BFCA-F7AC-4FF2-B8BF-FEA215F32529}.Release|Any CPU.ActiveCfg = Release|Any CPU
		{3CC1BFCA-F7AC-4FF2-B8BF-FEA215F32529}.Release|Any CPU.Build.0 = Release|Any CPU
		{3CC1BFCA-F7AC-4FF2-B8BF-FEA215F32529}.Release|x64.ActiveCfg = Release|x64
		{3CC1BFCA-F7AC-4FF2-B8BF-FEA215F32529}.Release|x64.Build.0 = Release|x64
		{3CC1BFCA-F7AC-4FF2-B8BF-FEA215F32529}.Release|x86.ActiveCfg = Release|x86
		{3CC1BFCA-F7AC-4FF2-B8BF-FEA215F32529}.Release|x86.Build.0 = Release|x86
		{B223794A-8654-4F79-AD3A-EE557A8C6BED}.Debug|Any CPU.ActiveCfg = Debug|Any CPU
		{B223794A-8654-4F79-AD3A-EE557A8C6BED}.Debug|Any CPU.Build.0 = Debug|Any CPU
		{B223794A-8654-4F79-AD3A-EE557A8C6BED}.Debug|x64.ActiveCfg = Debug|x64
		{B223794A-8654-4F79-AD3A-EE557A8C6BED}.Debug|x64.Build.0 = Debug|x64
		{B223794A-8654-4F79-AD3A-EE557A8C6BED}.Debug|x86.ActiveCfg = Debug|x86
		{B223794A-8654-4F79-AD3A-EE557A8C6BED}.Debug|x86.Build.0 = Debug|x86
		{B223794A-8654-4F79-AD3A-EE557A8C6BED}.Release|Any CPU.ActiveCfg = Release|Any CPU
		{B223794A-8654-4F79-AD3A-EE557A8C6BED}.Release|Any CPU.Build.0 = Release|Any CPU
		{B223794A-8654-4F79-AD3A-EE557A8C6BED}.Release|x64.ActiveCfg = Release|x64
		{B223794A-8654-4F79-AD3A-EE557A8C6BED}.Release|x64.Build.0 = Release|x64
		{B223794A-8654-4F79-AD3A-EE557A8C6BED}.Release|x86.ActiveCfg = Release|x86
		{B223794A-8654-4F79-AD3A-EE557A8C6BED}.Release|x86.Build.0 = Release|x86
		{9B5244A9-A358-4AEE-B92A-FA7B2A2A6694}.Debug|Any CPU.ActiveCfg = Debug|Any CPU
		{9B5244A9-A358-4AEE-B92A-FA7B2A2A6694}.Debug|Any CPU.Build.0 = Debug|Any CPU
		{9B5244A9-A358-4AEE-B92A-FA7B2A2A6694}.Debug|x64.ActiveCfg = Debug|x64
		{9B5244A9-A358-4AEE-B92A-FA7B2A2A6694}.Debug|x64.Build.0 = Debug|x64
		{9B5244A9-A358-4AEE-B92A-FA7B2A2A6694}.Debug|x86.ActiveCfg = Debug|x86
		{9B5244A9-A358-4AEE-B92A-FA7B2A2A6694}.Debug|x86.Build.0 = Debug|x86
		{9B5244A9-A358-4AEE-B92A-FA7B2A2A6694}.Release|Any CPU.ActiveCfg = Release|Any CPU
		{9B5244A9-A358-4AEE-B92A-FA7B2A2A6694}.Release|Any CPU.Build.0 = Release|Any CPU
		{9B5244A9-A358-4AEE-B92A-FA7B2A2A6694}.Release|x64.ActiveCfg = Release|x64
		{9B5244A9-A358-4AEE-B92A-FA7B2A2A6694}.Release|x64.Build.0 = Release|x64
		{9B5244A9-A358-4AEE-B92A-FA7B2A2A6694}.Release|x86.ActiveCfg = Release|x86
		{9B5244A9-A358-4AEE-B92A-FA7B2A2A6694}.Release|x86.Build.0 = Release|x86
		{27FD25E4-0E9E-45A1-A568-FBA5F0F8742F}.Debug|Any CPU.ActiveCfg = Debug|Any CPU
		{27FD25E4-0E9E-45A1-A568-FBA5F0F8742F}.Debug|Any CPU.Build.0 = Debug|Any CPU
		{27FD25E4-0E9E-45A1-A568-FBA5F0F8742F}.Debug|x64.ActiveCfg = Debug|x64
		{27FD25E4-0E9E-45A1-A568-FBA5F0F8742F}.Debug|x64.Build.0 = Debug|x64
		{27FD25E4-0E9E-45A1-A568-FBA5F0F8742F}.Debug|x86.ActiveCfg = Debug|x86
		{27FD25E4-0E9E-45A1-A568-FBA5F0F8742F}.Debug|x86.Build.0 = Debug|x86
		{27FD25E4-0E9E-45A1-A568-FBA5F0F8742F}.Release|Any CPU.ActiveCfg = Release|Any CPU
		{27FD25E4-0E9E-45A1-A568-FBA5F0F8742F}.Release|Any CPU.Build.0 = Release|Any CPU
		{27FD25E4-0E9E-45A1-A568-FBA5F0F8742F}.Release|x64.ActiveCfg = Release|x64
		{27FD25E4-0E9E-45A1-A568-FBA5F0F8742F}.Release|x64.Build.0 = Release|x64
		{27FD25E4-0E9E-45A1-A568-FBA5F0F8742F}.Release|x86.ActiveCfg = Release|x86
		{27FD25E4-0E9E-45A1-A568-FBA5F0F8742F}.Release|x86.Build.0 = Release|x86
		{C4693A6F-9B1F-4AA1-944D-18429695555D}.Debug|Any CPU.ActiveCfg = Debug|Any CPU
		{C4693A6F-9B1F-4AA1-944D-18429695555D}.Debug|Any CPU.Build.0 = Debug|Any CPU
		{C4693A6F-9B1F-4AA1-944D-18429695555D}.Debug|x64.ActiveCfg = Debug|x64
		{C4693A6F-9B1F-4AA1-944D-18429695555D}.Debug|x64.Build.0 = Debug|x64
		{C4693A6F-9B1F-4AA1-944D-18429695555D}.Debug|x86.ActiveCfg = Debug|x86
		{C4693A6F-9B1F-4AA1-944D-18429695555D}.Debug|x86.Build.0 = Debug|x86
		{C4693A6F-9B1F-4AA1-944D-18429695555D}.Release|Any CPU.ActiveCfg = Release|Any CPU
		{C4693A6F-9B1F-4AA1-944D-18429695555D}.Release|Any CPU.Build.0 = Release|Any CPU
		{C4693A6F-9B1F-4AA1-944D-18429695555D}.Release|x64.ActiveCfg = Release|x64
		{C4693A6F-9B1F-4AA1-944D-18429695555D}.Release|x64.Build.0 = Release|x64
		{C4693A6F-9B1F-4AA1-944D-18429695555D}.Release|x86.ActiveCfg = Release|x86
		{C4693A6F-9B1F-4AA1-944D-18429695555D}.Release|x86.Build.0 = Release|x86
		{CE76C35F-F25C-419D-BA66-48A22D5A021F}.Debug|Any CPU.ActiveCfg = Debug|Any CPU
		{CE76C35F-F25C-419D-BA66-48A22D5A021F}.Debug|Any CPU.Build.0 = Debug|Any CPU
		{CE76C35F-F25C-419D-BA66-48A22D5A021F}.Debug|x64.ActiveCfg = Debug|x64
		{CE76C35F-F25C-419D-BA66-48A22D5A021F}.Debug|x64.Build.0 = Debug|x64
		{CE76C35F-F25C-419D-BA66-48A22D5A021F}.Debug|x86.ActiveCfg = Debug|x86
		{CE76C35F-F25C-419D-BA66-48A22D5A021F}.Debug|x86.Build.0 = Debug|x86
		{CE76C35F-F25C-419D-BA66-48A22D5A021F}.Release|Any CPU.ActiveCfg = Release|Any CPU
		{CE76C35F-F25C-419D-BA66-48A22D5A021F}.Release|Any CPU.Build.0 = Release|Any CPU
		{CE76C35F-F25C-419D-BA66-48A22D5A021F}.Release|x64.ActiveCfg = Release|x64
		{CE76C35F-F25C-419D-BA66-48A22D5A021F}.Release|x64.Build.0 = Release|x64
		{CE76C35F-F25C-419D-BA66-48A22D5A021F}.Release|x86.ActiveCfg = Release|x86
		{CE76C35F-F25C-419D-BA66-48A22D5A021F}.Release|x86.Build.0 = Release|x86
		{ED080DDE-A813-4D6F-B66E-E554E9B69D35}.Debug|Any CPU.ActiveCfg = Debug|Any CPU
		{ED080DDE-A813-4D6F-B66E-E554E9B69D35}.Debug|Any CPU.Build.0 = Debug|Any CPU
		{ED080DDE-A813-4D6F-B66E-E554E9B69D35}.Debug|x64.ActiveCfg = Debug|x64
		{ED080DDE-A813-4D6F-B66E-E554E9B69D35}.Debug|x64.Build.0 = Debug|x64
		{ED080DDE-A813-4D6F-B66E-E554E9B69D35}.Debug|x86.ActiveCfg = Debug|x86
		{ED080DDE-A813-4D6F-B66E-E554E9B69D35}.Debug|x86.Build.0 = Debug|x86
		{ED080DDE-A813-4D6F-B66E-E554E9B69D35}.Release|Any CPU.ActiveCfg = Release|Any CPU
		{ED080DDE-A813-4D6F-B66E-E554E9B69D35}.Release|Any CPU.Build.0 = Release|Any CPU
		{ED080DDE-A813-4D6F-B66E-E554E9B69D35}.Release|x64.ActiveCfg = Release|x64
		{ED080DDE-A813-4D6F-B66E-E554E9B69D35}.Release|x64.Build.0 = Release|x64
		{ED080DDE-A813-4D6F-B66E-E554E9B69D35}.Release|x86.ActiveCfg = Release|x86
		{ED080DDE-A813-4D6F-B66E-E554E9B69D35}.Release|x86.Build.0 = Release|x86
		{3F715F22-7D75-4645-9CE6-E8A20CCDACC8}.Debug|Any CPU.ActiveCfg = Debug|Any CPU
		{3F715F22-7D75-4645-9CE6-E8A20CCDACC8}.Debug|Any CPU.Build.0 = Debug|Any CPU
		{3F715F22-7D75-4645-9CE6-E8A20CCDACC8}.Debug|x64.ActiveCfg = Debug|x64
		{3F715F22-7D75-4645-9CE6-E8A20CCDACC8}.Debug|x64.Build.0 = Debug|x64
		{3F715F22-7D75-4645-9CE6-E8A20CCDACC8}.Debug|x86.ActiveCfg = Debug|x86
		{3F715F22-7D75-4645-9CE6-E8A20CCDACC8}.Debug|x86.Build.0 = Debug|x86
		{3F715F22-7D75-4645-9CE6-E8A20CCDACC8}.Release|Any CPU.ActiveCfg = Release|Any CPU
		{3F715F22-7D75-4645-9CE6-E8A20CCDACC8}.Release|Any CPU.Build.0 = Release|Any CPU
		{3F715F22-7D75-4645-9CE6-E8A20CCDACC8}.Release|x64.ActiveCfg = Release|x64
		{3F715F22-7D75-4645-9CE6-E8A20CCDACC8}.Release|x64.Build.0 = Release|x64
		{3F715F22-7D75-4645-9CE6-E8A20CCDACC8}.Release|x86.ActiveCfg = Release|x86
		{3F715F22-7D75-4645-9CE6-E8A20CCDACC8}.Release|x86.Build.0 = Release|x86
		{B25FF844-52D4-4DA4-A34D-FE8E101BD7D7}.Debug|Any CPU.ActiveCfg = Debug|Any CPU
		{B25FF844-52D4-4DA4-A34D-FE8E101BD7D7}.Debug|Any CPU.Build.0 = Debug|Any CPU
		{B25FF844-52D4-4DA4-A34D-FE8E101BD7D7}.Debug|x64.ActiveCfg = Debug|x64
		{B25FF844-52D4-4DA4-A34D-FE8E101BD7D7}.Debug|x64.Build.0 = Debug|x64
		{B25FF844-52D4-4DA4-A34D-FE8E101BD7D7}.Debug|x86.ActiveCfg = Debug|x86
		{B25FF844-52D4-4DA4-A34D-FE8E101BD7D7}.Debug|x86.Build.0 = Debug|x86
		{B25FF844-52D4-4DA4-A34D-FE8E101BD7D7}.Release|Any CPU.ActiveCfg = Release|Any CPU
		{B25FF844-52D4-4DA4-A34D-FE8E101BD7D7}.Release|Any CPU.Build.0 = Release|Any CPU
		{B25FF844-52D4-4DA4-A34D-FE8E101BD7D7}.Release|x64.ActiveCfg = Release|x64
		{B25FF844-52D4-4DA4-A34D-FE8E101BD7D7}.Release|x64.Build.0 = Release|x64
		{B25FF844-52D4-4DA4-A34D-FE8E101BD7D7}.Release|x86.ActiveCfg = Release|x86
		{B25FF844-52D4-4DA4-A34D-FE8E101BD7D7}.Release|x86.Build.0 = Release|x86
		{5D8B2364-F6CF-41E7-89AF-5387CD6D9A5E}.Debug|Any CPU.ActiveCfg = Debug|Any CPU
		{5D8B2364-F6CF-41E7-89AF-5387CD6D9A5E}.Debug|Any CPU.Build.0 = Debug|Any CPU
		{5D8B2364-F6CF-41E7-89AF-5387CD6D9A5E}.Debug|x64.ActiveCfg = Debug|x64
		{5D8B2364-F6CF-41E7-89AF-5387CD6D9A5E}.Debug|x64.Build.0 = Debug|x64
		{5D8B2364-F6CF-41E7-89AF-5387CD6D9A5E}.Debug|x86.ActiveCfg = Debug|x86
		{5D8B2364-F6CF-41E7-89AF-5387CD6D9A5E}.Debug|x86.Build.0 = Debug|x86
		{5D8B2364-F6CF-41E7-89AF-5387CD6D9A5E}.Release|Any CPU.ActiveCfg = Release|Any CPU
		{5D8B2364-F6CF-41E7-89AF-5387CD6D9A5E}.Release|Any CPU.Build.0 = Release|Any CPU
		{5D8B2364-F6CF-41E7-89AF-5387CD6D9A5E}.Release|x64.ActiveCfg = Release|x64
		{5D8B2364-F6CF-41E7-89AF-5387CD6D9A5E}.Release|x64.Build.0 = Release|x64
		{5D8B2364-F6CF-41E7-89AF-5387CD6D9A5E}.Release|x86.ActiveCfg = Release|x86
		{5D8B2364-F6CF-41E7-89AF-5387CD6D9A5E}.Release|x86.Build.0 = Release|x86
		{FBF5A2A7-419E-4EAE-B8E3-82516EBAD4D9}.Debug|Any CPU.ActiveCfg = Debug|Any CPU
		{FBF5A2A7-419E-4EAE-B8E3-82516EBAD4D9}.Debug|Any CPU.Build.0 = Debug|Any CPU
		{FBF5A2A7-419E-4EAE-B8E3-82516EBAD4D9}.Debug|x64.ActiveCfg = Debug|x64
		{FBF5A2A7-419E-4EAE-B8E3-82516EBAD4D9}.Debug|x64.Build.0 = Debug|x64
		{FBF5A2A7-419E-4EAE-B8E3-82516EBAD4D9}.Debug|x86.ActiveCfg = Debug|x86
		{FBF5A2A7-419E-4EAE-B8E3-82516EBAD4D9}.Debug|x86.Build.0 = Debug|x86
		{FBF5A2A7-419E-4EAE-B8E3-82516EBAD4D9}.Release|Any CPU.ActiveCfg = Release|Any CPU
		{FBF5A2A7-419E-4EAE-B8E3-82516EBAD4D9}.Release|Any CPU.Build.0 = Release|Any CPU
		{FBF5A2A7-419E-4EAE-B8E3-82516EBAD4D9}.Release|x64.ActiveCfg = Release|x64
		{FBF5A2A7-419E-4EAE-B8E3-82516EBAD4D9}.Release|x64.Build.0 = Release|x64
		{FBF5A2A7-419E-4EAE-B8E3-82516EBAD4D9}.Release|x86.ActiveCfg = Release|x86
		{FBF5A2A7-419E-4EAE-B8E3-82516EBAD4D9}.Release|x86.Build.0 = Release|x86
		{DB986518-EA5E-49DD-B42F-E447D6405050}.Debug|Any CPU.ActiveCfg = Debug|Any CPU
		{DB986518-EA5E-49DD-B42F-E447D6405050}.Debug|Any CPU.Build.0 = Debug|Any CPU
		{DB986518-EA5E-49DD-B42F-E447D6405050}.Debug|x64.ActiveCfg = Debug|x64
		{DB986518-EA5E-49DD-B42F-E447D6405050}.Debug|x64.Build.0 = Debug|x64
		{DB986518-EA5E-49DD-B42F-E447D6405050}.Debug|x86.ActiveCfg = Debug|x86
		{DB986518-EA5E-49DD-B42F-E447D6405050}.Debug|x86.Build.0 = Debug|x86
		{DB986518-EA5E-49DD-B42F-E447D6405050}.Release|Any CPU.ActiveCfg = Release|Any CPU
		{DB986518-EA5E-49DD-B42F-E447D6405050}.Release|Any CPU.Build.0 = Release|Any CPU
		{DB986518-EA5E-49DD-B42F-E447D6405050}.Release|x64.ActiveCfg = Release|x64
		{DB986518-EA5E-49DD-B42F-E447D6405050}.Release|x64.Build.0 = Release|x64
		{DB986518-EA5E-49DD-B42F-E447D6405050}.Release|x86.ActiveCfg = Release|x86
		{DB986518-EA5E-49DD-B42F-E447D6405050}.Release|x86.Build.0 = Release|x86
		{5267FC45-AB6D-4B26-A333-6F5095D3C71B}.Debug|Any CPU.ActiveCfg = Debug|Any CPU
		{5267FC45-AB6D-4B26-A333-6F5095D3C71B}.Debug|Any CPU.Build.0 = Debug|Any CPU
		{5267FC45-AB6D-4B26-A333-6F5095D3C71B}.Debug|x64.ActiveCfg = Debug|x64
		{5267FC45-AB6D-4B26-A333-6F5095D3C71B}.Debug|x64.Build.0 = Debug|x64
		{5267FC45-AB6D-4B26-A333-6F5095D3C71B}.Debug|x86.ActiveCfg = Debug|x86
		{5267FC45-AB6D-4B26-A333-6F5095D3C71B}.Debug|x86.Build.0 = Debug|x86
		{5267FC45-AB6D-4B26-A333-6F5095D3C71B}.Release|Any CPU.ActiveCfg = Release|Any CPU
		{5267FC45-AB6D-4B26-A333-6F5095D3C71B}.Release|Any CPU.Build.0 = Release|Any CPU
		{5267FC45-AB6D-4B26-A333-6F5095D3C71B}.Release|x64.ActiveCfg = Release|x64
		{5267FC45-AB6D-4B26-A333-6F5095D3C71B}.Release|x64.Build.0 = Release|x64
		{5267FC45-AB6D-4B26-A333-6F5095D3C71B}.Release|x86.ActiveCfg = Release|x86
		{5267FC45-AB6D-4B26-A333-6F5095D3C71B}.Release|x86.Build.0 = Release|x86
		{82D593BE-6B21-48EE-A469-E5354E6F1879}.Debug|Any CPU.ActiveCfg = Debug|Any CPU
		{82D593BE-6B21-48EE-A469-E5354E6F1879}.Debug|Any CPU.Build.0 = Debug|Any CPU
		{82D593BE-6B21-48EE-A469-E5354E6F1879}.Debug|x64.ActiveCfg = Debug|x64
		{82D593BE-6B21-48EE-A469-E5354E6F1879}.Debug|x64.Build.0 = Debug|x64
		{82D593BE-6B21-48EE-A469-E5354E6F1879}.Debug|x86.ActiveCfg = Debug|x86
		{82D593BE-6B21-48EE-A469-E5354E6F1879}.Debug|x86.Build.0 = Debug|x86
		{82D593BE-6B21-48EE-A469-E5354E6F1879}.Release|Any CPU.ActiveCfg = Release|Any CPU
		{82D593BE-6B21-48EE-A469-E5354E6F1879}.Release|Any CPU.Build.0 = Release|Any CPU
		{82D593BE-6B21-48EE-A469-E5354E6F1879}.Release|x64.ActiveCfg = Release|x64
		{82D593BE-6B21-48EE-A469-E5354E6F1879}.Release|x64.Build.0 = Release|x64
		{82D593BE-6B21-48EE-A469-E5354E6F1879}.Release|x86.ActiveCfg = Release|x86
		{82D593BE-6B21-48EE-A469-E5354E6F1879}.Release|x86.Build.0 = Release|x86
		{740B2CE7-1547-48F4-A30F-8D9A3B81EFB9}.Debug|Any CPU.ActiveCfg = Debug|Any CPU
		{740B2CE7-1547-48F4-A30F-8D9A3B81EFB9}.Debug|Any CPU.Build.0 = Debug|Any CPU
		{740B2CE7-1547-48F4-A30F-8D9A3B81EFB9}.Debug|x64.ActiveCfg = Debug|x64
		{740B2CE7-1547-48F4-A30F-8D9A3B81EFB9}.Debug|x64.Build.0 = Debug|x64
		{740B2CE7-1547-48F4-A30F-8D9A3B81EFB9}.Debug|x86.ActiveCfg = Debug|x86
		{740B2CE7-1547-48F4-A30F-8D9A3B81EFB9}.Debug|x86.Build.0 = Debug|x86
		{740B2CE7-1547-48F4-A30F-8D9A3B81EFB9}.Release|Any CPU.ActiveCfg = Release|Any CPU
		{740B2CE7-1547-48F4-A30F-8D9A3B81EFB9}.Release|Any CPU.Build.0 = Release|Any CPU
		{740B2CE7-1547-48F4-A30F-8D9A3B81EFB9}.Release|x64.ActiveCfg = Release|x64
		{740B2CE7-1547-48F4-A30F-8D9A3B81EFB9}.Release|x64.Build.0 = Release|x64
		{740B2CE7-1547-48F4-A30F-8D9A3B81EFB9}.Release|x86.ActiveCfg = Release|x86
		{740B2CE7-1547-48F4-A30F-8D9A3B81EFB9}.Release|x86.Build.0 = Release|x86
		{D26B9D4D-B45E-4C3E-BFFA-ADAA22F3E609}.Debug|Any CPU.ActiveCfg = Debug|Any CPU
		{D26B9D4D-B45E-4C3E-BFFA-ADAA22F3E609}.Debug|Any CPU.Build.0 = Debug|Any CPU
		{D26B9D4D-B45E-4C3E-BFFA-ADAA22F3E609}.Debug|x64.ActiveCfg = Debug|x64
		{D26B9D4D-B45E-4C3E-BFFA-ADAA22F3E609}.Debug|x64.Build.0 = Debug|x64
		{D26B9D4D-B45E-4C3E-BFFA-ADAA22F3E609}.Debug|x86.ActiveCfg = Debug|x86
		{D26B9D4D-B45E-4C3E-BFFA-ADAA22F3E609}.Debug|x86.Build.0 = Debug|x86
		{D26B9D4D-B45E-4C3E-BFFA-ADAA22F3E609}.Release|Any CPU.ActiveCfg = Release|Any CPU
		{D26B9D4D-B45E-4C3E-BFFA-ADAA22F3E609}.Release|Any CPU.Build.0 = Release|Any CPU
		{D26B9D4D-B45E-4C3E-BFFA-ADAA22F3E609}.Release|x64.ActiveCfg = Release|x64
		{D26B9D4D-B45E-4C3E-BFFA-ADAA22F3E609}.Release|x64.Build.0 = Release|x64
		{D26B9D4D-B45E-4C3E-BFFA-ADAA22F3E609}.Release|x86.ActiveCfg = Release|x86
		{D26B9D4D-B45E-4C3E-BFFA-ADAA22F3E609}.Release|x86.Build.0 = Release|x86
		{640A11D8-C1B8-4C15-9D04-07B5ED990233}.Debug|Any CPU.ActiveCfg = Debug|Any CPU
		{640A11D8-C1B8-4C15-9D04-07B5ED990233}.Debug|Any CPU.Build.0 = Debug|Any CPU
		{640A11D8-C1B8-4C15-9D04-07B5ED990233}.Debug|x64.ActiveCfg = Debug|x64
		{640A11D8-C1B8-4C15-9D04-07B5ED990233}.Debug|x64.Build.0 = Debug|x64
		{640A11D8-C1B8-4C15-9D04-07B5ED990233}.Debug|x86.ActiveCfg = Debug|x86
		{640A11D8-C1B8-4C15-9D04-07B5ED990233}.Debug|x86.Build.0 = Debug|x86
		{640A11D8-C1B8-4C15-9D04-07B5ED990233}.Release|Any CPU.ActiveCfg = Release|Any CPU
		{640A11D8-C1B8-4C15-9D04-07B5ED990233}.Release|Any CPU.Build.0 = Release|Any CPU
		{640A11D8-C1B8-4C15-9D04-07B5ED990233}.Release|x64.ActiveCfg = Release|x64
		{640A11D8-C1B8-4C15-9D04-07B5ED990233}.Release|x64.Build.0 = Release|x64
		{640A11D8-C1B8-4C15-9D04-07B5ED990233}.Release|x86.ActiveCfg = Release|x86
		{640A11D8-C1B8-4C15-9D04-07B5ED990233}.Release|x86.Build.0 = Release|x86
		{B9C9514E-D1E0-445A-9963-41FF041895EB}.Debug|Any CPU.ActiveCfg = Debug|Any CPU
		{B9C9514E-D1E0-445A-9963-41FF041895EB}.Debug|Any CPU.Build.0 = Debug|Any CPU
		{B9C9514E-D1E0-445A-9963-41FF041895EB}.Debug|x64.ActiveCfg = Debug|x64
		{B9C9514E-D1E0-445A-9963-41FF041895EB}.Debug|x64.Build.0 = Debug|x64
		{B9C9514E-D1E0-445A-9963-41FF041895EB}.Debug|x86.ActiveCfg = Debug|x86
		{B9C9514E-D1E0-445A-9963-41FF041895EB}.Debug|x86.Build.0 = Debug|x86
		{B9C9514E-D1E0-445A-9963-41FF041895EB}.Release|Any CPU.ActiveCfg = Release|Any CPU
		{B9C9514E-D1E0-445A-9963-41FF041895EB}.Release|Any CPU.Build.0 = Release|Any CPU
		{B9C9514E-D1E0-445A-9963-41FF041895EB}.Release|x64.ActiveCfg = Release|x64
		{B9C9514E-D1E0-445A-9963-41FF041895EB}.Release|x64.Build.0 = Release|x64
		{B9C9514E-D1E0-445A-9963-41FF041895EB}.Release|x86.ActiveCfg = Release|x86
		{B9C9514E-D1E0-445A-9963-41FF041895EB}.Release|x86.Build.0 = Release|x86
		{B937E916-B168-4BF2-92D3-C3F7C19DCCC9}.Debug|Any CPU.ActiveCfg = Debug|Any CPU
		{B937E916-B168-4BF2-92D3-C3F7C19DCCC9}.Debug|Any CPU.Build.0 = Debug|Any CPU
		{B937E916-B168-4BF2-92D3-C3F7C19DCCC9}.Debug|x64.ActiveCfg = Debug|x64
		{B937E916-B168-4BF2-92D3-C3F7C19DCCC9}.Debug|x64.Build.0 = Debug|x64
		{B937E916-B168-4BF2-92D3-C3F7C19DCCC9}.Debug|x86.ActiveCfg = Debug|x86
		{B937E916-B168-4BF2-92D3-C3F7C19DCCC9}.Debug|x86.Build.0 = Debug|x86
		{B937E916-B168-4BF2-92D3-C3F7C19DCCC9}.Release|Any CPU.ActiveCfg = Release|Any CPU
		{B937E916-B168-4BF2-92D3-C3F7C19DCCC9}.Release|Any CPU.Build.0 = Release|Any CPU
		{B937E916-B168-4BF2-92D3-C3F7C19DCCC9}.Release|x64.ActiveCfg = Release|x64
		{B937E916-B168-4BF2-92D3-C3F7C19DCCC9}.Release|x64.Build.0 = Release|x64
		{B937E916-B168-4BF2-92D3-C3F7C19DCCC9}.Release|x86.ActiveCfg = Release|x86
		{B937E916-B168-4BF2-92D3-C3F7C19DCCC9}.Release|x86.Build.0 = Release|x86
		{EE3C497C-AD7C-414A-A899-E7CCC817746C}.Debug|Any CPU.ActiveCfg = Debug|Any CPU
		{EE3C497C-AD7C-414A-A899-E7CCC817746C}.Debug|Any CPU.Build.0 = Debug|Any CPU
		{EE3C497C-AD7C-414A-A899-E7CCC817746C}.Debug|x64.ActiveCfg = Debug|x64
		{EE3C497C-AD7C-414A-A899-E7CCC817746C}.Debug|x64.Build.0 = Debug|x64
		{EE3C497C-AD7C-414A-A899-E7CCC817746C}.Debug|x86.ActiveCfg = Debug|x86
		{EE3C497C-AD7C-414A-A899-E7CCC817746C}.Debug|x86.Build.0 = Debug|x86
		{EE3C497C-AD7C-414A-A899-E7CCC817746C}.Release|Any CPU.ActiveCfg = Release|Any CPU
		{EE3C497C-AD7C-414A-A899-E7CCC817746C}.Release|Any CPU.Build.0 = Release|Any CPU
		{EE3C497C-AD7C-414A-A899-E7CCC817746C}.Release|x64.ActiveCfg = Release|x64
		{EE3C497C-AD7C-414A-A899-E7CCC817746C}.Release|x64.Build.0 = Release|x64
		{EE3C497C-AD7C-414A-A899-E7CCC817746C}.Release|x86.ActiveCfg = Release|x86
		{EE3C497C-AD7C-414A-A899-E7CCC817746C}.Release|x86.Build.0 = Release|x86
		{35CC0AD8-A753-4780-B471-C90275C75FAD}.Debug|Any CPU.ActiveCfg = Debug|Any CPU
		{35CC0AD8-A753-4780-B471-C90275C75FAD}.Debug|Any CPU.Build.0 = Debug|Any CPU
		{35CC0AD8-A753-4780-B471-C90275C75FAD}.Debug|x64.ActiveCfg = Debug|x64
		{35CC0AD8-A753-4780-B471-C90275C75FAD}.Debug|x64.Build.0 = Debug|x64
		{35CC0AD8-A753-4780-B471-C90275C75FAD}.Debug|x86.ActiveCfg = Debug|x86
		{35CC0AD8-A753-4780-B471-C90275C75FAD}.Debug|x86.Build.0 = Debug|x86
		{35CC0AD8-A753-4780-B471-C90275C75FAD}.Release|Any CPU.ActiveCfg = Release|Any CPU
		{35CC0AD8-A753-4780-B471-C90275C75FAD}.Release|Any CPU.Build.0 = Release|Any CPU
		{35CC0AD8-A753-4780-B471-C90275C75FAD}.Release|x64.ActiveCfg = Release|x64
		{35CC0AD8-A753-4780-B471-C90275C75FAD}.Release|x64.Build.0 = Release|x64
		{35CC0AD8-A753-4780-B471-C90275C75FAD}.Release|x86.ActiveCfg = Release|x86
		{35CC0AD8-A753-4780-B471-C90275C75FAD}.Release|x86.Build.0 = Release|x86
		{159499A3-FADA-4744-AE3D-8C52FCCFD86B}.Debug|Any CPU.ActiveCfg = Debug|Any CPU
		{159499A3-FADA-4744-AE3D-8C52FCCFD86B}.Debug|Any CPU.Build.0 = Debug|Any CPU
		{159499A3-FADA-4744-AE3D-8C52FCCFD86B}.Debug|x64.ActiveCfg = Debug|x64
		{159499A3-FADA-4744-AE3D-8C52FCCFD86B}.Debug|x64.Build.0 = Debug|x64
		{159499A3-FADA-4744-AE3D-8C52FCCFD86B}.Debug|x86.ActiveCfg = Debug|x86
		{159499A3-FADA-4744-AE3D-8C52FCCFD86B}.Debug|x86.Build.0 = Debug|x86
		{159499A3-FADA-4744-AE3D-8C52FCCFD86B}.Release|Any CPU.ActiveCfg = Release|Any CPU
		{159499A3-FADA-4744-AE3D-8C52FCCFD86B}.Release|Any CPU.Build.0 = Release|Any CPU
		{159499A3-FADA-4744-AE3D-8C52FCCFD86B}.Release|x64.ActiveCfg = Release|x64
		{159499A3-FADA-4744-AE3D-8C52FCCFD86B}.Release|x64.Build.0 = Release|x64
		{159499A3-FADA-4744-AE3D-8C52FCCFD86B}.Release|x86.ActiveCfg = Release|x86
		{159499A3-FADA-4744-AE3D-8C52FCCFD86B}.Release|x86.Build.0 = Release|x86
		{C1548E80-CBFB-40BF-971E-11036E870F4B}.Debug|Any CPU.ActiveCfg = Debug|Any CPU
		{C1548E80-CBFB-40BF-971E-11036E870F4B}.Debug|Any CPU.Build.0 = Debug|Any CPU
		{C1548E80-CBFB-40BF-971E-11036E870F4B}.Debug|x64.ActiveCfg = Debug|x64
		{C1548E80-CBFB-40BF-971E-11036E870F4B}.Debug|x64.Build.0 = Debug|x64
		{C1548E80-CBFB-40BF-971E-11036E870F4B}.Debug|x86.ActiveCfg = Debug|x86
		{C1548E80-CBFB-40BF-971E-11036E870F4B}.Debug|x86.Build.0 = Debug|x86
		{C1548E80-CBFB-40BF-971E-11036E870F4B}.Release|Any CPU.ActiveCfg = Release|Any CPU
		{C1548E80-CBFB-40BF-971E-11036E870F4B}.Release|Any CPU.Build.0 = Release|Any CPU
		{C1548E80-CBFB-40BF-971E-11036E870F4B}.Release|x64.ActiveCfg = Release|x64
		{C1548E80-CBFB-40BF-971E-11036E870F4B}.Release|x64.Build.0 = Release|x64
		{C1548E80-CBFB-40BF-971E-11036E870F4B}.Release|x86.ActiveCfg = Release|x86
		{C1548E80-CBFB-40BF-971E-11036E870F4B}.Release|x86.Build.0 = Release|x86
		{3C575CA5-4CAB-4CEB-B563-89EAFCF677A6}.Debug|Any CPU.ActiveCfg = Debug|Any CPU
		{3C575CA5-4CAB-4CEB-B563-89EAFCF677A6}.Debug|Any CPU.Build.0 = Debug|Any CPU
		{3C575CA5-4CAB-4CEB-B563-89EAFCF677A6}.Debug|x64.ActiveCfg = Debug|x64
		{3C575CA5-4CAB-4CEB-B563-89EAFCF677A6}.Debug|x64.Build.0 = Debug|x64
		{3C575CA5-4CAB-4CEB-B563-89EAFCF677A6}.Debug|x86.ActiveCfg = Debug|x86
		{3C575CA5-4CAB-4CEB-B563-89EAFCF677A6}.Debug|x86.Build.0 = Debug|x86
		{3C575CA5-4CAB-4CEB-B563-89EAFCF677A6}.Release|Any CPU.ActiveCfg = Release|Any CPU
		{3C575CA5-4CAB-4CEB-B563-89EAFCF677A6}.Release|Any CPU.Build.0 = Release|Any CPU
		{3C575CA5-4CAB-4CEB-B563-89EAFCF677A6}.Release|x64.ActiveCfg = Release|x64
		{3C575CA5-4CAB-4CEB-B563-89EAFCF677A6}.Release|x64.Build.0 = Release|x64
		{3C575CA5-4CAB-4CEB-B563-89EAFCF677A6}.Release|x86.ActiveCfg = Release|x86
		{3C575CA5-4CAB-4CEB-B563-89EAFCF677A6}.Release|x86.Build.0 = Release|x86
		{1AFB8C80-0177-485B-88FB-D324EE5FAA35}.Debug|Any CPU.ActiveCfg = Debug|Any CPU
		{1AFB8C80-0177-485B-88FB-D324EE5FAA35}.Debug|Any CPU.Build.0 = Debug|Any CPU
		{1AFB8C80-0177-485B-88FB-D324EE5FAA35}.Debug|x64.ActiveCfg = Debug|x64
		{1AFB8C80-0177-485B-88FB-D324EE5FAA35}.Debug|x64.Build.0 = Debug|x64
		{1AFB8C80-0177-485B-88FB-D324EE5FAA35}.Debug|x86.ActiveCfg = Debug|x86
		{1AFB8C80-0177-485B-88FB-D324EE5FAA35}.Debug|x86.Build.0 = Debug|x86
		{1AFB8C80-0177-485B-88FB-D324EE5FAA35}.Release|Any CPU.ActiveCfg = Release|Any CPU
		{1AFB8C80-0177-485B-88FB-D324EE5FAA35}.Release|Any CPU.Build.0 = Release|Any CPU
		{1AFB8C80-0177-485B-88FB-D324EE5FAA35}.Release|x64.ActiveCfg = Release|x64
		{1AFB8C80-0177-485B-88FB-D324EE5FAA35}.Release|x64.Build.0 = Release|x64
		{1AFB8C80-0177-485B-88FB-D324EE5FAA35}.Release|x86.ActiveCfg = Release|x86
		{1AFB8C80-0177-485B-88FB-D324EE5FAA35}.Release|x86.Build.0 = Release|x86
		{18F013DF-EC55-45F0-95A5-6DAFDE206CAD}.Debug|Any CPU.ActiveCfg = Debug|Any CPU
		{18F013DF-EC55-45F0-95A5-6DAFDE206CAD}.Debug|Any CPU.Build.0 = Debug|Any CPU
		{18F013DF-EC55-45F0-95A5-6DAFDE206CAD}.Debug|x64.ActiveCfg = Debug|x64
		{18F013DF-EC55-45F0-95A5-6DAFDE206CAD}.Debug|x64.Build.0 = Debug|x64
		{18F013DF-EC55-45F0-95A5-6DAFDE206CAD}.Debug|x86.ActiveCfg = Debug|x86
		{18F013DF-EC55-45F0-95A5-6DAFDE206CAD}.Debug|x86.Build.0 = Debug|x86
		{18F013DF-EC55-45F0-95A5-6DAFDE206CAD}.Release|Any CPU.ActiveCfg = Release|Any CPU
		{18F013DF-EC55-45F0-95A5-6DAFDE206CAD}.Release|Any CPU.Build.0 = Release|Any CPU
		{18F013DF-EC55-45F0-95A5-6DAFDE206CAD}.Release|x64.ActiveCfg = Release|x64
		{18F013DF-EC55-45F0-95A5-6DAFDE206CAD}.Release|x64.Build.0 = Release|x64
		{18F013DF-EC55-45F0-95A5-6DAFDE206CAD}.Release|x86.ActiveCfg = Release|x86
		{18F013DF-EC55-45F0-95A5-6DAFDE206CAD}.Release|x86.Build.0 = Release|x86
		{865CAA42-CEB1-417B-AE5B-880EEEC2916C}.Debug|Any CPU.ActiveCfg = Debug|Any CPU
		{865CAA42-CEB1-417B-AE5B-880EEEC2916C}.Debug|Any CPU.Build.0 = Debug|Any CPU
		{865CAA42-CEB1-417B-AE5B-880EEEC2916C}.Debug|x64.ActiveCfg = Debug|x64
		{865CAA42-CEB1-417B-AE5B-880EEEC2916C}.Debug|x64.Build.0 = Debug|x64
		{865CAA42-CEB1-417B-AE5B-880EEEC2916C}.Debug|x86.ActiveCfg = Debug|x86
		{865CAA42-CEB1-417B-AE5B-880EEEC2916C}.Debug|x86.Build.0 = Debug|x86
		{865CAA42-CEB1-417B-AE5B-880EEEC2916C}.Release|Any CPU.ActiveCfg = Release|Any CPU
		{865CAA42-CEB1-417B-AE5B-880EEEC2916C}.Release|Any CPU.Build.0 = Release|Any CPU
		{865CAA42-CEB1-417B-AE5B-880EEEC2916C}.Release|x64.ActiveCfg = Release|x64
		{865CAA42-CEB1-417B-AE5B-880EEEC2916C}.Release|x64.Build.0 = Release|x64
		{865CAA42-CEB1-417B-AE5B-880EEEC2916C}.Release|x86.ActiveCfg = Release|x86
		{865CAA42-CEB1-417B-AE5B-880EEEC2916C}.Release|x86.Build.0 = Release|x86
		{11D76EA4-92A7-4BC3-ADB5-55DD580892AF}.Debug|Any CPU.ActiveCfg = Debug|Any CPU
		{11D76EA4-92A7-4BC3-ADB5-55DD580892AF}.Debug|Any CPU.Build.0 = Debug|Any CPU
		{11D76EA4-92A7-4BC3-ADB5-55DD580892AF}.Debug|x64.ActiveCfg = Debug|x64
		{11D76EA4-92A7-4BC3-ADB5-55DD580892AF}.Debug|x64.Build.0 = Debug|x64
		{11D76EA4-92A7-4BC3-ADB5-55DD580892AF}.Debug|x86.ActiveCfg = Debug|x86
		{11D76EA4-92A7-4BC3-ADB5-55DD580892AF}.Debug|x86.Build.0 = Debug|x86
		{11D76EA4-92A7-4BC3-ADB5-55DD580892AF}.Release|Any CPU.ActiveCfg = Release|Any CPU
		{11D76EA4-92A7-4BC3-ADB5-55DD580892AF}.Release|Any CPU.Build.0 = Release|Any CPU
		{11D76EA4-92A7-4BC3-ADB5-55DD580892AF}.Release|x64.ActiveCfg = Release|x64
		{11D76EA4-92A7-4BC3-ADB5-55DD580892AF}.Release|x64.Build.0 = Release|x64
		{11D76EA4-92A7-4BC3-ADB5-55DD580892AF}.Release|x86.ActiveCfg = Release|x86
		{11D76EA4-92A7-4BC3-ADB5-55DD580892AF}.Release|x86.Build.0 = Release|x86
		{DD3D9E44-DF7E-4B4C-91DC-6DB3A530877B}.Debug|Any CPU.ActiveCfg = Debug|Any CPU
		{DD3D9E44-DF7E-4B4C-91DC-6DB3A530877B}.Debug|Any CPU.Build.0 = Debug|Any CPU
		{DD3D9E44-DF7E-4B4C-91DC-6DB3A530877B}.Debug|x64.ActiveCfg = Debug|x64
		{DD3D9E44-DF7E-4B4C-91DC-6DB3A530877B}.Debug|x64.Build.0 = Debug|x64
		{DD3D9E44-DF7E-4B4C-91DC-6DB3A530877B}.Debug|x86.ActiveCfg = Debug|x86
		{DD3D9E44-DF7E-4B4C-91DC-6DB3A530877B}.Debug|x86.Build.0 = Debug|x86
		{DD3D9E44-DF7E-4B4C-91DC-6DB3A530877B}.Release|Any CPU.ActiveCfg = Release|Any CPU
		{DD3D9E44-DF7E-4B4C-91DC-6DB3A530877B}.Release|Any CPU.Build.0 = Release|Any CPU
		{DD3D9E44-DF7E-4B4C-91DC-6DB3A530877B}.Release|x64.ActiveCfg = Release|x64
		{DD3D9E44-DF7E-4B4C-91DC-6DB3A530877B}.Release|x64.Build.0 = Release|x64
		{DD3D9E44-DF7E-4B4C-91DC-6DB3A530877B}.Release|x86.ActiveCfg = Release|x86
		{DD3D9E44-DF7E-4B4C-91DC-6DB3A530877B}.Release|x86.Build.0 = Release|x86
		{8A127CF7-403A-4E56-A20B-CD9E12305533}.Debug|Any CPU.ActiveCfg = Debug|Any CPU
		{8A127CF7-403A-4E56-A20B-CD9E12305533}.Debug|Any CPU.Build.0 = Debug|Any CPU
		{8A127CF7-403A-4E56-A20B-CD9E12305533}.Debug|x64.ActiveCfg = Debug|x64
		{8A127CF7-403A-4E56-A20B-CD9E12305533}.Debug|x64.Build.0 = Debug|x64
		{8A127CF7-403A-4E56-A20B-CD9E12305533}.Debug|x86.ActiveCfg = Debug|x86
		{8A127CF7-403A-4E56-A20B-CD9E12305533}.Debug|x86.Build.0 = Debug|x86
		{8A127CF7-403A-4E56-A20B-CD9E12305533}.Release|Any CPU.ActiveCfg = Release|Any CPU
		{8A127CF7-403A-4E56-A20B-CD9E12305533}.Release|Any CPU.Build.0 = Release|Any CPU
		{8A127CF7-403A-4E56-A20B-CD9E12305533}.Release|x64.ActiveCfg = Release|x64
		{8A127CF7-403A-4E56-A20B-CD9E12305533}.Release|x64.Build.0 = Release|x64
		{8A127CF7-403A-4E56-A20B-CD9E12305533}.Release|x86.ActiveCfg = Release|x86
		{8A127CF7-403A-4E56-A20B-CD9E12305533}.Release|x86.Build.0 = Release|x86
		{B1665E74-A99D-4565-BAE1-756A9A760749}.Debug|Any CPU.ActiveCfg = Debug|Any CPU
		{B1665E74-A99D-4565-BAE1-756A9A760749}.Debug|Any CPU.Build.0 = Debug|Any CPU
		{B1665E74-A99D-4565-BAE1-756A9A760749}.Debug|x64.ActiveCfg = Debug|x64
		{B1665E74-A99D-4565-BAE1-756A9A760749}.Debug|x64.Build.0 = Debug|x64
		{B1665E74-A99D-4565-BAE1-756A9A760749}.Debug|x86.ActiveCfg = Debug|x86
		{B1665E74-A99D-4565-BAE1-756A9A760749}.Debug|x86.Build.0 = Debug|x86
		{B1665E74-A99D-4565-BAE1-756A9A760749}.Release|Any CPU.ActiveCfg = Release|Any CPU
		{B1665E74-A99D-4565-BAE1-756A9A760749}.Release|Any CPU.Build.0 = Release|Any CPU
		{B1665E74-A99D-4565-BAE1-756A9A760749}.Release|x64.ActiveCfg = Release|x64
		{B1665E74-A99D-4565-BAE1-756A9A760749}.Release|x64.Build.0 = Release|x64
		{B1665E74-A99D-4565-BAE1-756A9A760749}.Release|x86.ActiveCfg = Release|x86
		{B1665E74-A99D-4565-BAE1-756A9A760749}.Release|x86.Build.0 = Release|x86
		{0BF9B316-2502-47B4-9DB4-CEB90F3D22CD}.Debug|Any CPU.ActiveCfg = Debug|Any CPU
		{0BF9B316-2502-47B4-9DB4-CEB90F3D22CD}.Debug|Any CPU.Build.0 = Debug|Any CPU
		{0BF9B316-2502-47B4-9DB4-CEB90F3D22CD}.Debug|x64.ActiveCfg = Debug|x64
		{0BF9B316-2502-47B4-9DB4-CEB90F3D22CD}.Debug|x64.Build.0 = Debug|x64
		{0BF9B316-2502-47B4-9DB4-CEB90F3D22CD}.Debug|x86.ActiveCfg = Debug|x86
		{0BF9B316-2502-47B4-9DB4-CEB90F3D22CD}.Debug|x86.Build.0 = Debug|x86
		{0BF9B316-2502-47B4-9DB4-CEB90F3D22CD}.Release|Any CPU.ActiveCfg = Release|Any CPU
		{0BF9B316-2502-47B4-9DB4-CEB90F3D22CD}.Release|Any CPU.Build.0 = Release|Any CPU
		{0BF9B316-2502-47B4-9DB4-CEB90F3D22CD}.Release|x64.ActiveCfg = Release|x64
		{0BF9B316-2502-47B4-9DB4-CEB90F3D22CD}.Release|x64.Build.0 = Release|x64
		{0BF9B316-2502-47B4-9DB4-CEB90F3D22CD}.Release|x86.ActiveCfg = Release|x86
		{0BF9B316-2502-47B4-9DB4-CEB90F3D22CD}.Release|x86.Build.0 = Release|x86
		{16018075-B94B-49F1-91D0-1C8C54446F7A}.Debug|Any CPU.ActiveCfg = Debug|Any CPU
		{16018075-B94B-49F1-91D0-1C8C54446F7A}.Debug|Any CPU.Build.0 = Debug|Any CPU
		{16018075-B94B-49F1-91D0-1C8C54446F7A}.Debug|x64.ActiveCfg = Debug|x64
		{16018075-B94B-49F1-91D0-1C8C54446F7A}.Debug|x64.Build.0 = Debug|x64
		{16018075-B94B-49F1-91D0-1C8C54446F7A}.Debug|x86.ActiveCfg = Debug|x86
		{16018075-B94B-49F1-91D0-1C8C54446F7A}.Debug|x86.Build.0 = Debug|x86
		{16018075-B94B-49F1-91D0-1C8C54446F7A}.Release|Any CPU.ActiveCfg = Release|Any CPU
		{16018075-B94B-49F1-91D0-1C8C54446F7A}.Release|Any CPU.Build.0 = Release|Any CPU
		{16018075-B94B-49F1-91D0-1C8C54446F7A}.Release|x64.ActiveCfg = Release|x64
		{16018075-B94B-49F1-91D0-1C8C54446F7A}.Release|x64.Build.0 = Release|x64
		{16018075-B94B-49F1-91D0-1C8C54446F7A}.Release|x86.ActiveCfg = Release|x86
		{16018075-B94B-49F1-91D0-1C8C54446F7A}.Release|x86.Build.0 = Release|x86
		{5E0D3E88-3905-485F-B4D3-575BEE50ED01}.Debug|Any CPU.ActiveCfg = Debug|Any CPU
		{5E0D3E88-3905-485F-B4D3-575BEE50ED01}.Debug|Any CPU.Build.0 = Debug|Any CPU
		{5E0D3E88-3905-485F-B4D3-575BEE50ED01}.Debug|x64.ActiveCfg = Debug|x64
		{5E0D3E88-3905-485F-B4D3-575BEE50ED01}.Debug|x64.Build.0 = Debug|x64
		{5E0D3E88-3905-485F-B4D3-575BEE50ED01}.Debug|x86.ActiveCfg = Debug|x86
		{5E0D3E88-3905-485F-B4D3-575BEE50ED01}.Debug|x86.Build.0 = Debug|x86
		{5E0D3E88-3905-485F-B4D3-575BEE50ED01}.Release|Any CPU.ActiveCfg = Release|Any CPU
		{5E0D3E88-3905-485F-B4D3-575BEE50ED01}.Release|Any CPU.Build.0 = Release|Any CPU
		{5E0D3E88-3905-485F-B4D3-575BEE50ED01}.Release|x64.ActiveCfg = Release|x64
		{5E0D3E88-3905-485F-B4D3-575BEE50ED01}.Release|x64.Build.0 = Release|x64
		{5E0D3E88-3905-485F-B4D3-575BEE50ED01}.Release|x86.ActiveCfg = Release|x86
		{5E0D3E88-3905-485F-B4D3-575BEE50ED01}.Release|x86.Build.0 = Release|x86
	EndGlobalSection
	GlobalSection(SolutionProperties) = preSolution
		HideSolutionNode = FALSE
	EndGlobalSection
EndGlobal
