
Microsoft Visual Studio Solution File, Format Version 12.00
# Visual Studio 2012
Project("{FAE04EC0-301F-11D3-BF4B-00C04F79EFBC}") = "Smartrac.SmartCosmos.SampleClient.Console", "Smartrac.SmartCosmos.SampleClient.Console.csproj", "{D9FE3842-E69A-426A-94BF-52DF66364FF4}"
EndProject
Project("{FAE04EC0-301F-11D3-BF4B-00C04F79EFBC}") = "Smartrac.SmartCosmos.ClientEndpoint.Base", "..\..\Libraries\Smartrac.SmartCosmos.ClientEndpoint.Base\Smartrac.SmartCosmos.ClientEndpoint.Base.csproj", "{F0E26F53-5847-42D0-B16F-2DBD1952E452}"
EndProject
Project("{FAE04EC0-301F-11D3-BF4B-00C04F79EFBC}") = "Smartrac.SmartCosmos.ClientEndpoint.BaseObject", "..\..\Libraries\Smartrac.SmartCosmos.ClientEndpoint.BaseObject\Smartrac.SmartCosmos.ClientEndpoint.BaseObject.csproj", "{28E0FA25-18DA-4C11-83CD-92A36DDD060B}"
	ProjectSection(ProjectDependencies) = postProject
		{FC09830C-0F35-4FC3-85BF-0B43FCB91F06} = {FC09830C-0F35-4FC3-85BF-0B43FCB91F06}
		{73BA0972-769B-4B84-9A21-9CF545A14A03} = {73BA0972-769B-4B84-9A21-9CF545A14A03}
	EndProjectSection
EndProject
Project("{FAE04EC0-301F-11D3-BF4B-00C04F79EFBC}") = "Smartrac.Logging.Console", "..\..\Libraries\Smartrac.Logging.Console\Smartrac.Logging.Console.csproj", "{F50C4ADC-6A33-4644-B608-2B2584BF15CE}"
EndProject
Project("{FAE04EC0-301F-11D3-BF4B-00C04F79EFBC}") = "Smartrac.Logging.File", "..\..\Libraries\Smartrac.Logging.File\Smartrac.Logging.File.csproj", "{C342D48D-A37D-486C-9B63-6333600445B2}"
EndProject
Project("{FAE04EC0-301F-11D3-BF4B-00C04F79EFBC}") = "Smartrac.Logging", "..\..\Libraries\Smartrac.Logging\Smartrac.Logging.csproj", "{73BA0972-769B-4B84-9A21-9CF545A14A03}"
EndProject
Project("{FAE04EC0-301F-11D3-BF4B-00C04F79EFBC}") = "Smartrac.Base", "..\..\Libraries\Smartrac.Base\Smartrac.Base.csproj", "{FC09830C-0F35-4FC3-85BF-0B43FCB91F06}"
EndProject
Project("{FAE04EC0-301F-11D3-BF4B-00C04F79EFBC}") = "Smartrac.SmartCosmos.ClientEndpoint.Factory", "..\..\Libraries\Smartrac.SmartCosmos.ClientEndpoint.Factory\Smartrac.SmartCosmos.ClientEndpoint.Factory.csproj", "{692630BD-502B-4A8A-BB36-84B322D0276F}"
EndProject
Project("{FAE04EC0-301F-11D3-BF4B-00C04F79EFBC}") = "Smartrac.SmartCosmos.Profiles.Base", "..\..\Libraries\Smartrac.SmartCosmos.Profiles.Base\Smartrac.SmartCosmos.Profiles.Base.csproj", "{E7C0B1ED-7957-4D97-BF2C-65381A436E7C}"
EndProject
Project("{FAE04EC0-301F-11D3-BF4B-00C04F79EFBC}") = "Smartrac.SmartCosmos.Profiles.DataImport", "..\..\Libraries\Smartrac.SmartCosmos.Profiles.DataImport\Smartrac.SmartCosmos.Profiles.DataImport.csproj", "{0A933DFB-C8E8-403C-9A6D-D152871E366C}"
EndProject
Project("{FAE04EC0-301F-11D3-BF4B-00C04F79EFBC}") = "Smartrac.SmartCosmos.Profiles.PlatformAvailability", "..\..\Libraries\Smartrac.SmartCosmos.Profiles.PlatformAvailability\Smartrac.SmartCosmos.Profiles.PlatformAvailability.csproj", "{5617DFBD-0CCB-4FE8-9871-40C680EAAE26}"
EndProject
Project("{FAE04EC0-301F-11D3-BF4B-00C04F79EFBC}") = "Smartrac.SmartCosmos.Profiles.TagMetadata", "..\..\Libraries\Smartrac.SmartCosmos.Profiles.TagMetadata\Smartrac.SmartCosmos.Profiles.TagMetadata.csproj", "{EF7A70AC-3269-430F-9966-F00C08263AEB}"
EndProject
Project("{FAE04EC0-301F-11D3-BF4B-00C04F79EFBC}") = "Smartrac.SmartCosmos.Profiles.TagVerification", "..\..\Libraries\Smartrac.SmartCosmos.Profiles.TagVerification\Smartrac.SmartCosmos.Profiles.TagVerification.csproj", "{83E86795-1EB5-4135-BF50-6573B1780542}"
EndProject
Project("{FAE04EC0-301F-11D3-BF4B-00C04F79EFBC}") = "Smartrac.SmartCosmos.Objects.File", "..\..\Libraries\Smartrac.SmartCosmos.Objects.File\Smartrac.SmartCosmos.Objects.File.csproj", "{7AA95048-8346-4DAB-94F5-90F898B41824}"
EndProject
Project("{FAE04EC0-301F-11D3-BF4B-00C04F79EFBC}") = "Smartrac.SmartCosmos.Objects.Base", "..\..\Libraries\Smartrac.SmartCosmos.Objects.Base\Smartrac.SmartCosmos.Objects.Base.csproj", "{96F35CDC-1FE4-4D39-AFAD-907466426A72}"
EndProject
Project("{FAE04EC0-301F-11D3-BF4B-00C04F79EFBC}") = "Smartrac.SmartCosmos.Profiles.DataContext.Sample", "..\..\Libraries\Smartrac.SmartCosmos.Profiles.DataContext.Sample\Smartrac.SmartCosmos.Profiles.DataContext.Sample.csproj", "{7FF4702D-5854-4F59-BEE5-BC6F2F3E3EA9}"
EndProject
Project("{FAE04EC0-301F-11D3-BF4B-00C04F79EFBC}") = "Smartrac.SmartCosmos.Profiles.DataContext", "..\..\Libraries\Smartrac.SmartCosmos.Profiles.DataContext\Smartrac.SmartCosmos.Profiles.DataContext.csproj", "{D3A5DB54-FD8F-4C15-8E1D-E0A10C55465C}"
EndProject
Project("{FAE04EC0-301F-11D3-BF4B-00C04F79EFBC}") = "Smartrac.SmartCosmos.Objects.DataContext", "..\..\Libraries\Smartrac.SmartCosmos.Objects.DataContext\Smartrac.SmartCosmos.Objects.DataContext.csproj", "{955046D9-AA9A-462C-9057-8046C61ED701}"
EndProject
Project("{FAE04EC0-301F-11D3-BF4B-00C04F79EFBC}") = "Smartrac.SmartCosmos.Objects.DataContext.Sample", "..\..\Libraries\Smartrac.SmartCosmos.Objects.DataContext.Sample\Smartrac.SmartCosmos.Objects.DataContext.Sample.csproj", "{5BCCF20E-9442-42E6-A4F2-D5DC156190DA}"
EndProject
Project("{FAE04EC0-301F-11D3-BF4B-00C04F79EFBC}") = "Smartrac.SmartCosmos.Objects.Registration", "..\..\Libraries\Smartrac.SmartCosmos.Objects.Registration\Smartrac.SmartCosmos.Objects.Registration.csproj", "{C0345647-E3B3-42F2-8136-F8AC8A03CB08}"
EndProject
Project("{FAE04EC0-301F-11D3-BF4B-00C04F79EFBC}") = "Smartrac.SmartCosmos.Objects.AccountManagement", "..\..\Libraries\Smartrac.SmartCosmos.Objects.AccountManagement\Smartrac.SmartCosmos.Objects.AccountManagement.csproj", "{2C79FC96-B023-465D-9374-77235DF068F4}"
EndProject
Project("{FAE04EC0-301F-11D3-BF4B-00C04F79EFBC}") = "Smartrac.SmartCosmos.Objects.UserManagement", "..\..\Libraries\Smartrac.SmartCosmos.Objects.UserManagement\Smartrac.SmartCosmos.Objects.UserManagement.csproj", "{401EA240-52ED-4A3F-B475-C7EDBDA211FE}"
EndProject
Project("{FAE04EC0-301F-11D3-BF4B-00C04F79EFBC}") = "Smartrac.SmartCosmos.Objects.ObjectManagement", "..\..\Libraries\Smartrac.SmartCosmos.Objects.ObjectManagement\Smartrac.SmartCosmos.Objects.ObjectManagement.csproj", "{E1C1B7B7-5437-4D43-A598-5C4B00FAE58D}"
EndProject
Project("{FAE04EC0-301F-11D3-BF4B-00C04F79EFBC}") = "Smartrac.SmartCosmos.Objects.ObjectInteraction", "..\..\Libraries\Smartrac.SmartCosmos.Objects.ObjectInteraction\Smartrac.SmartCosmos.Objects.ObjectInteraction.csproj", "{308A0D3B-64B2-42B8-B3E0-6308DC07E945}"
EndProject
Project("{FAE04EC0-301F-11D3-BF4B-00C04F79EFBC}") = "Smartrac.SmartCosmos.Objects.RelationshipManagement", "..\..\Libraries\Smartrac.SmartCosmos.Objects.RelationshipManagement\Smartrac.SmartCosmos.Objects.RelationshipManagement.csproj", "{F273DE29-FCFB-4A29-8E56-AF65107D4D84}"
EndProject
Project("{FAE04EC0-301F-11D3-BF4B-00C04F79EFBC}") = "Smartrac.SmartCosmos.DataContextFactory", "..\..\Libraries\Smartrac.SmartCosmos.DataContextFactory\Smartrac.SmartCosmos.DataContextFactory.csproj", "{3CC1BFCA-F7AC-4FF2-B8BF-FEA215F32529}"
EndProject
Project("{FAE04EC0-301F-11D3-BF4B-00C04F79EFBC}") = "Smartrac.SmartCosmos.DataContextFactory.Sample", "..\..\Libraries\Smartrac.SmartCosmos.DataContextFactory.Sample\Smartrac.SmartCosmos.DataContextFactory.Sample.csproj", "{B223794A-8654-4F79-AD3A-EE557A8C6BED}"
EndProject
Project("{FAE04EC0-301F-11D3-BF4B-00C04F79EFBC}") = "Smartrac.SmartCosmos.Objects.GeospatialManagement", "..\..\Libraries\Smartrac.SmartCosmos.Objects.GeospatialManagement\Smartrac.SmartCosmos.Objects.GeospatialManagement.csproj", "{9B5244A9-A358-4AEE-B92A-FA7B2A2A6694}"
EndProject
Project("{FAE04EC0-301F-11D3-BF4B-00C04F79EFBC}") = "Smartrac.SmartCosmos.TestCase.Base", "..\..\Libraries\Smartrac.SmartCosmos.TestCase.Base\Smartrac.SmartCosmos.TestCase.Base.csproj", "{27FD25E4-0E9E-45A1-A568-FBA5F0F8742F}"
EndProject
Project("{FAE04EC0-301F-11D3-BF4B-00C04F79EFBC}") = "Smartrac.SmartCosmos.TestCase.Runner", "..\..\Libraries\Smartrac.SmartCosmos.TestCase.Runner\Smartrac.SmartCosmos.TestCase.Runner.csproj", "{C4693A6F-9B1F-4AA1-944D-18429695555D}"
EndProject
Project("{FAE04EC0-301F-11D3-BF4B-00C04F79EFBC}") = "Smartrac.SmartCosmos.Objects.HashTag", "..\..\Libraries\Smartrac.SmartCosmos.Objects.HashTag\Smartrac.SmartCosmos.Objects.HashTag.csproj", "{CE76C35F-F25C-419D-BA66-48A22D5A021F}"
EndProject
Project("{FAE04EC0-301F-11D3-BF4B-00C04F79EFBC}") = "Smartrac.SmartCosmos.Objects.ObjectInteractionSession", "..\..\Libraries\Smartrac.SmartCosmos.Objects.ObjectInteractionSession\Smartrac.SmartCosmos.Objects.ObjectInteractionSession.csproj", "{ED080DDE-A813-4D6F-B66E-E554E9B69D35}"
EndProject
Project("{FAE04EC0-301F-11D3-BF4B-00C04F79EFBC}") = "Smartrac.SmartCosmos.Objects.Metadata", "..\..\Libraries\Smartrac.SmartCosmos.Objects.Metadata\Smartrac.SmartCosmos.Objects.Metadata.csproj", "{3F715F22-7D75-4645-9CE6-E8A20CCDACC8}"
EndProject
Global
	GlobalSection(SolutionConfigurationPlatforms) = preSolution
		Debug|Any CPU = Debug|Any CPU
		Debug|x64 = Debug|x64
		Debug|x86 = Debug|x86
		Release|Any CPU = Release|Any CPU
		Release|x64 = Release|x64
		Release|x86 = Release|x86
	EndGlobalSection
	GlobalSection(ProjectConfigurationPlatforms) = postSolution
		{D9FE3842-E69A-426A-94BF-52DF66364FF4}.Debug|Any CPU.ActiveCfg = Debug|Any CPU
		{D9FE3842-E69A-426A-94BF-52DF66364FF4}.Debug|Any CPU.Build.0 = Debug|Any CPU
		{D9FE3842-E69A-426A-94BF-52DF66364FF4}.Debug|x64.ActiveCfg = Debug|x64
		{D9FE3842-E69A-426A-94BF-52DF66364FF4}.Debug|x64.Build.0 = Debug|x64
		{D9FE3842-E69A-426A-94BF-52DF66364FF4}.Debug|x86.ActiveCfg = Debug|x86
		{D9FE3842-E69A-426A-94BF-52DF66364FF4}.Debug|x86.Build.0 = Debug|x86
		{D9FE3842-E69A-426A-94BF-52DF66364FF4}.Release|Any CPU.ActiveCfg = Release|Any CPU
		{D9FE3842-E69A-426A-94BF-52DF66364FF4}.Release|Any CPU.Build.0 = Release|Any CPU
		{D9FE3842-E69A-426A-94BF-52DF66364FF4}.Release|x64.ActiveCfg = Release|x64
		{D9FE3842-E69A-426A-94BF-52DF66364FF4}.Release|x64.Build.0 = Release|x64
		{D9FE3842-E69A-426A-94BF-52DF66364FF4}.Release|x86.ActiveCfg = Release|x86
		{D9FE3842-E69A-426A-94BF-52DF66364FF4}.Release|x86.Build.0 = Release|x86
		{F0E26F53-5847-42D0-B16F-2DBD1952E452}.Debug|Any CPU.ActiveCfg = Debug|Any CPU
		{F0E26F53-5847-42D0-B16F-2DBD1952E452}.Debug|Any CPU.Build.0 = Debug|Any CPU
		{F0E26F53-5847-42D0-B16F-2DBD1952E452}.Debug|x64.ActiveCfg = Debug|x64
		{F0E26F53-5847-42D0-B16F-2DBD1952E452}.Debug|x64.Build.0 = Debug|x64
		{F0E26F53-5847-42D0-B16F-2DBD1952E452}.Debug|x86.ActiveCfg = Debug|x86
		{F0E26F53-5847-42D0-B16F-2DBD1952E452}.Debug|x86.Build.0 = Debug|x86
		{F0E26F53-5847-42D0-B16F-2DBD1952E452}.Release|Any CPU.ActiveCfg = Release|Any CPU
		{F0E26F53-5847-42D0-B16F-2DBD1952E452}.Release|Any CPU.Build.0 = Release|Any CPU
		{F0E26F53-5847-42D0-B16F-2DBD1952E452}.Release|x64.ActiveCfg = Release|x64
		{F0E26F53-5847-42D0-B16F-2DBD1952E452}.Release|x64.Build.0 = Release|x64
		{F0E26F53-5847-42D0-B16F-2DBD1952E452}.Release|x86.ActiveCfg = Release|x86
		{F0E26F53-5847-42D0-B16F-2DBD1952E452}.Release|x86.Build.0 = Release|x86
		{28E0FA25-18DA-4C11-83CD-92A36DDD060B}.Debug|Any CPU.ActiveCfg = Debug|Any CPU
		{28E0FA25-18DA-4C11-83CD-92A36DDD060B}.Debug|Any CPU.Build.0 = Debug|Any CPU
		{28E0FA25-18DA-4C11-83CD-92A36DDD060B}.Debug|x64.ActiveCfg = Debug|x64
		{28E0FA25-18DA-4C11-83CD-92A36DDD060B}.Debug|x64.Build.0 = Debug|x64
		{28E0FA25-18DA-4C11-83CD-92A36DDD060B}.Debug|x86.ActiveCfg = Debug|x86
		{28E0FA25-18DA-4C11-83CD-92A36DDD060B}.Debug|x86.Build.0 = Debug|x86
		{28E0FA25-18DA-4C11-83CD-92A36DDD060B}.Release|Any CPU.ActiveCfg = Release|Any CPU
		{28E0FA25-18DA-4C11-83CD-92A36DDD060B}.Release|Any CPU.Build.0 = Release|Any CPU
		{28E0FA25-18DA-4C11-83CD-92A36DDD060B}.Release|x64.ActiveCfg = Release|x64
		{28E0FA25-18DA-4C11-83CD-92A36DDD060B}.Release|x64.Build.0 = Release|x64
		{28E0FA25-18DA-4C11-83CD-92A36DDD060B}.Release|x86.ActiveCfg = Release|x86
		{28E0FA25-18DA-4C11-83CD-92A36DDD060B}.Release|x86.Build.0 = Release|x86
		{F50C4ADC-6A33-4644-B608-2B2584BF15CE}.Debug|Any CPU.ActiveCfg = Debug|Any CPU
		{F50C4ADC-6A33-4644-B608-2B2584BF15CE}.Debug|Any CPU.Build.0 = Debug|Any CPU
		{F50C4ADC-6A33-4644-B608-2B2584BF15CE}.Debug|x64.ActiveCfg = Debug|x64
		{F50C4ADC-6A33-4644-B608-2B2584BF15CE}.Debug|x64.Build.0 = Debug|x64
		{F50C4ADC-6A33-4644-B608-2B2584BF15CE}.Debug|x86.ActiveCfg = Debug|x86
		{F50C4ADC-6A33-4644-B608-2B2584BF15CE}.Debug|x86.Build.0 = Debug|x86
		{F50C4ADC-6A33-4644-B608-2B2584BF15CE}.Release|Any CPU.ActiveCfg = Release|Any CPU
		{F50C4ADC-6A33-4644-B608-2B2584BF15CE}.Release|Any CPU.Build.0 = Release|Any CPU
		{F50C4ADC-6A33-4644-B608-2B2584BF15CE}.Release|x64.ActiveCfg = Release|x64
		{F50C4ADC-6A33-4644-B608-2B2584BF15CE}.Release|x64.Build.0 = Release|x64
		{F50C4ADC-6A33-4644-B608-2B2584BF15CE}.Release|x86.ActiveCfg = Release|x86
		{F50C4ADC-6A33-4644-B608-2B2584BF15CE}.Release|x86.Build.0 = Release|x86
		{C342D48D-A37D-486C-9B63-6333600445B2}.Debug|Any CPU.ActiveCfg = Debug|Any CPU
		{C342D48D-A37D-486C-9B63-6333600445B2}.Debug|Any CPU.Build.0 = Debug|Any CPU
		{C342D48D-A37D-486C-9B63-6333600445B2}.Debug|x64.ActiveCfg = Debug|x64
		{C342D48D-A37D-486C-9B63-6333600445B2}.Debug|x64.Build.0 = Debug|x64
		{C342D48D-A37D-486C-9B63-6333600445B2}.Debug|x86.ActiveCfg = Debug|x86
		{C342D48D-A37D-486C-9B63-6333600445B2}.Debug|x86.Build.0 = Debug|x86
		{C342D48D-A37D-486C-9B63-6333600445B2}.Release|Any CPU.ActiveCfg = Release|Any CPU
		{C342D48D-A37D-486C-9B63-6333600445B2}.Release|Any CPU.Build.0 = Release|Any CPU
		{C342D48D-A37D-486C-9B63-6333600445B2}.Release|x64.ActiveCfg = Release|x64
		{C342D48D-A37D-486C-9B63-6333600445B2}.Release|x64.Build.0 = Release|x64
		{C342D48D-A37D-486C-9B63-6333600445B2}.Release|x86.ActiveCfg = Release|x86
		{C342D48D-A37D-486C-9B63-6333600445B2}.Release|x86.Build.0 = Release|x86
		{73BA0972-769B-4B84-9A21-9CF545A14A03}.Debug|Any CPU.ActiveCfg = Debug|Any CPU
		{73BA0972-769B-4B84-9A21-9CF545A14A03}.Debug|Any CPU.Build.0 = Debug|Any CPU
		{73BA0972-769B-4B84-9A21-9CF545A14A03}.Debug|x64.ActiveCfg = Debug|x64
		{73BA0972-769B-4B84-9A21-9CF545A14A03}.Debug|x64.Build.0 = Debug|x64
		{73BA0972-769B-4B84-9A21-9CF545A14A03}.Debug|x86.ActiveCfg = Debug|x86
		{73BA0972-769B-4B84-9A21-9CF545A14A03}.Debug|x86.Build.0 = Debug|x86
		{73BA0972-769B-4B84-9A21-9CF545A14A03}.Release|Any CPU.ActiveCfg = Release|Any CPU
		{73BA0972-769B-4B84-9A21-9CF545A14A03}.Release|Any CPU.Build.0 = Release|Any CPU
		{73BA0972-769B-4B84-9A21-9CF545A14A03}.Release|x64.ActiveCfg = Release|x64
		{73BA0972-769B-4B84-9A21-9CF545A14A03}.Release|x64.Build.0 = Release|x64
		{73BA0972-769B-4B84-9A21-9CF545A14A03}.Release|x86.ActiveCfg = Release|x86
		{73BA0972-769B-4B84-9A21-9CF545A14A03}.Release|x86.Build.0 = Release|x86
		{FC09830C-0F35-4FC3-85BF-0B43FCB91F06}.Debug|Any CPU.ActiveCfg = Debug|Any CPU
		{FC09830C-0F35-4FC3-85BF-0B43FCB91F06}.Debug|Any CPU.Build.0 = Debug|Any CPU
		{FC09830C-0F35-4FC3-85BF-0B43FCB91F06}.Debug|x64.ActiveCfg = Debug|x64
		{FC09830C-0F35-4FC3-85BF-0B43FCB91F06}.Debug|x64.Build.0 = Debug|x64
		{FC09830C-0F35-4FC3-85BF-0B43FCB91F06}.Debug|x86.ActiveCfg = Debug|x86
		{FC09830C-0F35-4FC3-85BF-0B43FCB91F06}.Debug|x86.Build.0 = Debug|x86
		{FC09830C-0F35-4FC3-85BF-0B43FCB91F06}.Release|Any CPU.ActiveCfg = Release|Any CPU
		{FC09830C-0F35-4FC3-85BF-0B43FCB91F06}.Release|Any CPU.Build.0 = Release|Any CPU
		{FC09830C-0F35-4FC3-85BF-0B43FCB91F06}.Release|x64.ActiveCfg = Release|x64
		{FC09830C-0F35-4FC3-85BF-0B43FCB91F06}.Release|x64.Build.0 = Release|x64
		{FC09830C-0F35-4FC3-85BF-0B43FCB91F06}.Release|x86.ActiveCfg = Release|x86
		{FC09830C-0F35-4FC3-85BF-0B43FCB91F06}.Release|x86.Build.0 = Release|x86
		{692630BD-502B-4A8A-BB36-84B322D0276F}.Debug|Any CPU.ActiveCfg = Debug|Any CPU
		{692630BD-502B-4A8A-BB36-84B322D0276F}.Debug|Any CPU.Build.0 = Debug|Any CPU
		{692630BD-502B-4A8A-BB36-84B322D0276F}.Debug|x64.ActiveCfg = Debug|x64
		{692630BD-502B-4A8A-BB36-84B322D0276F}.Debug|x64.Build.0 = Debug|x64
		{692630BD-502B-4A8A-BB36-84B322D0276F}.Debug|x86.ActiveCfg = Debug|x86
		{692630BD-502B-4A8A-BB36-84B322D0276F}.Debug|x86.Build.0 = Debug|x86
		{692630BD-502B-4A8A-BB36-84B322D0276F}.Release|Any CPU.ActiveCfg = Release|Any CPU
		{692630BD-502B-4A8A-BB36-84B322D0276F}.Release|Any CPU.Build.0 = Release|Any CPU
		{692630BD-502B-4A8A-BB36-84B322D0276F}.Release|x64.ActiveCfg = Release|x64
		{692630BD-502B-4A8A-BB36-84B322D0276F}.Release|x64.Build.0 = Release|x64
		{692630BD-502B-4A8A-BB36-84B322D0276F}.Release|x86.ActiveCfg = Release|x86
		{692630BD-502B-4A8A-BB36-84B322D0276F}.Release|x86.Build.0 = Release|x86
		{E7C0B1ED-7957-4D97-BF2C-65381A436E7C}.Debug|Any CPU.ActiveCfg = Debug|Any CPU
		{E7C0B1ED-7957-4D97-BF2C-65381A436E7C}.Debug|Any CPU.Build.0 = Debug|Any CPU
		{E7C0B1ED-7957-4D97-BF2C-65381A436E7C}.Debug|x64.ActiveCfg = Debug|x64
		{E7C0B1ED-7957-4D97-BF2C-65381A436E7C}.Debug|x64.Build.0 = Debug|x64
		{E7C0B1ED-7957-4D97-BF2C-65381A436E7C}.Debug|x86.ActiveCfg = Debug|x86
		{E7C0B1ED-7957-4D97-BF2C-65381A436E7C}.Debug|x86.Build.0 = Debug|x86
		{E7C0B1ED-7957-4D97-BF2C-65381A436E7C}.Release|Any CPU.ActiveCfg = Release|Any CPU
		{E7C0B1ED-7957-4D97-BF2C-65381A436E7C}.Release|Any CPU.Build.0 = Release|Any CPU
		{E7C0B1ED-7957-4D97-BF2C-65381A436E7C}.Release|x64.ActiveCfg = Release|x64
		{E7C0B1ED-7957-4D97-BF2C-65381A436E7C}.Release|x64.Build.0 = Release|x64
		{E7C0B1ED-7957-4D97-BF2C-65381A436E7C}.Release|x86.ActiveCfg = Release|x86
		{E7C0B1ED-7957-4D97-BF2C-65381A436E7C}.Release|x86.Build.0 = Release|x86
		{0A933DFB-C8E8-403C-9A6D-D152871E366C}.Debug|Any CPU.ActiveCfg = Debug|Any CPU
		{0A933DFB-C8E8-403C-9A6D-D152871E366C}.Debug|Any CPU.Build.0 = Debug|Any CPU
		{0A933DFB-C8E8-403C-9A6D-D152871E366C}.Debug|x64.ActiveCfg = Debug|x64
		{0A933DFB-C8E8-403C-9A6D-D152871E366C}.Debug|x64.Build.0 = Debug|x64
		{0A933DFB-C8E8-403C-9A6D-D152871E366C}.Debug|x86.ActiveCfg = Debug|x86
		{0A933DFB-C8E8-403C-9A6D-D152871E366C}.Debug|x86.Build.0 = Debug|x86
		{0A933DFB-C8E8-403C-9A6D-D152871E366C}.Release|Any CPU.ActiveCfg = Release|Any CPU
		{0A933DFB-C8E8-403C-9A6D-D152871E366C}.Release|Any CPU.Build.0 = Release|Any CPU
		{0A933DFB-C8E8-403C-9A6D-D152871E366C}.Release|x64.ActiveCfg = Release|x64
		{0A933DFB-C8E8-403C-9A6D-D152871E366C}.Release|x64.Build.0 = Release|x64
		{0A933DFB-C8E8-403C-9A6D-D152871E366C}.Release|x86.ActiveCfg = Release|x86
		{0A933DFB-C8E8-403C-9A6D-D152871E366C}.Release|x86.Build.0 = Release|x86
		{5617DFBD-0CCB-4FE8-9871-40C680EAAE26}.Debug|Any CPU.ActiveCfg = Debug|Any CPU
		{5617DFBD-0CCB-4FE8-9871-40C680EAAE26}.Debug|Any CPU.Build.0 = Debug|Any CPU
		{5617DFBD-0CCB-4FE8-9871-40C680EAAE26}.Debug|x64.ActiveCfg = Debug|x64
		{5617DFBD-0CCB-4FE8-9871-40C680EAAE26}.Debug|x64.Build.0 = Debug|x64
		{5617DFBD-0CCB-4FE8-9871-40C680EAAE26}.Debug|x86.ActiveCfg = Debug|x86
		{5617DFBD-0CCB-4FE8-9871-40C680EAAE26}.Debug|x86.Build.0 = Debug|x86
		{5617DFBD-0CCB-4FE8-9871-40C680EAAE26}.Release|Any CPU.ActiveCfg = Release|Any CPU
		{5617DFBD-0CCB-4FE8-9871-40C680EAAE26}.Release|Any CPU.Build.0 = Release|Any CPU
		{5617DFBD-0CCB-4FE8-9871-40C680EAAE26}.Release|x64.ActiveCfg = Release|x64
		{5617DFBD-0CCB-4FE8-9871-40C680EAAE26}.Release|x64.Build.0 = Release|x64
		{5617DFBD-0CCB-4FE8-9871-40C680EAAE26}.Release|x86.ActiveCfg = Release|x86
		{5617DFBD-0CCB-4FE8-9871-40C680EAAE26}.Release|x86.Build.0 = Release|x86
		{EF7A70AC-3269-430F-9966-F00C08263AEB}.Debug|Any CPU.ActiveCfg = Debug|Any CPU
		{EF7A70AC-3269-430F-9966-F00C08263AEB}.Debug|Any CPU.Build.0 = Debug|Any CPU
		{EF7A70AC-3269-430F-9966-F00C08263AEB}.Debug|x64.ActiveCfg = Debug|x64
		{EF7A70AC-3269-430F-9966-F00C08263AEB}.Debug|x64.Build.0 = Debug|x64
		{EF7A70AC-3269-430F-9966-F00C08263AEB}.Debug|x86.ActiveCfg = Debug|x86
		{EF7A70AC-3269-430F-9966-F00C08263AEB}.Debug|x86.Build.0 = Debug|x86
		{EF7A70AC-3269-430F-9966-F00C08263AEB}.Release|Any CPU.ActiveCfg = Release|Any CPU
		{EF7A70AC-3269-430F-9966-F00C08263AEB}.Release|Any CPU.Build.0 = Release|Any CPU
		{EF7A70AC-3269-430F-9966-F00C08263AEB}.Release|x64.ActiveCfg = Release|x64
		{EF7A70AC-3269-430F-9966-F00C08263AEB}.Release|x64.Build.0 = Release|x64
		{EF7A70AC-3269-430F-9966-F00C08263AEB}.Release|x86.ActiveCfg = Release|x86
		{EF7A70AC-3269-430F-9966-F00C08263AEB}.Release|x86.Build.0 = Release|x86
		{83E86795-1EB5-4135-BF50-6573B1780542}.Debug|Any CPU.ActiveCfg = Debug|Any CPU
		{83E86795-1EB5-4135-BF50-6573B1780542}.Debug|Any CPU.Build.0 = Debug|Any CPU
		{83E86795-1EB5-4135-BF50-6573B1780542}.Debug|x64.ActiveCfg = Debug|x64
		{83E86795-1EB5-4135-BF50-6573B1780542}.Debug|x64.Build.0 = Debug|x64
		{83E86795-1EB5-4135-BF50-6573B1780542}.Debug|x86.ActiveCfg = Debug|x86
		{83E86795-1EB5-4135-BF50-6573B1780542}.Debug|x86.Build.0 = Debug|x86
		{83E86795-1EB5-4135-BF50-6573B1780542}.Release|Any CPU.ActiveCfg = Release|Any CPU
		{83E86795-1EB5-4135-BF50-6573B1780542}.Release|Any CPU.Build.0 = Release|Any CPU
		{83E86795-1EB5-4135-BF50-6573B1780542}.Release|x64.ActiveCfg = Release|x64
		{83E86795-1EB5-4135-BF50-6573B1780542}.Release|x64.Build.0 = Release|x64
		{83E86795-1EB5-4135-BF50-6573B1780542}.Release|x86.ActiveCfg = Release|x86
		{83E86795-1EB5-4135-BF50-6573B1780542}.Release|x86.Build.0 = Release|x86
		{7AA95048-8346-4DAB-94F5-90F898B41824}.Debug|Any CPU.ActiveCfg = Debug|Any CPU
		{7AA95048-8346-4DAB-94F5-90F898B41824}.Debug|Any CPU.Build.0 = Debug|Any CPU
		{7AA95048-8346-4DAB-94F5-90F898B41824}.Debug|x64.ActiveCfg = Debug|x64
		{7AA95048-8346-4DAB-94F5-90F898B41824}.Debug|x64.Build.0 = Debug|x64
		{7AA95048-8346-4DAB-94F5-90F898B41824}.Debug|x86.ActiveCfg = Debug|x86
		{7AA95048-8346-4DAB-94F5-90F898B41824}.Debug|x86.Build.0 = Debug|x86
		{7AA95048-8346-4DAB-94F5-90F898B41824}.Release|Any CPU.ActiveCfg = Release|Any CPU
		{7AA95048-8346-4DAB-94F5-90F898B41824}.Release|Any CPU.Build.0 = Release|Any CPU
		{7AA95048-8346-4DAB-94F5-90F898B41824}.Release|x64.ActiveCfg = Release|x64
		{7AA95048-8346-4DAB-94F5-90F898B41824}.Release|x64.Build.0 = Release|x64
		{7AA95048-8346-4DAB-94F5-90F898B41824}.Release|x86.ActiveCfg = Release|x86
		{7AA95048-8346-4DAB-94F5-90F898B41824}.Release|x86.Build.0 = Release|x86
		{96F35CDC-1FE4-4D39-AFAD-907466426A72}.Debug|Any CPU.ActiveCfg = Debug|Any CPU
		{96F35CDC-1FE4-4D39-AFAD-907466426A72}.Debug|Any CPU.Build.0 = Debug|Any CPU
		{96F35CDC-1FE4-4D39-AFAD-907466426A72}.Debug|x64.ActiveCfg = Debug|x64
		{96F35CDC-1FE4-4D39-AFAD-907466426A72}.Debug|x64.Build.0 = Debug|x64
		{96F35CDC-1FE4-4D39-AFAD-907466426A72}.Debug|x86.ActiveCfg = Debug|x86
		{96F35CDC-1FE4-4D39-AFAD-907466426A72}.Debug|x86.Build.0 = Debug|x86
		{96F35CDC-1FE4-4D39-AFAD-907466426A72}.Release|Any CPU.ActiveCfg = Release|Any CPU
		{96F35CDC-1FE4-4D39-AFAD-907466426A72}.Release|Any CPU.Build.0 = Release|Any CPU
		{96F35CDC-1FE4-4D39-AFAD-907466426A72}.Release|x64.ActiveCfg = Release|x64
		{96F35CDC-1FE4-4D39-AFAD-907466426A72}.Release|x64.Build.0 = Release|x64
		{96F35CDC-1FE4-4D39-AFAD-907466426A72}.Release|x86.ActiveCfg = Release|x86
		{96F35CDC-1FE4-4D39-AFAD-907466426A72}.Release|x86.Build.0 = Release|x86
		{7FF4702D-5854-4F59-BEE5-BC6F2F3E3EA9}.Debug|Any CPU.ActiveCfg = Debug|Any CPU
		{7FF4702D-5854-4F59-BEE5-BC6F2F3E3EA9}.Debug|Any CPU.Build.0 = Debug|Any CPU
		{7FF4702D-5854-4F59-BEE5-BC6F2F3E3EA9}.Debug|x64.ActiveCfg = Debug|x64
		{7FF4702D-5854-4F59-BEE5-BC6F2F3E3EA9}.Debug|x64.Build.0 = Debug|x64
		{7FF4702D-5854-4F59-BEE5-BC6F2F3E3EA9}.Debug|x86.ActiveCfg = Debug|x86
		{7FF4702D-5854-4F59-BEE5-BC6F2F3E3EA9}.Debug|x86.Build.0 = Debug|x86
		{7FF4702D-5854-4F59-BEE5-BC6F2F3E3EA9}.Release|Any CPU.ActiveCfg = Release|Any CPU
		{7FF4702D-5854-4F59-BEE5-BC6F2F3E3EA9}.Release|Any CPU.Build.0 = Release|Any CPU
		{7FF4702D-5854-4F59-BEE5-BC6F2F3E3EA9}.Release|x64.ActiveCfg = Release|x64
		{7FF4702D-5854-4F59-BEE5-BC6F2F3E3EA9}.Release|x64.Build.0 = Release|x64
		{7FF4702D-5854-4F59-BEE5-BC6F2F3E3EA9}.Release|x86.ActiveCfg = Release|x86
		{7FF4702D-5854-4F59-BEE5-BC6F2F3E3EA9}.Release|x86.Build.0 = Release|x86
		{D3A5DB54-FD8F-4C15-8E1D-E0A10C55465C}.Debug|Any CPU.ActiveCfg = Debug|Any CPU
		{D3A5DB54-FD8F-4C15-8E1D-E0A10C55465C}.Debug|Any CPU.Build.0 = Debug|Any CPU
		{D3A5DB54-FD8F-4C15-8E1D-E0A10C55465C}.Debug|x64.ActiveCfg = Debug|x64
		{D3A5DB54-FD8F-4C15-8E1D-E0A10C55465C}.Debug|x64.Build.0 = Debug|x64
		{D3A5DB54-FD8F-4C15-8E1D-E0A10C55465C}.Debug|x86.ActiveCfg = Debug|x86
		{D3A5DB54-FD8F-4C15-8E1D-E0A10C55465C}.Debug|x86.Build.0 = Debug|x86
		{D3A5DB54-FD8F-4C15-8E1D-E0A10C55465C}.Release|Any CPU.ActiveCfg = Release|Any CPU
		{D3A5DB54-FD8F-4C15-8E1D-E0A10C55465C}.Release|Any CPU.Build.0 = Release|Any CPU
		{D3A5DB54-FD8F-4C15-8E1D-E0A10C55465C}.Release|x64.ActiveCfg = Release|x64
		{D3A5DB54-FD8F-4C15-8E1D-E0A10C55465C}.Release|x64.Build.0 = Release|x64
		{D3A5DB54-FD8F-4C15-8E1D-E0A10C55465C}.Release|x86.ActiveCfg = Release|x86
		{D3A5DB54-FD8F-4C15-8E1D-E0A10C55465C}.Release|x86.Build.0 = Release|x86
		{955046D9-AA9A-462C-9057-8046C61ED701}.Debug|Any CPU.ActiveCfg = Debug|Any CPU
		{955046D9-AA9A-462C-9057-8046C61ED701}.Debug|Any CPU.Build.0 = Debug|Any CPU
		{955046D9-AA9A-462C-9057-8046C61ED701}.Debug|x64.ActiveCfg = Debug|x64
		{955046D9-AA9A-462C-9057-8046C61ED701}.Debug|x64.Build.0 = Debug|x64
		{955046D9-AA9A-462C-9057-8046C61ED701}.Debug|x86.ActiveCfg = Debug|x86
		{955046D9-AA9A-462C-9057-8046C61ED701}.Debug|x86.Build.0 = Debug|x86
		{955046D9-AA9A-462C-9057-8046C61ED701}.Release|Any CPU.ActiveCfg = Release|Any CPU
		{955046D9-AA9A-462C-9057-8046C61ED701}.Release|Any CPU.Build.0 = Release|Any CPU
		{955046D9-AA9A-462C-9057-8046C61ED701}.Release|x64.ActiveCfg = Release|x64
		{955046D9-AA9A-462C-9057-8046C61ED701}.Release|x64.Build.0 = Release|x64
		{955046D9-AA9A-462C-9057-8046C61ED701}.Release|x86.ActiveCfg = Release|x86
		{955046D9-AA9A-462C-9057-8046C61ED701}.Release|x86.Build.0 = Release|x86
		{5BCCF20E-9442-42E6-A4F2-D5DC156190DA}.Debug|Any CPU.ActiveCfg = Debug|Any CPU
		{5BCCF20E-9442-42E6-A4F2-D5DC156190DA}.Debug|Any CPU.Build.0 = Debug|Any CPU
		{5BCCF20E-9442-42E6-A4F2-D5DC156190DA}.Debug|x64.ActiveCfg = Debug|x64
		{5BCCF20E-9442-42E6-A4F2-D5DC156190DA}.Debug|x64.Build.0 = Debug|x64
		{5BCCF20E-9442-42E6-A4F2-D5DC156190DA}.Debug|x86.ActiveCfg = Debug|x86
		{5BCCF20E-9442-42E6-A4F2-D5DC156190DA}.Debug|x86.Build.0 = Debug|x86
		{5BCCF20E-9442-42E6-A4F2-D5DC156190DA}.Release|Any CPU.ActiveCfg = Release|Any CPU
		{5BCCF20E-9442-42E6-A4F2-D5DC156190DA}.Release|Any CPU.Build.0 = Release|Any CPU
		{5BCCF20E-9442-42E6-A4F2-D5DC156190DA}.Release|x64.ActiveCfg = Release|x64
		{5BCCF20E-9442-42E6-A4F2-D5DC156190DA}.Release|x64.Build.0 = Release|x64
		{5BCCF20E-9442-42E6-A4F2-D5DC156190DA}.Release|x86.ActiveCfg = Release|x86
		{5BCCF20E-9442-42E6-A4F2-D5DC156190DA}.Release|x86.Build.0 = Release|x86
		{C0345647-E3B3-42F2-8136-F8AC8A03CB08}.Debug|Any CPU.ActiveCfg = Debug|Any CPU
		{C0345647-E3B3-42F2-8136-F8AC8A03CB08}.Debug|Any CPU.Build.0 = Debug|Any CPU
		{C0345647-E3B3-42F2-8136-F8AC8A03CB08}.Debug|x64.ActiveCfg = Debug|x64
		{C0345647-E3B3-42F2-8136-F8AC8A03CB08}.Debug|x64.Build.0 = Debug|x64
		{C0345647-E3B3-42F2-8136-F8AC8A03CB08}.Debug|x86.ActiveCfg = Debug|x86
		{C0345647-E3B3-42F2-8136-F8AC8A03CB08}.Debug|x86.Build.0 = Debug|x86
		{C0345647-E3B3-42F2-8136-F8AC8A03CB08}.Release|Any CPU.ActiveCfg = Release|Any CPU
		{C0345647-E3B3-42F2-8136-F8AC8A03CB08}.Release|Any CPU.Build.0 = Release|Any CPU
		{C0345647-E3B3-42F2-8136-F8AC8A03CB08}.Release|x64.ActiveCfg = Release|x64
		{C0345647-E3B3-42F2-8136-F8AC8A03CB08}.Release|x64.Build.0 = Release|x64
		{C0345647-E3B3-42F2-8136-F8AC8A03CB08}.Release|x86.ActiveCfg = Release|x86
		{C0345647-E3B3-42F2-8136-F8AC8A03CB08}.Release|x86.Build.0 = Release|x86
		{2C79FC96-B023-465D-9374-77235DF068F4}.Debug|Any CPU.ActiveCfg = Debug|Any CPU
		{2C79FC96-B023-465D-9374-77235DF068F4}.Debug|Any CPU.Build.0 = Debug|Any CPU
		{2C79FC96-B023-465D-9374-77235DF068F4}.Debug|x64.ActiveCfg = Debug|x64
		{2C79FC96-B023-465D-9374-77235DF068F4}.Debug|x64.Build.0 = Debug|x64
		{2C79FC96-B023-465D-9374-77235DF068F4}.Debug|x86.ActiveCfg = Debug|x86
		{2C79FC96-B023-465D-9374-77235DF068F4}.Debug|x86.Build.0 = Debug|x86
		{2C79FC96-B023-465D-9374-77235DF068F4}.Release|Any CPU.ActiveCfg = Release|Any CPU
		{2C79FC96-B023-465D-9374-77235DF068F4}.Release|Any CPU.Build.0 = Release|Any CPU
		{2C79FC96-B023-465D-9374-77235DF068F4}.Release|x64.ActiveCfg = Release|x64
		{2C79FC96-B023-465D-9374-77235DF068F4}.Release|x64.Build.0 = Release|x64
		{2C79FC96-B023-465D-9374-77235DF068F4}.Release|x86.ActiveCfg = Release|x86
		{2C79FC96-B023-465D-9374-77235DF068F4}.Release|x86.Build.0 = Release|x86
		{401EA240-52ED-4A3F-B475-C7EDBDA211FE}.Debug|Any CPU.ActiveCfg = Debug|Any CPU
		{401EA240-52ED-4A3F-B475-C7EDBDA211FE}.Debug|Any CPU.Build.0 = Debug|Any CPU
		{401EA240-52ED-4A3F-B475-C7EDBDA211FE}.Debug|x64.ActiveCfg = Debug|x64
		{401EA240-52ED-4A3F-B475-C7EDBDA211FE}.Debug|x64.Build.0 = Debug|x64
		{401EA240-52ED-4A3F-B475-C7EDBDA211FE}.Debug|x86.ActiveCfg = Debug|x86
		{401EA240-52ED-4A3F-B475-C7EDBDA211FE}.Debug|x86.Build.0 = Debug|x86
		{401EA240-52ED-4A3F-B475-C7EDBDA211FE}.Release|Any CPU.ActiveCfg = Release|Any CPU
		{401EA240-52ED-4A3F-B475-C7EDBDA211FE}.Release|Any CPU.Build.0 = Release|Any CPU
		{401EA240-52ED-4A3F-B475-C7EDBDA211FE}.Release|x64.ActiveCfg = Release|x64
		{401EA240-52ED-4A3F-B475-C7EDBDA211FE}.Release|x64.Build.0 = Release|x64
		{401EA240-52ED-4A3F-B475-C7EDBDA211FE}.Release|x86.ActiveCfg = Release|x86
		{401EA240-52ED-4A3F-B475-C7EDBDA211FE}.Release|x86.Build.0 = Release|x86
		{E1C1B7B7-5437-4D43-A598-5C4B00FAE58D}.Debug|Any CPU.ActiveCfg = Debug|Any CPU
		{E1C1B7B7-5437-4D43-A598-5C4B00FAE58D}.Debug|Any CPU.Build.0 = Debug|Any CPU
		{E1C1B7B7-5437-4D43-A598-5C4B00FAE58D}.Debug|x64.ActiveCfg = Debug|x64
		{E1C1B7B7-5437-4D43-A598-5C4B00FAE58D}.Debug|x64.Build.0 = Debug|x64
		{E1C1B7B7-5437-4D43-A598-5C4B00FAE58D}.Debug|x86.ActiveCfg = Debug|x86
		{E1C1B7B7-5437-4D43-A598-5C4B00FAE58D}.Debug|x86.Build.0 = Debug|x86
		{E1C1B7B7-5437-4D43-A598-5C4B00FAE58D}.Release|Any CPU.ActiveCfg = Release|Any CPU
		{E1C1B7B7-5437-4D43-A598-5C4B00FAE58D}.Release|Any CPU.Build.0 = Release|Any CPU
		{E1C1B7B7-5437-4D43-A598-5C4B00FAE58D}.Release|x64.ActiveCfg = Release|x64
		{E1C1B7B7-5437-4D43-A598-5C4B00FAE58D}.Release|x64.Build.0 = Release|x64
		{E1C1B7B7-5437-4D43-A598-5C4B00FAE58D}.Release|x86.ActiveCfg = Release|x86
		{E1C1B7B7-5437-4D43-A598-5C4B00FAE58D}.Release|x86.Build.0 = Release|x86
		{308A0D3B-64B2-42B8-B3E0-6308DC07E945}.Debug|Any CPU.ActiveCfg = Debug|Any CPU
		{308A0D3B-64B2-42B8-B3E0-6308DC07E945}.Debug|Any CPU.Build.0 = Debug|Any CPU
		{308A0D3B-64B2-42B8-B3E0-6308DC07E945}.Debug|x64.ActiveCfg = Debug|x64
		{308A0D3B-64B2-42B8-B3E0-6308DC07E945}.Debug|x64.Build.0 = Debug|x64
		{308A0D3B-64B2-42B8-B3E0-6308DC07E945}.Debug|x86.ActiveCfg = Debug|x86
		{308A0D3B-64B2-42B8-B3E0-6308DC07E945}.Debug|x86.Build.0 = Debug|x86
		{308A0D3B-64B2-42B8-B3E0-6308DC07E945}.Release|Any CPU.ActiveCfg = Release|Any CPU
		{308A0D3B-64B2-42B8-B3E0-6308DC07E945}.Release|Any CPU.Build.0 = Release|Any CPU
		{308A0D3B-64B2-42B8-B3E0-6308DC07E945}.Release|x64.ActiveCfg = Release|x64
		{308A0D3B-64B2-42B8-B3E0-6308DC07E945}.Release|x64.Build.0 = Release|x64
		{308A0D3B-64B2-42B8-B3E0-6308DC07E945}.Release|x86.ActiveCfg = Release|x86
		{308A0D3B-64B2-42B8-B3E0-6308DC07E945}.Release|x86.Build.0 = Release|x86
		{F273DE29-FCFB-4A29-8E56-AF65107D4D84}.Debug|Any CPU.ActiveCfg = Debug|Any CPU
		{F273DE29-FCFB-4A29-8E56-AF65107D4D84}.Debug|Any CPU.Build.0 = Debug|Any CPU
		{F273DE29-FCFB-4A29-8E56-AF65107D4D84}.Debug|x64.ActiveCfg = Debug|x64
		{F273DE29-FCFB-4A29-8E56-AF65107D4D84}.Debug|x64.Build.0 = Debug|x64
		{F273DE29-FCFB-4A29-8E56-AF65107D4D84}.Debug|x86.ActiveCfg = Debug|x86
		{F273DE29-FCFB-4A29-8E56-AF65107D4D84}.Debug|x86.Build.0 = Debug|x86
		{F273DE29-FCFB-4A29-8E56-AF65107D4D84}.Release|Any CPU.ActiveCfg = Release|Any CPU
		{F273DE29-FCFB-4A29-8E56-AF65107D4D84}.Release|Any CPU.Build.0 = Release|Any CPU
		{F273DE29-FCFB-4A29-8E56-AF65107D4D84}.Release|x64.ActiveCfg = Release|x64
		{F273DE29-FCFB-4A29-8E56-AF65107D4D84}.Release|x64.Build.0 = Release|x64
		{F273DE29-FCFB-4A29-8E56-AF65107D4D84}.Release|x86.ActiveCfg = Release|x86
		{F273DE29-FCFB-4A29-8E56-AF65107D4D84}.Release|x86.Build.0 = Release|x86
		{3CC1BFCA-F7AC-4FF2-B8BF-FEA215F32529}.Debug|Any CPU.ActiveCfg = Debug|Any CPU
		{3CC1BFCA-F7AC-4FF2-B8BF-FEA215F32529}.Debug|Any CPU.Build.0 = Debug|Any CPU
		{3CC1BFCA-F7AC-4FF2-B8BF-FEA215F32529}.Debug|x64.ActiveCfg = Debug|x64
		{3CC1BFCA-F7AC-4FF2-B8BF-FEA215F32529}.Debug|x64.Build.0 = Debug|x64
		{3CC1BFCA-F7AC-4FF2-B8BF-FEA215F32529}.Debug|x86.ActiveCfg = Debug|x86
		{3CC1BFCA-F7AC-4FF2-B8BF-FEA215F32529}.Debug|x86.Build.0 = Debug|x86
		{3CC1BFCA-F7AC-4FF2-B8BF-FEA215F32529}.Release|Any CPU.ActiveCfg = Release|Any CPU
		{3CC1BFCA-F7AC-4FF2-B8BF-FEA215F32529}.Release|Any CPU.Build.0 = Release|Any CPU
		{3CC1BFCA-F7AC-4FF2-B8BF-FEA215F32529}.Release|x64.ActiveCfg = Release|x64
		{3CC1BFCA-F7AC-4FF2-B8BF-FEA215F32529}.Release|x64.Build.0 = Release|x64
		{3CC1BFCA-F7AC-4FF2-B8BF-FEA215F32529}.Release|x86.ActiveCfg = Release|x86
		{3CC1BFCA-F7AC-4FF2-B8BF-FEA215F32529}.Release|x86.Build.0 = Release|x86
		{B223794A-8654-4F79-AD3A-EE557A8C6BED}.Debug|Any CPU.ActiveCfg = Debug|Any CPU
		{B223794A-8654-4F79-AD3A-EE557A8C6BED}.Debug|Any CPU.Build.0 = Debug|Any CPU
		{B223794A-8654-4F79-AD3A-EE557A8C6BED}.Debug|x64.ActiveCfg = Debug|x64
		{B223794A-8654-4F79-AD3A-EE557A8C6BED}.Debug|x64.Build.0 = Debug|x64
		{B223794A-8654-4F79-AD3A-EE557A8C6BED}.Debug|x86.ActiveCfg = Debug|x86
		{B223794A-8654-4F79-AD3A-EE557A8C6BED}.Debug|x86.Build.0 = Debug|x86
		{B223794A-8654-4F79-AD3A-EE557A8C6BED}.Release|Any CPU.ActiveCfg = Release|Any CPU
		{B223794A-8654-4F79-AD3A-EE557A8C6BED}.Release|Any CPU.Build.0 = Release|Any CPU
		{B223794A-8654-4F79-AD3A-EE557A8C6BED}.Release|x64.ActiveCfg = Release|x64
		{B223794A-8654-4F79-AD3A-EE557A8C6BED}.Release|x64.Build.0 = Release|x64
		{B223794A-8654-4F79-AD3A-EE557A8C6BED}.Release|x86.ActiveCfg = Release|x86
		{B223794A-8654-4F79-AD3A-EE557A8C6BED}.Release|x86.Build.0 = Release|x86
		{9B5244A9-A358-4AEE-B92A-FA7B2A2A6694}.Debug|Any CPU.ActiveCfg = Debug|Any CPU
		{9B5244A9-A358-4AEE-B92A-FA7B2A2A6694}.Debug|Any CPU.Build.0 = Debug|Any CPU
		{9B5244A9-A358-4AEE-B92A-FA7B2A2A6694}.Debug|x64.ActiveCfg = Debug|x64
		{9B5244A9-A358-4AEE-B92A-FA7B2A2A6694}.Debug|x64.Build.0 = Debug|x64
		{9B5244A9-A358-4AEE-B92A-FA7B2A2A6694}.Debug|x86.ActiveCfg = Debug|x86
		{9B5244A9-A358-4AEE-B92A-FA7B2A2A6694}.Debug|x86.Build.0 = Debug|x86
		{9B5244A9-A358-4AEE-B92A-FA7B2A2A6694}.Release|Any CPU.ActiveCfg = Release|Any CPU
		{9B5244A9-A358-4AEE-B92A-FA7B2A2A6694}.Release|Any CPU.Build.0 = Release|Any CPU
		{9B5244A9-A358-4AEE-B92A-FA7B2A2A6694}.Release|x64.ActiveCfg = Release|x64
		{9B5244A9-A358-4AEE-B92A-FA7B2A2A6694}.Release|x64.Build.0 = Release|x64
		{9B5244A9-A358-4AEE-B92A-FA7B2A2A6694}.Release|x86.ActiveCfg = Release|x86
		{9B5244A9-A358-4AEE-B92A-FA7B2A2A6694}.Release|x86.Build.0 = Release|x86
		{27FD25E4-0E9E-45A1-A568-FBA5F0F8742F}.Debug|Any CPU.ActiveCfg = Debug|Any CPU
		{27FD25E4-0E9E-45A1-A568-FBA5F0F8742F}.Debug|Any CPU.Build.0 = Debug|Any CPU
		{27FD25E4-0E9E-45A1-A568-FBA5F0F8742F}.Debug|x64.ActiveCfg = Debug|x64
		{27FD25E4-0E9E-45A1-A568-FBA5F0F8742F}.Debug|x64.Build.0 = Debug|x64
		{27FD25E4-0E9E-45A1-A568-FBA5F0F8742F}.Debug|x86.ActiveCfg = Debug|x86
		{27FD25E4-0E9E-45A1-A568-FBA5F0F8742F}.Debug|x86.Build.0 = Debug|x86
		{27FD25E4-0E9E-45A1-A568-FBA5F0F8742F}.Release|Any CPU.ActiveCfg = Release|Any CPU
		{27FD25E4-0E9E-45A1-A568-FBA5F0F8742F}.Release|Any CPU.Build.0 = Release|Any CPU
		{27FD25E4-0E9E-45A1-A568-FBA5F0F8742F}.Release|x64.ActiveCfg = Release|x64
		{27FD25E4-0E9E-45A1-A568-FBA5F0F8742F}.Release|x64.Build.0 = Release|x64
		{27FD25E4-0E9E-45A1-A568-FBA5F0F8742F}.Release|x86.ActiveCfg = Release|x86
		{27FD25E4-0E9E-45A1-A568-FBA5F0F8742F}.Release|x86.Build.0 = Release|x86
		{C4693A6F-9B1F-4AA1-944D-18429695555D}.Debug|Any CPU.ActiveCfg = Debug|Any CPU
		{C4693A6F-9B1F-4AA1-944D-18429695555D}.Debug|Any CPU.Build.0 = Debug|Any CPU
		{C4693A6F-9B1F-4AA1-944D-18429695555D}.Debug|x64.ActiveCfg = Debug|x64
		{C4693A6F-9B1F-4AA1-944D-18429695555D}.Debug|x64.Build.0 = Debug|x64
		{C4693A6F-9B1F-4AA1-944D-18429695555D}.Debug|x86.ActiveCfg = Debug|x86
		{C4693A6F-9B1F-4AA1-944D-18429695555D}.Debug|x86.Build.0 = Debug|x86
		{C4693A6F-9B1F-4AA1-944D-18429695555D}.Release|Any CPU.ActiveCfg = Release|Any CPU
		{C4693A6F-9B1F-4AA1-944D-18429695555D}.Release|Any CPU.Build.0 = Release|Any CPU
		{C4693A6F-9B1F-4AA1-944D-18429695555D}.Release|x64.ActiveCfg = Release|x64
		{C4693A6F-9B1F-4AA1-944D-18429695555D}.Release|x64.Build.0 = Release|x64
		{C4693A6F-9B1F-4AA1-944D-18429695555D}.Release|x86.ActiveCfg = Release|x86
		{C4693A6F-9B1F-4AA1-944D-18429695555D}.Release|x86.Build.0 = Release|x86
		{CE76C35F-F25C-419D-BA66-48A22D5A021F}.Debug|Any CPU.ActiveCfg = Debug|Any CPU
		{CE76C35F-F25C-419D-BA66-48A22D5A021F}.Debug|Any CPU.Build.0 = Debug|Any CPU
		{CE76C35F-F25C-419D-BA66-48A22D5A021F}.Debug|x64.ActiveCfg = Debug|x64
		{CE76C35F-F25C-419D-BA66-48A22D5A021F}.Debug|x64.Build.0 = Debug|x64
		{CE76C35F-F25C-419D-BA66-48A22D5A021F}.Debug|x86.ActiveCfg = Debug|x86
		{CE76C35F-F25C-419D-BA66-48A22D5A021F}.Debug|x86.Build.0 = Debug|x86
		{CE76C35F-F25C-419D-BA66-48A22D5A021F}.Release|Any CPU.ActiveCfg = Release|Any CPU
		{CE76C35F-F25C-419D-BA66-48A22D5A021F}.Release|Any CPU.Build.0 = Release|Any CPU
		{CE76C35F-F25C-419D-BA66-48A22D5A021F}.Release|x64.ActiveCfg = Release|x64
		{CE76C35F-F25C-419D-BA66-48A22D5A021F}.Release|x64.Build.0 = Release|x64
		{CE76C35F-F25C-419D-BA66-48A22D5A021F}.Release|x86.ActiveCfg = Release|x86
		{CE76C35F-F25C-419D-BA66-48A22D5A021F}.Release|x86.Build.0 = Release|x86
		{ED080DDE-A813-4D6F-B66E-E554E9B69D35}.Debug|Any CPU.ActiveCfg = Debug|Any CPU
		{ED080DDE-A813-4D6F-B66E-E554E9B69D35}.Debug|Any CPU.Build.0 = Debug|Any CPU
		{ED080DDE-A813-4D6F-B66E-E554E9B69D35}.Debug|x64.ActiveCfg = Debug|x64
		{ED080DDE-A813-4D6F-B66E-E554E9B69D35}.Debug|x64.Build.0 = Debug|x64
		{ED080DDE-A813-4D6F-B66E-E554E9B69D35}.Debug|x86.ActiveCfg = Debug|x86
		{ED080DDE-A813-4D6F-B66E-E554E9B69D35}.Debug|x86.Build.0 = Debug|x86
		{ED080DDE-A813-4D6F-B66E-E554E9B69D35}.Release|Any CPU.ActiveCfg = Release|Any CPU
		{ED080DDE-A813-4D6F-B66E-E554E9B69D35}.Release|Any CPU.Build.0 = Release|Any CPU
		{ED080DDE-A813-4D6F-B66E-E554E9B69D35}.Release|x64.ActiveCfg = Release|x64
		{ED080DDE-A813-4D6F-B66E-E554E9B69D35}.Release|x64.Build.0 = Release|x64
		{ED080DDE-A813-4D6F-B66E-E554E9B69D35}.Release|x86.ActiveCfg = Release|x86
		{ED080DDE-A813-4D6F-B66E-E554E9B69D35}.Release|x86.Build.0 = Release|x86
		{3F715F22-7D75-4645-9CE6-E8A20CCDACC8}.Debug|Any CPU.ActiveCfg = Debug|Any CPU
		{3F715F22-7D75-4645-9CE6-E8A20CCDACC8}.Debug|Any CPU.Build.0 = Debug|Any CPU
		{3F715F22-7D75-4645-9CE6-E8A20CCDACC8}.Debug|x64.ActiveCfg = Debug|x64
		{3F715F22-7D75-4645-9CE6-E8A20CCDACC8}.Debug|x64.Build.0 = Debug|x64
		{3F715F22-7D75-4645-9CE6-E8A20CCDACC8}.Debug|x86.ActiveCfg = Debug|x86
		{3F715F22-7D75-4645-9CE6-E8A20CCDACC8}.Debug|x86.Build.0 = Debug|x86
		{3F715F22-7D75-4645-9CE6-E8A20CCDACC8}.Release|Any CPU.ActiveCfg = Release|Any CPU
		{3F715F22-7D75-4645-9CE6-E8A20CCDACC8}.Release|Any CPU.Build.0 = Release|Any CPU
		{3F715F22-7D75-4645-9CE6-E8A20CCDACC8}.Release|x64.ActiveCfg = Release|x64
		{3F715F22-7D75-4645-9CE6-E8A20CCDACC8}.Release|x64.Build.0 = Release|x64
		{3F715F22-7D75-4645-9CE6-E8A20CCDACC8}.Release|x86.ActiveCfg = Release|x86
		{3F715F22-7D75-4645-9CE6-E8A20CCDACC8}.Release|x86.Build.0 = Release|x86
	EndGlobalSection
	GlobalSection(SolutionProperties) = preSolution
		HideSolutionNode = FALSE
	EndGlobalSection
EndGlobal
